// !$*UTF8*$!
{
	archiveVersion = 1;
	classes = {
	};
	objectVersion = 56;
	objects = {

/* Begin PBXBuildFile section */
		750F5BF12D9D5AE9007655F3 /* MessageEventTableViewCell.swift in Sources */ = {isa = PBXBuildFile; fileRef = 750F5BEC2D9D5ACF007655F3 /* MessageEventTableViewCell.swift */; };
		751100392CEEA10100DD659C /* UnseenMessagesBadge.swift in Sources */ = {isa = PBXBuildFile; fileRef = 751100382CEEA10100DD659C /* UnseenMessagesBadge.swift */; };
		752514BA2D0CD2FF003330E7 /* Kingfisher in Frameworks */ = {isa = PBXBuildFile; productRef = 752514B92D0CD2FF003330E7 /* Kingfisher */; };
		7525150D2D0EE427003330E7 /* ProfileEditingListCell.swift in Sources */ = {isa = PBXBuildFile; fileRef = 7525150C2D0EE41D003330E7 /* ProfileEditingListCell.swift */; };
		752DE4092D21700A003AC40C /* GroupCreationViewModel.swift in Sources */ = {isa = PBXBuildFile; fileRef = 752DE4082D217003003AC40C /* GroupCreationViewModel.swift */; };
		752DE40D2D218B95003AC40C /* GroupMembersSelectionScreen.swift in Sources */ = {isa = PBXBuildFile; fileRef = 752DE40C2D218B95003AC40C /* GroupMembersSelectionScreen.swift */; };
		752DE4102D219557003AC40C /* UserView.swift in Sources */ = {isa = PBXBuildFile; fileRef = 752DE40F2D219557003AC40C /* UserView.swift */; };
		753185E92C22123300C4F9F4 /* UIButton + extensions.swift in Sources */ = {isa = PBXBuildFile; fileRef = 753185E82C22123300C4F9F4 /* UIButton + extensions.swift */; };
		753186132C26F8B900C4F9F4 /* UITextView+Extensions.swift in Sources */ = {isa = PBXBuildFile; fileRef = 753186122C26F8B900C4F9F4 /* UITextView+Extensions.swift */; };
		7533D9B82B1659210057EBC7 /* PhoneSignInViewController.swift in Sources */ = {isa = PBXBuildFile; fileRef = 7533D9B72B1659210057EBC7 /* PhoneSignInViewController.swift */; };
		7533D9BB2B167ED80057EBC7 /* PhoneSigninViewModel.swift in Sources */ = {isa = PBXBuildFile; fileRef = 7533D9BA2B167ED80057EBC7 /* PhoneSigninViewModel.swift */; };
		753D0B692AC1FA6100C22AC4 /* Utilities.swift in Sources */ = {isa = PBXBuildFile; fileRef = 753D0B682AC1FA6100C22AC4 /* Utilities.swift */; };
		7541615C2ABDDABC007CF0FA /* EmailCredentialsValidator.swift in Sources */ = {isa = PBXBuildFile; fileRef = 7541615B2ABDDABC007CF0FA /* EmailCredentialsValidator.swift */; };
		7541EF072D8B6F0D00ABC8BA /* ChatRoomInformationViewModel.swift in Sources */ = {isa = PBXBuildFile; fileRef = 7541EF062D8B6EFC00ABC8BA /* ChatRoomInformationViewModel.swift */; };
		7543BE2A2ACB0EDA003001BF /* FirebaseChatService.swift in Sources */ = {isa = PBXBuildFile; fileRef = 7543BE292ACB0EDA003001BF /* FirebaseChatService.swift */; };
		7543BE2C2ACC864A003001BF /* UserModel.swift in Sources */ = {isa = PBXBuildFile; fileRef = 7543BE2B2ACC864A003001BF /* UserModel.swift */; };
		7543BE2E2ACC868B003001BF /* ChatModel.swift in Sources */ = {isa = PBXBuildFile; fileRef = 7543BE2D2ACC868B003001BF /* ChatModel.swift */; };
		7543BE302ACC86AE003001BF /* MessageModel.swift in Sources */ = {isa = PBXBuildFile; fileRef = 7543BE2F2ACC86AE003001BF /* MessageModel.swift */; };
		7543BE332ACC87CA003001BF /* ChatRoomViewController.swift in Sources */ = {isa = PBXBuildFile; fileRef = 7543BE322ACC87CA003001BF /* ChatRoomViewController.swift */; };
		7543BE352ACC87E1003001BF /* ChatRoomViewModel.swift in Sources */ = {isa = PBXBuildFile; fileRef = 7543BE342ACC87E1003001BF /* ChatRoomViewModel.swift */; };
		7544392E2B3D2B620044A84B /* SettingsItemModel.swift in Sources */ = {isa = PBXBuildFile; fileRef = 7544392D2B3D2B620044A84B /* SettingsItemModel.swift */; };
		754439302B3D2BDC0044A84B /* ProfileEditingListHeaderCell.swift in Sources */ = {isa = PBXBuildFile; fileRef = 7544392F2B3D2BDC0044A84B /* ProfileEditingListHeaderCell.swift */; };
		754439532B3FCFF30044A84B /* ProfileEditingViewController.swift in Sources */ = {isa = PBXBuildFile; fileRef = 754439522B3FCFF30044A84B /* ProfileEditingViewController.swift */; };
		754439552B4134150044A84B /* ProfileEditingViewModel.swift in Sources */ = {isa = PBXBuildFile; fileRef = 754439542B4134150044A84B /* ProfileEditingViewModel.swift */; };
		755A3F7B2AD0689500739861 /* ChatsTableViewDataSource.swift in Sources */ = {isa = PBXBuildFile; fileRef = 755A3F7A2AD0689500739861 /* ChatsTableViewDataSource.swift */; };
		755A3F7D2AD068F900739861 /* ChatCellViewModel.swift in Sources */ = {isa = PBXBuildFile; fileRef = 755A3F7C2AD068F900739861 /* ChatCellViewModel.swift */; };
		755A3FA02AD2F2C100739861 /* Coordinator.swift in Sources */ = {isa = PBXBuildFile; fileRef = 755A3F9F2AD2F2C100739861 /* Coordinator.swift */; };
		7563F87C2ADE25E6006FA374 /* ConversationTableViewDataSource.swift in Sources */ = {isa = PBXBuildFile; fileRef = 7563F87B2ADE25E6006FA374 /* ConversationTableViewDataSource.swift */; };
		7563F8802ADF6E31006FA374 /* FirestoreCollectionName.swift in Sources */ = {isa = PBXBuildFile; fileRef = 7563F87F2ADF6E31006FA374 /* FirestoreCollectionName.swift */; };
		7563F8C22AE8D26F006FA374 /* UILabel+Extensions.swift in Sources */ = {isa = PBXBuildFile; fileRef = 7563F8C12AE8D26F006FA374 /* UILabel+Extensions.swift */; };
		7563F8C42AE8D2D1006FA374 /* String+Extensions.swift in Sources */ = {isa = PBXBuildFile; fileRef = 7563F8C32AE8D2D1006FA374 /* String+Extensions.swift */; };
		756525C22A7E8240005DC594 /* AuthenticationManager.swift in Sources */ = {isa = PBXBuildFile; fileRef = 756525C12A7E8240005DC594 /* AuthenticationManager.swift */; };
		756525C72A7FE49E005DC594 /* ChatsViewController.swift in Sources */ = {isa = PBXBuildFile; fileRef = 756525C62A7FE49E005DC594 /* ChatsViewController.swift */; };
		756525CA2A8127F5005DC594 /* Observable.swift in Sources */ = {isa = PBXBuildFile; fileRef = 756525C92A8127F5005DC594 /* Observable.swift */; };
		756525CC2A9E8EBD005DC594 /* SettingsViewController.swift in Sources */ = {isa = PBXBuildFile; fileRef = 756525CB2A9E8EBD005DC594 /* SettingsViewController.swift */; };
		756525CE2A9F96AB005DC594 /* TabBarViewController.swift in Sources */ = {isa = PBXBuildFile; fileRef = 756525CD2A9F96AB005DC594 /* TabBarViewController.swift */; };
		756525D22AAA147A005DC594 /* ChatsCell.swift in Sources */ = {isa = PBXBuildFile; fileRef = 756525D12AAA147A005DC594 /* ChatsCell.swift */; };
		756525D52AB50079005DC594 /* FirestoreUserService.swift in Sources */ = {isa = PBXBuildFile; fileRef = 756525D42AB50079005DC594 /* FirestoreUserService.swift */; };
		756525D72AB65427005DC594 /* UsernameRegistrationViewController.swift in Sources */ = {isa = PBXBuildFile; fileRef = 756525D62AB65427005DC594 /* UsernameRegistrationViewController.swift */; };
		756891B42B6549E500DC7D71 /* ResultsCellViewModel.swift in Sources */ = {isa = PBXBuildFile; fileRef = 756891B32B6549E500DC7D71 /* ResultsCellViewModel.swift */; };
		756E6D162D820D1F0065CADB /* ActivityIndicatorView in Frameworks */ = {isa = PBXBuildFile; productRef = 756E6D152D820D1F0065CADB /* ActivityIndicatorView */; };
		756E6D1D2D8210890065CADB /* NVActivityIndicatorView in Frameworks */ = {isa = PBXBuildFile; productRef = 756E6D1C2D8210890065CADB /* NVActivityIndicatorView */; };
		756E6D1F2D8210890065CADB /* NVActivityIndicatorViewExtended in Frameworks */ = {isa = PBXBuildFile; productRef = 756E6D1E2D8210890065CADB /* NVActivityIndicatorViewExtended */; };
		756E6D242D88A65C0065CADB /* ChatRoomInformationScreen.swift in Sources */ = {isa = PBXBuildFile; fileRef = 756E6D232D88A64D0065CADB /* ChatRoomInformationScreen.swift */; };
		757033A52BC2D8C4002732B5 /* TextViewShadowConfigurable.swift in Sources */ = {isa = PBXBuildFile; fileRef = 757033A42BC2D8C4002732B5 /* TextViewShadowConfigurable.swift */; };
		7573E5C32B5BD4500096B4E6 /* ProfileDeletionViewController.swift in Sources */ = {isa = PBXBuildFile; fileRef = 7573E5C22B5BD4500096B4E6 /* ProfileDeletionViewController.swift */; };
		7573E5C52B5E898C0096B4E6 /* ProfileDeletionViewModel.swift in Sources */ = {isa = PBXBuildFile; fileRef = 7573E5C42B5E898C0096B4E6 /* ProfileDeletionViewModel.swift */; };
		757900762BF1768D00DE5A2F /* ConversationTableViewFooter.swift in Sources */ = {isa = PBXBuildFile; fileRef = 757900752BF1768D00DE5A2F /* ConversationTableViewFooter.swift */; };
		757AB0E02BB9D70C00A64DA4 /* FirebaseAuth in Frameworks */ = {isa = PBXBuildFile; productRef = 757AB0DF2BB9D70C00A64DA4 /* FirebaseAuth */; };
		757AB0E22BB9D70C00A64DA4 /* FirebaseAuthCombine-Community in Frameworks */ = {isa = PBXBuildFile; productRef = 757AB0E12BB9D70C00A64DA4 /* FirebaseAuthCombine-Community */; };
		757AB0E42BB9D70D00A64DA4 /* FirebaseDatabase in Frameworks */ = {isa = PBXBuildFile; productRef = 757AB0E32BB9D70D00A64DA4 /* FirebaseDatabase */; };
		757AB0E62BB9D70D00A64DA4 /* FirebaseDatabaseSwift in Frameworks */ = {isa = PBXBuildFile; productRef = 757AB0E52BB9D70D00A64DA4 /* FirebaseDatabaseSwift */; };
		757AB0E82BB9D70D00A64DA4 /* FirebaseDynamicLinks in Frameworks */ = {isa = PBXBuildFile; productRef = 757AB0E72BB9D70D00A64DA4 /* FirebaseDynamicLinks */; };
		757AB0EA2BB9D70D00A64DA4 /* FirebaseFirestore in Frameworks */ = {isa = PBXBuildFile; productRef = 757AB0E92BB9D70D00A64DA4 /* FirebaseFirestore */; };
		757AB0EC2BB9D70D00A64DA4 /* FirebaseFirestoreCombine-Community in Frameworks */ = {isa = PBXBuildFile; productRef = 757AB0EB2BB9D70D00A64DA4 /* FirebaseFirestoreCombine-Community */; };
		757AB0EE2BB9D70D00A64DA4 /* FirebaseFirestoreSwift in Frameworks */ = {isa = PBXBuildFile; productRef = 757AB0ED2BB9D70D00A64DA4 /* FirebaseFirestoreSwift */; };
		757AB0F02BB9D70D00A64DA4 /* FirebaseFunctions in Frameworks */ = {isa = PBXBuildFile; productRef = 757AB0EF2BB9D70D00A64DA4 /* FirebaseFunctions */; };
		757AB0F22BB9D70D00A64DA4 /* FirebaseInstallations in Frameworks */ = {isa = PBXBuildFile; productRef = 757AB0F12BB9D70D00A64DA4 /* FirebaseInstallations */; };
		757AB0F42BB9D70D00A64DA4 /* FirebaseStorage in Frameworks */ = {isa = PBXBuildFile; productRef = 757AB0F32BB9D70D00A64DA4 /* FirebaseStorage */; };
		757AB0F62BB9D70D00A64DA4 /* FirebaseStorageCombine-Community in Frameworks */ = {isa = PBXBuildFile; productRef = 757AB0F52BB9D70D00A64DA4 /* FirebaseStorageCombine-Community */; };
		757AB0F92BB9D7DD00A64DA4 /* AlgoliaSearchClient in Frameworks */ = {isa = PBXBuildFile; productRef = 757AB0F82BB9D7DD00A64DA4 /* AlgoliaSearchClient */; };
		757AB0FC2BB9D81B00A64DA4 /* GoogleSignIn in Frameworks */ = {isa = PBXBuildFile; productRef = 757AB0FB2BB9D81B00A64DA4 /* GoogleSignIn */; };
		757AB0FE2BB9D81B00A64DA4 /* GoogleSignInSwift in Frameworks */ = {isa = PBXBuildFile; productRef = 757AB0FD2BB9D81B00A64DA4 /* GoogleSignInSwift */; };
		757AB1012BB9D85100A64DA4 /* SkeletonView in Frameworks */ = {isa = PBXBuildFile; productRef = 757AB1002BB9D85100A64DA4 /* SkeletonView */; };
		757E81B52D232EC400727277 /* SelectedGroupMembersView.swift in Sources */ = {isa = PBXBuildFile; fileRef = 757E81B42D232EC400727277 /* SelectedGroupMembersView.swift */; };
		757E81B72D29957F00727277 /* NewGroupSetupScreen.swift in Sources */ = {isa = PBXBuildFile; fileRef = 757E81B62D29957F00727277 /* NewGroupSetupScreen.swift */; };
		75855AF52CF0393A00FF8E9E /* UnseenMessagesTitleTableViewCell.swift in Sources */ = {isa = PBXBuildFile; fileRef = 75855AF42CF0393A00FF8E9E /* UnseenMessagesTitleTableViewCell.swift */; };
		75855B3F2CF14B5300FF8E9E /* ReuseIdentifire.swift in Sources */ = {isa = PBXBuildFile; fileRef = 75855B3E2CF14B5300FF8E9E /* ReuseIdentifire.swift */; };
		7587CE1B2C77DA7D002D60CE /* Query+Extensions.swift in Sources */ = {isa = PBXBuildFile; fileRef = 7587CE1A2C77DA7D002D60CE /* Query+Extensions.swift */; };
		7587CE1E2C781425002D60CE /* RealmDataBase.swift in Sources */ = {isa = PBXBuildFile; fileRef = 7587CE1D2C781425002D60CE /* RealmDataBase.swift */; };
		7587CE222C7CC403002D60CE /* RealmSwift in Frameworks */ = {isa = PBXBuildFile; productRef = 7587CE212C7CC403002D60CE /* RealmSwift */; };
		7597CE5B2D1494F000CFD1B8 /* ImageSampleRepository.swift in Sources */ = {isa = PBXBuildFile; fileRef = 7597CE5A2D1494ED00CFD1B8 /* ImageSampleRepository.swift */; };
		759BBFC62AFD5C3A00D7E9A0 /* ResultsTableCell.swift in Sources */ = {isa = PBXBuildFile; fileRef = 759BBFC52AFD5C3A00D7E9A0 /* ResultsTableCell.swift */; };
		75A086162D19619E00DE5333 /* CropViewController in Frameworks */ = {isa = PBXBuildFile; productRef = 75A086152D19619E00DE5333 /* CropViewController */; };
		75A086182D19619E00DE5333 /* TOCropViewController in Frameworks */ = {isa = PBXBuildFile; productRef = 75A086172D19619E00DE5333 /* TOCropViewController */; };
		75A0861A2D1977DB00DE5333 /* ImageCropper.swift in Sources */ = {isa = PBXBuildFile; fileRef = 75A086192D1977D200DE5333 /* ImageCropper.swift */; };
		75A7AFC72D396D1D00E081DF /* ChatRoomViewModel+Extensions.swift in Sources */ = {isa = PBXBuildFile; fileRef = 75A7AFC22D396D1400E081DF /* ChatRoomViewModel+Extensions.swift */; };
		75A7AFCA2D39717B00E081DF /* ChatRoomViewModel+Enums.swift in Sources */ = {isa = PBXBuildFile; fileRef = 75A7AFC92D39717800E081DF /* ChatRoomViewModel+Enums.swift */; };
		75A7AFCC2D39740800E081DF /* AuthUserProtocol.swift in Sources */ = {isa = PBXBuildFile; fileRef = 75A7AFCB2D39740600E081DF /* AuthUserProtocol.swift */; };
		75A7AFCE2D399B4B00E081DF /* ConversationViewModel+MessageClusterHandler.swift in Sources */ = {isa = PBXBuildFile; fileRef = 75A7AFCD2D399B1A00E081DF /* ConversationViewModel+MessageClusterHandler.swift */; };
		75A7AFD82D3C38C900E081DF /* ChatRoomNavigationBar.swift in Sources */ = {isa = PBXBuildFile; fileRef = 75A7AFD72D3C38C700E081DF /* ChatRoomNavigationBar.swift */; };
		75A7AFDA2D3C394800E081DF /* InputBarContainer.swift in Sources */ = {isa = PBXBuildFile; fileRef = 75A7AFD92D3C394100E081DF /* InputBarContainer.swift */; };
		75A9184B2C942E15006ED4CA /* CacheManager.swift in Sources */ = {isa = PBXBuildFile; fileRef = 75A9184A2C942E15006ED4CA /* CacheManager.swift */; };
		75B48B572AF6837700A5FBFC /* ChatRoomRootView.swift in Sources */ = {isa = PBXBuildFile; fileRef = 75B48B562AF6837700A5FBFC /* ChatRoomRootView.swift */; };
		75B48B592AFB2C4000A5FBFC /* ResultsTableController.swift in Sources */ = {isa = PBXBuildFile; fileRef = 75B48B582AFB2C4000A5FBFC /* ResultsTableController.swift */; };
		75B5C4BA2A49AB0A00F63A5A /* AppDelegate.swift in Sources */ = {isa = PBXBuildFile; fileRef = 75B5C4B92A49AB0A00F63A5A /* AppDelegate.swift */; };
		75B5C4BC2A49AB0A00F63A5A /* SceneDelegate.swift in Sources */ = {isa = PBXBuildFile; fileRef = 75B5C4BB2A49AB0A00F63A5A /* SceneDelegate.swift */; };
		75B5C4BE2A49AB0A00F63A5A /* LoginViewController.swift in Sources */ = {isa = PBXBuildFile; fileRef = 75B5C4BD2A49AB0A00F63A5A /* LoginViewController.swift */; };
		75B5C4C32A49AB0B00F63A5A /* Assets.xcassets in Resources */ = {isa = PBXBuildFile; fileRef = 75B5C4C22A49AB0B00F63A5A /* Assets.xcassets */; };
		75B5C4C62A49AB0B00F63A5A /* LaunchScreen.storyboard in Resources */ = {isa = PBXBuildFile; fileRef = 75B5C4C42A49AB0B00F63A5A /* LaunchScreen.storyboard */; };
		75BA23832D2D775700A4C508 /* CropViewControllerRepresentable.swift in Sources */ = {isa = PBXBuildFile; fileRef = 75BA23822D2D773100A4C508 /* CropViewControllerRepresentable.swift */; };
		75BA23852D2F02F700A4C508 /* ImageSaveble.swift in Sources */ = {isa = PBXBuildFile; fileRef = 75BA23842D2F02E600A4C508 /* ImageSaveble.swift */; };
		75BA23BC2D32272F00A4C508 /* ServiceT.swift in Sources */ = {isa = PBXBuildFile; fileRef = 75BA23BB2D32272800A4C508 /* ServiceT.swift */; };
		75BA7E4F2D34AE0C00A4C508 /* IndexPath+Extensions.swift in Sources */ = {isa = PBXBuildFile; fileRef = 75BA7E4E2D34AE0300A4C508 /* IndexPath+Extensions.swift */; };
		75BF5F042BB8E1EA00AE6C45 /* GoogleService-Info.plist in Resources */ = {isa = PBXBuildFile; fileRef = 75BF5F032BB8E1EA00AE6C45 /* GoogleService-Info.plist */; };
		75C7B29F2A4DBF8000C41E69 /* EmailSignUpViewController.swift in Sources */ = {isa = PBXBuildFile; fileRef = 75C7B29E2A4DBF8000C41E69 /* EmailSignUpViewController.swift */; };
		75CB52182B0BF064007F3AB6 /* FirebaseStorageManager.swift in Sources */ = {isa = PBXBuildFile; fileRef = 75CB52172B0BF064007F3AB6 /* FirebaseStorageManager.swift */; };
		75CC9FE62D594042002051EB /* ColorManager.swift in Sources */ = {isa = PBXBuildFile; fileRef = 75CC9FE12D59402F002051EB /* ColorManager.swift */; };
		75D08B9C2BEFDCB1000AE1B5 /* YYText.framework in Frameworks */ = {isa = PBXBuildFile; fileRef = 75D08B952BEFDC8D000AE1B5 /* YYText.framework */; };
		75D08B9D2BEFDCB1000AE1B5 /* YYText.framework in Embed Frameworks */ = {isa = PBXBuildFile; fileRef = 75D08B952BEFDC8D000AE1B5 /* YYText.framework */; settings = {ATTRIBUTES = (CodeSignOnCopy, RemoveHeadersOnCopy, ); }; };
		75D08BA92BEFDCFD000AE1B5 /* FlagPhoneNumber.framework in Frameworks */ = {isa = PBXBuildFile; fileRef = 75D08BA82BEFDCF4000AE1B5 /* FlagPhoneNumber.framework */; };
		75D08BAA2BEFDCFD000AE1B5 /* FlagPhoneNumber.framework in Embed Frameworks */ = {isa = PBXBuildFile; fileRef = 75D08BA82BEFDCF4000AE1B5 /* FlagPhoneNumber.framework */; settings = {ATTRIBUTES = (CodeSignOnCopy, RemoveHeadersOnCopy, ); }; };
		75D08C942D1AC44500F077B9 /* GroupCreationScreen.swift in Sources */ = {isa = PBXBuildFile; fileRef = 75D08C932D1AC44500F077B9 /* GroupCreationScreen.swift */; };
		75D6DC332B0D735100D2CD26 /* MessageCellViewModel.swift in Sources */ = {isa = PBXBuildFile; fileRef = 75D6DC322B0D735100D2CD26 /* MessageCellViewModel.swift */; };
		75D6DC352B128A4100D2CD26 /* UIImage+Extension.swift in Sources */ = {isa = PBXBuildFile; fileRef = 75D6DC342B128A4100D2CD26 /* UIImage+Extension.swift */; };
		75D7C5952AD72DBC00F6D4B9 /* MessageTableViewCell.swift in Sources */ = {isa = PBXBuildFile; fileRef = 75D7C5942AD72DBC00F6D4B9 /* MessageTableViewCell.swift */; };
		75D7C5CC2ADAD40600F6D4B9 /* CGFloat+Extension.swift in Sources */ = {isa = PBXBuildFile; fileRef = 75D7C5CB2ADAD40600F6D4B9 /* CGFloat+Extension.swift */; };
		75D7C5D02ADD9C3300F6D4B9 /* Date+Extensions.swift in Sources */ = {isa = PBXBuildFile; fileRef = 75D7C5CF2ADD9C3300F6D4B9 /* Date+Extensions.swift */; };
		75DD0AED2B17D3D0005DBADE /* PhoneCodeVerificationViewController.swift in Sources */ = {isa = PBXBuildFile; fileRef = 75DD0AEC2B17D3D0005DBADE /* PhoneCodeVerificationViewController.swift */; };
		75DD0AF02B22175D005DBADE /* MailSignInViewController.swift in Sources */ = {isa = PBXBuildFile; fileRef = 75DD0AEF2B22175D005DBADE /* MailSignInViewController.swift */; };
		75E054282B04290100828B9D /* AlgoliaSearchManager.swift in Sources */ = {isa = PBXBuildFile; fileRef = 75E054272B04290100828B9D /* AlgoliaSearchManager.swift */; };
		75E2F2F12C3C17BE0058DC88 /* RealtimeUserService.swift in Sources */ = {isa = PBXBuildFile; fileRef = 75E2F2F02C3C17BE0058DC88 /* RealtimeUserService.swift */; };
		75E8AABE2D918C68007479E4 /* ChatRoomIformationEditScreen.swift in Sources */ = {isa = PBXBuildFile; fileRef = 75E8AABD2D918C68007479E4 /* ChatRoomIformationEditScreen.swift */; };
		75E8AAC02D9192ED007479E4 /* ChatRoomIformationEditViewModel.swift in Sources */ = {isa = PBXBuildFile; fileRef = 75E8AABF2D9192EC007479E4 /* ChatRoomIformationEditViewModel.swift */; };
		75E8AAC22D9213F9007479E4 /* ImageRepositoryRepresentable.swift in Sources */ = {isa = PBXBuildFile; fileRef = 75E8AAC12D9213EF007479E4 /* ImageRepositoryRepresentable.swift */; };
		75EAD9982D45737F008BBD4B /* ObservableRealmObjectProcotol.swift in Sources */ = {isa = PBXBuildFile; fileRef = 75EAD9932D457376008BBD4B /* ObservableRealmObjectProcotol.swift */; };
		75F608842BEC2F560065DA83 /* InputBarMessageTextViewDelegate.swift in Sources */ = {isa = PBXBuildFile; fileRef = 75F608832BEC2F560065DA83 /* InputBarMessageTextViewDelegate.swift */; };
		75F608862BEC33400065DA83 /* InputBarHeaderView.swift in Sources */ = {isa = PBXBuildFile; fileRef = 75F608852BEC33400065DA83 /* InputBarHeaderView.swift */; };
		75F6A9AF2C82400B00AF60EA /* RealmSwift in Embed Frameworks */ = {isa = PBXBuildFile; productRef = 7587CE212C7CC403002D60CE /* RealmSwift */; settings = {ATTRIBUTES = (CodeSignOnCopy, ); }; };
		75FB78F02AC2F40A00C2743A /* SignInGoogleHelper.swift in Sources */ = {isa = PBXBuildFile; fileRef = 75FB78EF2AC2F40A00C2743A /* SignInGoogleHelper.swift */; };
		75FB78F22AC3106700C2743A /* LoginViewModel.swift in Sources */ = {isa = PBXBuildFile; fileRef = 75FB78F12AC3106700C2743A /* LoginViewModel.swift */; };
		75FB78F42AC310AA00C2743A /* SignUpViewModel.swift in Sources */ = {isa = PBXBuildFile; fileRef = 75FB78F32AC310AA00C2743A /* SignUpViewModel.swift */; };
		75FB78F62AC3113700C2743A /* UsernameRegistrationViewModel.swift in Sources */ = {isa = PBXBuildFile; fileRef = 75FB78F52AC3113700C2743A /* UsernameRegistrationViewModel.swift */; };
		75FB78F82AC311D000C2743A /* ChatsViewModel.swift in Sources */ = {isa = PBXBuildFile; fileRef = 75FB78F72AC311D000C2743A /* ChatsViewModel.swift */; };
		75FB78FB2AC3164000C2743A /* SettingsViewModel.swift in Sources */ = {isa = PBXBuildFile; fileRef = 75FB78FA2AC3164000C2743A /* SettingsViewModel.swift */; };
		75FB79012AC318D600C2743A /* UIView+Extensions.swift in Sources */ = {isa = PBXBuildFile; fileRef = 75FB79002AC318D600C2743A /* UIView+Extensions.swift */; };
		75FD74842CC03B0B0012DC35 /* Array+Extensions.swift in Sources */ = {isa = PBXBuildFile; fileRef = 75FD74832CC03B0B0012DC35 /* Array+Extensions.swift */; };
/* End PBXBuildFile section */

/* Begin PBXContainerItemProxy section */
		75D08B942BEFDC8D000AE1B5 /* PBXContainerItemProxy */ = {
			isa = PBXContainerItemProxy;
			containerPortal = 753D3FF42BEFC1DB00BA26A4 /* YYText.xcodeproj */;
			proxyType = 2;
			remoteGlobalIDString = D918BFD61F372E3000106E14;
			remoteInfo = YYText;
		};
		75D08B9A2BEFDC9E000AE1B5 /* PBXContainerItemProxy */ = {
			isa = PBXContainerItemProxy;
			containerPortal = 75D08B962BEFDC9E000AE1B5 /* YYText.xcodeproj */;
			proxyType = 2;
			remoteGlobalIDString = D918BFD61F372E3000106E14;
			remoteInfo = YYText;
		};
		75D08BA12BEFDCE9000AE1B5 /* PBXContainerItemProxy */ = {
			isa = PBXContainerItemProxy;
			containerPortal = 753D3FFA2BEFC23700BA26A4 /* FlagPhoneNumber.xcodeproj */;
			proxyType = 2;
			remoteGlobalIDString = 0DF48B3922917047006AB39C;
			remoteInfo = FlagPhoneNumber;
		};
		75D08BA72BEFDCF4000AE1B5 /* PBXContainerItemProxy */ = {
			isa = PBXContainerItemProxy;
			containerPortal = 75D08BA32BEFDCF4000AE1B5 /* FlagPhoneNumber.xcodeproj */;
			proxyType = 2;
			remoteGlobalIDString = 0DF48B3922917047006AB39C;
			remoteInfo = FlagPhoneNumber;
		};
/* End PBXContainerItemProxy section */

/* Begin PBXCopyFilesBuildPhase section */
		7545AD922BB9E65B00E9B107 /* Embed Frameworks */ = {
			isa = PBXCopyFilesBuildPhase;
			buildActionMask = 2147483647;
			dstPath = "";
			dstSubfolderSpec = 10;
			files = (
				75F6A9AF2C82400B00AF60EA /* RealmSwift in Embed Frameworks */,
				75D08BAA2BEFDCFD000AE1B5 /* FlagPhoneNumber.framework in Embed Frameworks */,
				75D08B9D2BEFDCB1000AE1B5 /* YYText.framework in Embed Frameworks */,
			);
			name = "Embed Frameworks";
			runOnlyForDeploymentPostprocessing = 0;
		};
/* End PBXCopyFilesBuildPhase section */

/* Begin PBXFileReference section */
		750F5BEC2D9D5ACF007655F3 /* MessageEventTableViewCell.swift */ = {isa = PBXFileReference; lastKnownFileType = sourcecode.swift; path = MessageEventTableViewCell.swift; sourceTree = "<group>"; };
		751100382CEEA10100DD659C /* UnseenMessagesBadge.swift */ = {isa = PBXFileReference; lastKnownFileType = sourcecode.swift; path = UnseenMessagesBadge.swift; sourceTree = "<group>"; };
		7525150C2D0EE41D003330E7 /* ProfileEditingListCell.swift */ = {isa = PBXFileReference; lastKnownFileType = sourcecode.swift; path = ProfileEditingListCell.swift; sourceTree = "<group>"; };
		752DE4082D217003003AC40C /* GroupCreationViewModel.swift */ = {isa = PBXFileReference; lastKnownFileType = sourcecode.swift; path = GroupCreationViewModel.swift; sourceTree = "<group>"; };
		752DE40C2D218B95003AC40C /* GroupMembersSelectionScreen.swift */ = {isa = PBXFileReference; lastKnownFileType = sourcecode.swift; path = GroupMembersSelectionScreen.swift; sourceTree = "<group>"; };
		752DE40F2D219557003AC40C /* UserView.swift */ = {isa = PBXFileReference; lastKnownFileType = sourcecode.swift; path = UserView.swift; sourceTree = "<group>"; };
		753185E82C22123300C4F9F4 /* UIButton + extensions.swift */ = {isa = PBXFileReference; lastKnownFileType = sourcecode.swift; path = "UIButton + extensions.swift"; sourceTree = "<group>"; };
		753186122C26F8B900C4F9F4 /* UITextView+Extensions.swift */ = {isa = PBXFileReference; lastKnownFileType = sourcecode.swift; path = "UITextView+Extensions.swift"; sourceTree = "<group>"; };
		7533D9B72B1659210057EBC7 /* PhoneSignInViewController.swift */ = {isa = PBXFileReference; lastKnownFileType = sourcecode.swift; path = PhoneSignInViewController.swift; sourceTree = "<group>"; };
		7533D9BA2B167ED80057EBC7 /* PhoneSigninViewModel.swift */ = {isa = PBXFileReference; lastKnownFileType = sourcecode.swift; path = PhoneSigninViewModel.swift; sourceTree = "<group>"; };
		753D0B682AC1FA6100C22AC4 /* Utilities.swift */ = {isa = PBXFileReference; lastKnownFileType = sourcecode.swift; path = Utilities.swift; sourceTree = "<group>"; };
		753D3FF42BEFC1DB00BA26A4 /* YYText.xcodeproj */ = {isa = PBXFileReference; lastKnownFileType = "wrapper.pb-project"; name = YYText.xcodeproj; path = YYText/Framework/YYText.xcodeproj; sourceTree = SOURCE_ROOT; };
		753D3FFA2BEFC23700BA26A4 /* FlagPhoneNumber.xcodeproj */ = {isa = PBXFileReference; lastKnownFileType = "wrapper.pb-project"; name = FlagPhoneNumber.xcodeproj; path = FlagPhoneNumber/FlagPhoneNumber.xcodeproj; sourceTree = SOURCE_ROOT; };
		7541615B2ABDDABC007CF0FA /* EmailCredentialsValidator.swift */ = {isa = PBXFileReference; lastKnownFileType = sourcecode.swift; path = EmailCredentialsValidator.swift; sourceTree = "<group>"; };
		7541EF062D8B6EFC00ABC8BA /* ChatRoomInformationViewModel.swift */ = {isa = PBXFileReference; lastKnownFileType = sourcecode.swift; path = ChatRoomInformationViewModel.swift; sourceTree = "<group>"; };
		7543BE292ACB0EDA003001BF /* FirebaseChatService.swift */ = {isa = PBXFileReference; lastKnownFileType = sourcecode.swift; path = FirebaseChatService.swift; sourceTree = "<group>"; };
		7543BE2B2ACC864A003001BF /* UserModel.swift */ = {isa = PBXFileReference; lastKnownFileType = sourcecode.swift; path = UserModel.swift; sourceTree = "<group>"; };
		7543BE2D2ACC868B003001BF /* ChatModel.swift */ = {isa = PBXFileReference; lastKnownFileType = sourcecode.swift; path = ChatModel.swift; sourceTree = "<group>"; };
		7543BE2F2ACC86AE003001BF /* MessageModel.swift */ = {isa = PBXFileReference; lastKnownFileType = sourcecode.swift; path = MessageModel.swift; sourceTree = "<group>"; };
		7543BE322ACC87CA003001BF /* ChatRoomViewController.swift */ = {isa = PBXFileReference; lastKnownFileType = sourcecode.swift; path = ChatRoomViewController.swift; sourceTree = "<group>"; };
		7543BE342ACC87E1003001BF /* ChatRoomViewModel.swift */ = {isa = PBXFileReference; lastKnownFileType = sourcecode.swift; path = ChatRoomViewModel.swift; sourceTree = "<group>"; };
		7544392D2B3D2B620044A84B /* SettingsItemModel.swift */ = {isa = PBXFileReference; lastKnownFileType = sourcecode.swift; path = SettingsItemModel.swift; sourceTree = "<group>"; };
		7544392F2B3D2BDC0044A84B /* ProfileEditingListHeaderCell.swift */ = {isa = PBXFileReference; lastKnownFileType = sourcecode.swift; path = ProfileEditingListHeaderCell.swift; sourceTree = "<group>"; };
		754439522B3FCFF30044A84B /* ProfileEditingViewController.swift */ = {isa = PBXFileReference; lastKnownFileType = sourcecode.swift; path = ProfileEditingViewController.swift; sourceTree = "<group>"; };
		754439542B4134150044A84B /* ProfileEditingViewModel.swift */ = {isa = PBXFileReference; lastKnownFileType = sourcecode.swift; path = ProfileEditingViewModel.swift; sourceTree = "<group>"; };
		755A3F7A2AD0689500739861 /* ChatsTableViewDataSource.swift */ = {isa = PBXFileReference; lastKnownFileType = sourcecode.swift; path = ChatsTableViewDataSource.swift; sourceTree = "<group>"; };
		755A3F7C2AD068F900739861 /* ChatCellViewModel.swift */ = {isa = PBXFileReference; lastKnownFileType = sourcecode.swift; path = ChatCellViewModel.swift; sourceTree = "<group>"; };
		755A3F9F2AD2F2C100739861 /* Coordinator.swift */ = {isa = PBXFileReference; lastKnownFileType = sourcecode.swift; path = Coordinator.swift; sourceTree = "<group>"; };
		7563F87B2ADE25E6006FA374 /* ConversationTableViewDataSource.swift */ = {isa = PBXFileReference; lastKnownFileType = sourcecode.swift; path = ConversationTableViewDataSource.swift; sourceTree = "<group>"; };
		7563F87F2ADF6E31006FA374 /* FirestoreCollectionName.swift */ = {isa = PBXFileReference; lastKnownFileType = sourcecode.swift; path = FirestoreCollectionName.swift; sourceTree = "<group>"; };
		7563F8C12AE8D26F006FA374 /* UILabel+Extensions.swift */ = {isa = PBXFileReference; lastKnownFileType = sourcecode.swift; path = "UILabel+Extensions.swift"; sourceTree = "<group>"; };
		7563F8C32AE8D2D1006FA374 /* String+Extensions.swift */ = {isa = PBXFileReference; lastKnownFileType = sourcecode.swift; path = "String+Extensions.swift"; sourceTree = "<group>"; };
		756525C12A7E8240005DC594 /* AuthenticationManager.swift */ = {isa = PBXFileReference; lastKnownFileType = sourcecode.swift; path = AuthenticationManager.swift; sourceTree = "<group>"; };
		756525C62A7FE49E005DC594 /* ChatsViewController.swift */ = {isa = PBXFileReference; lastKnownFileType = sourcecode.swift; path = ChatsViewController.swift; sourceTree = "<group>"; };
		756525C92A8127F5005DC594 /* Observable.swift */ = {isa = PBXFileReference; lastKnownFileType = sourcecode.swift; path = Observable.swift; sourceTree = "<group>"; };
		756525CB2A9E8EBD005DC594 /* SettingsViewController.swift */ = {isa = PBXFileReference; lastKnownFileType = sourcecode.swift; path = SettingsViewController.swift; sourceTree = "<group>"; };
		756525CD2A9F96AB005DC594 /* TabBarViewController.swift */ = {isa = PBXFileReference; lastKnownFileType = sourcecode.swift; path = TabBarViewController.swift; sourceTree = "<group>"; };
		756525D12AAA147A005DC594 /* ChatsCell.swift */ = {isa = PBXFileReference; lastKnownFileType = sourcecode.swift; path = ChatsCell.swift; sourceTree = "<group>"; };
		756525D42AB50079005DC594 /* FirestoreUserService.swift */ = {isa = PBXFileReference; lastKnownFileType = sourcecode.swift; path = FirestoreUserService.swift; sourceTree = "<group>"; };
		756525D62AB65427005DC594 /* UsernameRegistrationViewController.swift */ = {isa = PBXFileReference; lastKnownFileType = sourcecode.swift; path = UsernameRegistrationViewController.swift; sourceTree = "<group>"; };
		756891B32B6549E500DC7D71 /* ResultsCellViewModel.swift */ = {isa = PBXFileReference; lastKnownFileType = sourcecode.swift; path = ResultsCellViewModel.swift; sourceTree = "<group>"; };
		756E6D232D88A64D0065CADB /* ChatRoomInformationScreen.swift */ = {isa = PBXFileReference; lastKnownFileType = sourcecode.swift; path = ChatRoomInformationScreen.swift; sourceTree = "<group>"; };
		757033A42BC2D8C4002732B5 /* TextViewShadowConfigurable.swift */ = {isa = PBXFileReference; lastKnownFileType = sourcecode.swift; path = TextViewShadowConfigurable.swift; sourceTree = "<group>"; };
		7573E5C22B5BD4500096B4E6 /* ProfileDeletionViewController.swift */ = {isa = PBXFileReference; lastKnownFileType = sourcecode.swift; path = ProfileDeletionViewController.swift; sourceTree = "<group>"; };
		7573E5C42B5E898C0096B4E6 /* ProfileDeletionViewModel.swift */ = {isa = PBXFileReference; lastKnownFileType = sourcecode.swift; path = ProfileDeletionViewModel.swift; sourceTree = "<group>"; };
		757900752BF1768D00DE5A2F /* ConversationTableViewFooter.swift */ = {isa = PBXFileReference; lastKnownFileType = sourcecode.swift; path = ConversationTableViewFooter.swift; sourceTree = "<group>"; };
		757E81B42D232EC400727277 /* SelectedGroupMembersView.swift */ = {isa = PBXFileReference; lastKnownFileType = sourcecode.swift; path = SelectedGroupMembersView.swift; sourceTree = "<group>"; };
		757E81B62D29957F00727277 /* NewGroupSetupScreen.swift */ = {isa = PBXFileReference; lastKnownFileType = sourcecode.swift; path = NewGroupSetupScreen.swift; sourceTree = "<group>"; };
		75855AF42CF0393A00FF8E9E /* UnseenMessagesTitleTableViewCell.swift */ = {isa = PBXFileReference; lastKnownFileType = sourcecode.swift; path = UnseenMessagesTitleTableViewCell.swift; sourceTree = "<group>"; };
		75855B3E2CF14B5300FF8E9E /* ReuseIdentifire.swift */ = {isa = PBXFileReference; lastKnownFileType = sourcecode.swift; path = ReuseIdentifire.swift; sourceTree = "<group>"; };
		7587CE1A2C77DA7D002D60CE /* Query+Extensions.swift */ = {isa = PBXFileReference; lastKnownFileType = sourcecode.swift; path = "Query+Extensions.swift"; sourceTree = "<group>"; };
		7587CE1D2C781425002D60CE /* RealmDataBase.swift */ = {isa = PBXFileReference; lastKnownFileType = sourcecode.swift; path = RealmDataBase.swift; sourceTree = "<group>"; };
		7597CE5A2D1494ED00CFD1B8 /* ImageSampleRepository.swift */ = {isa = PBXFileReference; lastKnownFileType = sourcecode.swift; path = ImageSampleRepository.swift; sourceTree = "<group>"; };
		759BBFC52AFD5C3A00D7E9A0 /* ResultsTableCell.swift */ = {isa = PBXFileReference; lastKnownFileType = sourcecode.swift; path = ResultsTableCell.swift; sourceTree = "<group>"; };
		75A086192D1977D200DE5333 /* ImageCropper.swift */ = {isa = PBXFileReference; lastKnownFileType = sourcecode.swift; path = ImageCropper.swift; sourceTree = "<group>"; };
		75A7AFC22D396D1400E081DF /* ChatRoomViewModel+Extensions.swift */ = {isa = PBXFileReference; lastKnownFileType = sourcecode.swift; path = "ChatRoomViewModel+Extensions.swift"; sourceTree = "<group>"; };
		75A7AFC92D39717800E081DF /* ChatRoomViewModel+Enums.swift */ = {isa = PBXFileReference; lastKnownFileType = sourcecode.swift; path = "ChatRoomViewModel+Enums.swift"; sourceTree = "<group>"; };
		75A7AFCB2D39740600E081DF /* AuthUserProtocol.swift */ = {isa = PBXFileReference; lastKnownFileType = sourcecode.swift; path = AuthUserProtocol.swift; sourceTree = "<group>"; };
		75A7AFCD2D399B1A00E081DF /* ConversationViewModel+MessageClusterHandler.swift */ = {isa = PBXFileReference; lastKnownFileType = sourcecode.swift; path = "ConversationViewModel+MessageClusterHandler.swift"; sourceTree = "<group>"; };
		75A7AFD72D3C38C700E081DF /* ChatRoomNavigationBar.swift */ = {isa = PBXFileReference; lastKnownFileType = sourcecode.swift; path = ChatRoomNavigationBar.swift; sourceTree = "<group>"; };
		75A7AFD92D3C394100E081DF /* InputBarContainer.swift */ = {isa = PBXFileReference; lastKnownFileType = sourcecode.swift; path = InputBarContainer.swift; sourceTree = "<group>"; };
		75A9184A2C942E15006ED4CA /* CacheManager.swift */ = {isa = PBXFileReference; lastKnownFileType = sourcecode.swift; path = CacheManager.swift; sourceTree = "<group>"; };
		75B48B562AF6837700A5FBFC /* ChatRoomRootView.swift */ = {isa = PBXFileReference; lastKnownFileType = sourcecode.swift; path = ChatRoomRootView.swift; sourceTree = "<group>"; };
		75B48B582AFB2C4000A5FBFC /* ResultsTableController.swift */ = {isa = PBXFileReference; lastKnownFileType = sourcecode.swift; path = ResultsTableController.swift; sourceTree = "<group>"; };
		75B5C4B62A49AB0A00F63A5A /* ChatUpp.app */ = {isa = PBXFileReference; explicitFileType = wrapper.application; includeInIndex = 0; path = ChatUpp.app; sourceTree = BUILT_PRODUCTS_DIR; };
		75B5C4B92A49AB0A00F63A5A /* AppDelegate.swift */ = {isa = PBXFileReference; lastKnownFileType = sourcecode.swift; path = AppDelegate.swift; sourceTree = "<group>"; };
		75B5C4BB2A49AB0A00F63A5A /* SceneDelegate.swift */ = {isa = PBXFileReference; lastKnownFileType = sourcecode.swift; path = SceneDelegate.swift; sourceTree = "<group>"; };
		75B5C4BD2A49AB0A00F63A5A /* LoginViewController.swift */ = {isa = PBXFileReference; lastKnownFileType = sourcecode.swift; path = LoginViewController.swift; sourceTree = "<group>"; };
		75B5C4C22A49AB0B00F63A5A /* Assets.xcassets */ = {isa = PBXFileReference; lastKnownFileType = folder.assetcatalog; path = Assets.xcassets; sourceTree = "<group>"; };
		75B5C4C52A49AB0B00F63A5A /* Base */ = {isa = PBXFileReference; lastKnownFileType = file.storyboard; name = Base; path = Base.lproj/LaunchScreen.storyboard; sourceTree = "<group>"; };
		75B5C4C72A49AB0B00F63A5A /* Info.plist */ = {isa = PBXFileReference; lastKnownFileType = text.plist.xml; path = Info.plist; sourceTree = "<group>"; };
		75BA23822D2D773100A4C508 /* CropViewControllerRepresentable.swift */ = {isa = PBXFileReference; lastKnownFileType = sourcecode.swift; path = CropViewControllerRepresentable.swift; sourceTree = "<group>"; };
		75BA23842D2F02E600A4C508 /* ImageSaveble.swift */ = {isa = PBXFileReference; lastKnownFileType = sourcecode.swift; path = ImageSaveble.swift; sourceTree = "<group>"; };
		75BA23BB2D32272800A4C508 /* ServiceT.swift */ = {isa = PBXFileReference; lastKnownFileType = sourcecode.swift; path = ServiceT.swift; sourceTree = "<group>"; };
		75BA7E4E2D34AE0300A4C508 /* IndexPath+Extensions.swift */ = {isa = PBXFileReference; lastKnownFileType = sourcecode.swift; path = "IndexPath+Extensions.swift"; sourceTree = "<group>"; };
		75BF5F032BB8E1EA00AE6C45 /* GoogleService-Info.plist */ = {isa = PBXFileReference; fileEncoding = 4; lastKnownFileType = text.plist.xml; path = "GoogleService-Info.plist"; sourceTree = "<group>"; };
		75C7B29E2A4DBF8000C41E69 /* EmailSignUpViewController.swift */ = {isa = PBXFileReference; lastKnownFileType = sourcecode.swift; path = EmailSignUpViewController.swift; sourceTree = "<group>"; };
		75CB52172B0BF064007F3AB6 /* FirebaseStorageManager.swift */ = {isa = PBXFileReference; lastKnownFileType = sourcecode.swift; path = FirebaseStorageManager.swift; sourceTree = "<group>"; };
		75CC9FE12D59402F002051EB /* ColorManager.swift */ = {isa = PBXFileReference; lastKnownFileType = sourcecode.swift; path = ColorManager.swift; sourceTree = "<group>"; };
		75D08B962BEFDC9E000AE1B5 /* YYText.xcodeproj */ = {isa = PBXFileReference; lastKnownFileType = "wrapper.pb-project"; name = YYText.xcodeproj; path = YYText/Framework/YYText.xcodeproj; sourceTree = "<group>"; };
		75D08BA32BEFDCF4000AE1B5 /* FlagPhoneNumber.xcodeproj */ = {isa = PBXFileReference; lastKnownFileType = "wrapper.pb-project"; name = FlagPhoneNumber.xcodeproj; path = FlagPhoneNumber/FlagPhoneNumber.xcodeproj; sourceTree = "<group>"; };
		75D08C932D1AC44500F077B9 /* GroupCreationScreen.swift */ = {isa = PBXFileReference; lastKnownFileType = sourcecode.swift; path = GroupCreationScreen.swift; sourceTree = "<group>"; };
		75D6DC322B0D735100D2CD26 /* MessageCellViewModel.swift */ = {isa = PBXFileReference; lastKnownFileType = sourcecode.swift; path = MessageCellViewModel.swift; sourceTree = "<group>"; };
		75D6DC342B128A4100D2CD26 /* UIImage+Extension.swift */ = {isa = PBXFileReference; lastKnownFileType = sourcecode.swift; path = "UIImage+Extension.swift"; sourceTree = "<group>"; };
		75D7C5942AD72DBC00F6D4B9 /* MessageTableViewCell.swift */ = {isa = PBXFileReference; lastKnownFileType = sourcecode.swift; path = MessageTableViewCell.swift; sourceTree = "<group>"; };
		75D7C5CB2ADAD40600F6D4B9 /* CGFloat+Extension.swift */ = {isa = PBXFileReference; lastKnownFileType = sourcecode.swift; path = "CGFloat+Extension.swift"; sourceTree = "<group>"; };
		75D7C5CF2ADD9C3300F6D4B9 /* Date+Extensions.swift */ = {isa = PBXFileReference; lastKnownFileType = sourcecode.swift; path = "Date+Extensions.swift"; sourceTree = "<group>"; };
		75DD0AEC2B17D3D0005DBADE /* PhoneCodeVerificationViewController.swift */ = {isa = PBXFileReference; lastKnownFileType = sourcecode.swift; path = PhoneCodeVerificationViewController.swift; sourceTree = "<group>"; };
		75DD0AEF2B22175D005DBADE /* MailSignInViewController.swift */ = {isa = PBXFileReference; lastKnownFileType = sourcecode.swift; path = MailSignInViewController.swift; sourceTree = "<group>"; };
		75E054272B04290100828B9D /* AlgoliaSearchManager.swift */ = {isa = PBXFileReference; lastKnownFileType = sourcecode.swift; path = AlgoliaSearchManager.swift; sourceTree = "<group>"; };
		75E2F2F02C3C17BE0058DC88 /* RealtimeUserService.swift */ = {isa = PBXFileReference; lastKnownFileType = sourcecode.swift; path = RealtimeUserService.swift; sourceTree = "<group>"; };
		75E8AABD2D918C68007479E4 /* ChatRoomIformationEditScreen.swift */ = {isa = PBXFileReference; lastKnownFileType = sourcecode.swift; path = ChatRoomIformationEditScreen.swift; sourceTree = "<group>"; };
		75E8AABF2D9192EC007479E4 /* ChatRoomIformationEditViewModel.swift */ = {isa = PBXFileReference; lastKnownFileType = sourcecode.swift; path = ChatRoomIformationEditViewModel.swift; sourceTree = "<group>"; };
		75E8AAC12D9213EF007479E4 /* ImageRepositoryRepresentable.swift */ = {isa = PBXFileReference; lastKnownFileType = sourcecode.swift; path = ImageRepositoryRepresentable.swift; sourceTree = "<group>"; };
		75EAD9932D457376008BBD4B /* ObservableRealmObjectProcotol.swift */ = {isa = PBXFileReference; lastKnownFileType = sourcecode.swift; path = ObservableRealmObjectProcotol.swift; sourceTree = "<group>"; };
		75F608832BEC2F560065DA83 /* InputBarMessageTextViewDelegate.swift */ = {isa = PBXFileReference; lastKnownFileType = sourcecode.swift; path = InputBarMessageTextViewDelegate.swift; sourceTree = "<group>"; };
		75F608852BEC33400065DA83 /* InputBarHeaderView.swift */ = {isa = PBXFileReference; lastKnownFileType = sourcecode.swift; path = InputBarHeaderView.swift; sourceTree = "<group>"; };
		75FB78EF2AC2F40A00C2743A /* SignInGoogleHelper.swift */ = {isa = PBXFileReference; lastKnownFileType = sourcecode.swift; path = SignInGoogleHelper.swift; sourceTree = "<group>"; };
		75FB78F12AC3106700C2743A /* LoginViewModel.swift */ = {isa = PBXFileReference; lastKnownFileType = sourcecode.swift; path = LoginViewModel.swift; sourceTree = "<group>"; };
		75FB78F32AC310AA00C2743A /* SignUpViewModel.swift */ = {isa = PBXFileReference; lastKnownFileType = sourcecode.swift; path = SignUpViewModel.swift; sourceTree = "<group>"; };
		75FB78F52AC3113700C2743A /* UsernameRegistrationViewModel.swift */ = {isa = PBXFileReference; lastKnownFileType = sourcecode.swift; path = UsernameRegistrationViewModel.swift; sourceTree = "<group>"; };
		75FB78F72AC311D000C2743A /* ChatsViewModel.swift */ = {isa = PBXFileReference; lastKnownFileType = sourcecode.swift; path = ChatsViewModel.swift; sourceTree = "<group>"; };
		75FB78FA2AC3164000C2743A /* SettingsViewModel.swift */ = {isa = PBXFileReference; lastKnownFileType = sourcecode.swift; path = SettingsViewModel.swift; sourceTree = "<group>"; };
		75FB79002AC318D600C2743A /* UIView+Extensions.swift */ = {isa = PBXFileReference; lastKnownFileType = sourcecode.swift; path = "UIView+Extensions.swift"; sourceTree = "<group>"; };
		75FD74832CC03B0B0012DC35 /* Array+Extensions.swift */ = {isa = PBXFileReference; lastKnownFileType = sourcecode.swift; path = "Array+Extensions.swift"; sourceTree = "<group>"; };
/* End PBXFileReference section */

/* Begin PBXFrameworksBuildPhase section */
		75B5C4B32A49AB0A00F63A5A /* Frameworks */ = {
			isa = PBXFrameworksBuildPhase;
			buildActionMask = 2147483647;
			files = (
				757AB0FE2BB9D81B00A64DA4 /* GoogleSignInSwift in Frameworks */,
				757AB0E62BB9D70D00A64DA4 /* FirebaseDatabaseSwift in Frameworks */,
				757AB0E42BB9D70D00A64DA4 /* FirebaseDatabase in Frameworks */,
				756E6D162D820D1F0065CADB /* ActivityIndicatorView in Frameworks */,
				757AB0E02BB9D70C00A64DA4 /* FirebaseAuth in Frameworks */,
				752514BA2D0CD2FF003330E7 /* Kingfisher in Frameworks */,
				757AB0F02BB9D70D00A64DA4 /* FirebaseFunctions in Frameworks */,
				757AB0E22BB9D70C00A64DA4 /* FirebaseAuthCombine-Community in Frameworks */,
				756E6D1D2D8210890065CADB /* NVActivityIndicatorView in Frameworks */,
				757AB0F92BB9D7DD00A64DA4 /* AlgoliaSearchClient in Frameworks */,
				7587CE222C7CC403002D60CE /* RealmSwift in Frameworks */,
				757AB0E82BB9D70D00A64DA4 /* FirebaseDynamicLinks in Frameworks */,
				75D08BA92BEFDCFD000AE1B5 /* FlagPhoneNumber.framework in Frameworks */,
				757AB0EA2BB9D70D00A64DA4 /* FirebaseFirestore in Frameworks */,
				756E6D1F2D8210890065CADB /* NVActivityIndicatorViewExtended in Frameworks */,
				757AB0EC2BB9D70D00A64DA4 /* FirebaseFirestoreCombine-Community in Frameworks */,
				757AB0F42BB9D70D00A64DA4 /* FirebaseStorage in Frameworks */,
				757AB0EE2BB9D70D00A64DA4 /* FirebaseFirestoreSwift in Frameworks */,
				75D08B9C2BEFDCB1000AE1B5 /* YYText.framework in Frameworks */,
				757AB1012BB9D85100A64DA4 /* SkeletonView in Frameworks */,
				757AB0F62BB9D70D00A64DA4 /* FirebaseStorageCombine-Community in Frameworks */,
				757AB0F22BB9D70D00A64DA4 /* FirebaseInstallations in Frameworks */,
				757AB0FC2BB9D81B00A64DA4 /* GoogleSignIn in Frameworks */,
				75A086182D19619E00DE5333 /* TOCropViewController in Frameworks */,
				75A086162D19619E00DE5333 /* CropViewController in Frameworks */,
			);
			runOnlyForDeploymentPostprocessing = 0;
		};
/* End PBXFrameworksBuildPhase section */

/* Begin PBXGroup section */
		75007AF02C5564CF006B1D6E /* Subviews */ = {
			isa = PBXGroup;
			children = (
				75A7AFD92D3C394100E081DF /* InputBarContainer.swift */,
				75A7AFD72D3C38C700E081DF /* ChatRoomNavigationBar.swift */,
				75B48B562AF6837700A5FBFC /* ChatRoomRootView.swift */,
				75F608852BEC33400065DA83 /* InputBarHeaderView.swift */,
			);
			path = Subviews;
			sourceTree = "<group>";
		};
		751100372CEEA0CF00DD659C /* Custom Views */ = {
			isa = PBXGroup;
			children = (
				751100382CEEA10100DD659C /* UnseenMessagesBadge.swift */,
			);
			path = "Custom Views";
			sourceTree = "<group>";
		};
		752DE4022D216FB2003AC40C /* Views */ = {
			isa = PBXGroup;
			children = (
				75BA23822D2D773100A4C508 /* CropViewControllerRepresentable.swift */,
				752DE40E2D219549003AC40C /* Subviews */,
				75D08C932D1AC44500F077B9 /* GroupCreationScreen.swift */,
				752DE40C2D218B95003AC40C /* GroupMembersSelectionScreen.swift */,
				757E81B62D29957F00727277 /* NewGroupSetupScreen.swift */,
			);
			path = Views;
			sourceTree = "<group>";
		};
		752DE4072D216FDA003AC40C /* ViewModel */ = {
			isa = PBXGroup;
			children = (
				752DE4082D217003003AC40C /* GroupCreationViewModel.swift */,
			);
			path = ViewModel;
			sourceTree = "<group>";
		};
		752DE40E2D219549003AC40C /* Subviews */ = {
			isa = PBXGroup;
			children = (
				752DE40F2D219557003AC40C /* UserView.swift */,
				757E81B42D232EC400727277 /* SelectedGroupMembersView.swift */,
			);
			path = Subviews;
			sourceTree = "<group>";
		};
		7533D9B92B167E7F0057EBC7 /* PhoneSignin */ = {
			isa = PBXGroup;
			children = (
				7533D9B72B1659210057EBC7 /* PhoneSignInViewController.swift */,
				7533D9BA2B167ED80057EBC7 /* PhoneSigninViewModel.swift */,
				75DD0AEC2B17D3D0005DBADE /* PhoneCodeVerificationViewController.swift */,
			);
			path = PhoneSignin;
			sourceTree = "<group>";
		};
		753D3FF32BEFC16200BA26A4 /* Frameworks */ = {
			isa = PBXGroup;
			children = (
				753D3FFA2BEFC23700BA26A4 /* FlagPhoneNumber.xcodeproj */,
				753D3FF42BEFC1DB00BA26A4 /* YYText.xcodeproj */,
			);
			path = Frameworks;
			sourceTree = "<group>";
		};
		7541EF002D8B6EEC00ABC8BA /* ViewModel */ = {
			isa = PBXGroup;
			children = (
				75E8AABF2D9192EC007479E4 /* ChatRoomIformationEditViewModel.swift */,
				7541EF062D8B6EFC00ABC8BA /* ChatRoomInformationViewModel.swift */,
			);
			path = ViewModel;
			sourceTree = "<group>";
		};
		7541EF052D8B6EF200ABC8BA /* Views */ = {
			isa = PBXGroup;
			children = (
				756E6D232D88A64D0065CADB /* ChatRoomInformationScreen.swift */,
				75E8AABD2D918C68007479E4 /* ChatRoomIformationEditScreen.swift */,
			);
			path = Views;
			sourceTree = "<group>";
		};
		7543BE312ACC879D003001BF /* ChatRoom */ = {
			isa = PBXGroup;
			children = (
				756E6D222D88A5A00065CADB /* ChatRoomInformation */,
				75A7AFCD2D399B1A00E081DF /* ConversationViewModel+MessageClusterHandler.swift */,
				75BA23BB2D32272800A4C508 /* ServiceT.swift */,
				7543BE322ACC87CA003001BF /* ChatRoomViewController.swift */,
				7543BE342ACC87E1003001BF /* ChatRoomViewModel.swift */,
				75A7AFC92D39717800E081DF /* ChatRoomViewModel+Enums.swift */,
				75F608832BEC2F560065DA83 /* InputBarMessageTextViewDelegate.swift */,
				75007AF02C5564CF006B1D6E /* Subviews */,
				7563F87D2ADE2C1A006FA374 /* ConversationTableView */,
			);
			path = ChatRoom;
			sourceTree = "<group>";
		};
		754439512B3FCFA80044A84B /* ProfileEditing */ = {
			isa = PBXGroup;
			children = (
				7525150C2D0EE41D003330E7 /* ProfileEditingListCell.swift */,
				754439522B3FCFF30044A84B /* ProfileEditingViewController.swift */,
				754439542B4134150044A84B /* ProfileEditingViewModel.swift */,
			);
			path = ProfileEditing;
			sourceTree = "<group>";
		};
		754E56062BBA158E008F8E8A /* Frameworks */ = {
			isa = PBXGroup;
			children = (
				75D08BA32BEFDCF4000AE1B5 /* FlagPhoneNumber.xcodeproj */,
				75D08B962BEFDC9E000AE1B5 /* YYText.xcodeproj */,
			);
			name = Frameworks;
			sourceTree = "<group>";
		};
		755A3F9E2AD2F2A700739861 /* Coordinator */ = {
			isa = PBXGroup;
			children = (
				755A3F9F2AD2F2C100739861 /* Coordinator.swift */,
			);
			path = Coordinator;
			sourceTree = "<group>";
		};
		7563F87D2ADE2C1A006FA374 /* ConversationTableView */ = {
			isa = PBXGroup;
			children = (
				750F5BEC2D9D5ACF007655F3 /* MessageEventTableViewCell.swift */,
				75D7C5942AD72DBC00F6D4B9 /* MessageTableViewCell.swift */,
				75D6DC322B0D735100D2CD26 /* MessageCellViewModel.swift */,
				7563F87B2ADE25E6006FA374 /* ConversationTableViewDataSource.swift */,
				757900752BF1768D00DE5A2F /* ConversationTableViewFooter.swift */,
				75855AF42CF0393A00FF8E9E /* UnseenMessagesTitleTableViewCell.swift */,
			);
			path = ConversationTableView;
			sourceTree = "<group>";
		};
		756525C02A7E821C005DC594 /* Authentication */ = {
			isa = PBXGroup;
			children = (
				756525C12A7E8240005DC594 /* AuthenticationManager.swift */,
				75FB78EF2AC2F40A00C2743A /* SignInGoogleHelper.swift */,
			);
			path = Authentication;
			sourceTree = "<group>";
		};
		756525C32A7FDAEA005DC594 /* Login */ = {
			isa = PBXGroup;
			children = (
				75B5C4BD2A49AB0A00F63A5A /* LoginViewController.swift */,
				75FB78F12AC3106700C2743A /* LoginViewModel.swift */,
				7533D9B92B167E7F0057EBC7 /* PhoneSignin */,
				75DD0AEE2B221715005DBADE /* MailSignin */,
			);
			path = Login;
			sourceTree = "<group>";
		};
		756525C42A7FDB1F005DC594 /* Registration */ = {
			isa = PBXGroup;
			children = (
				75FB79032AC31E4800C2743A /* SignupEmail */,
				75FB79042AC31EEB00C2743A /* UsernameRegistration */,
			);
			path = Registration;
			sourceTree = "<group>";
		};
		756525C82A8127CC005DC594 /* Utilities */ = {
			isa = PBXGroup;
			children = (
				75CC9FE12D59402F002051EB /* ColorManager.swift */,
				75A086192D1977D200DE5333 /* ImageCropper.swift */,
				7597CE5A2D1494ED00CFD1B8 /* ImageSampleRepository.swift */,
				7586807A2AC3239E009C16D3 /* CredentialsValidator */,
				756525C92A8127F5005DC594 /* Observable.swift */,
				753D0B682AC1FA6100C22AC4 /* Utilities.swift */,
			);
			path = Utilities;
			sourceTree = "<group>";
		};
		756525D32AB50035005DC594 /* Firestore database */ = {
			isa = PBXGroup;
			children = (
				756525D42AB50079005DC594 /* FirestoreUserService.swift */,
				7543BE292ACB0EDA003001BF /* FirebaseChatService.swift */,
				7563F87F2ADF6E31006FA374 /* FirestoreCollectionName.swift */,
			);
			path = "Firestore database";
			sourceTree = "<group>";
		};
		756E6D222D88A5A00065CADB /* ChatRoomInformation */ = {
			isa = PBXGroup;
			children = (
				7541EF052D8B6EF200ABC8BA /* Views */,
				7541EF002D8B6EEC00ABC8BA /* ViewModel */,
			);
			path = ChatRoomInformation;
			sourceTree = "<group>";
		};
		757033A32BC2D829002732B5 /* Protocols */ = {
			isa = PBXGroup;
			children = (
				75E8AAC12D9213EF007479E4 /* ImageRepositoryRepresentable.swift */,
				75EAD9932D457376008BBD4B /* ObservableRealmObjectProcotol.swift */,
				75A7AFCB2D39740600E081DF /* AuthUserProtocol.swift */,
				75BA23842D2F02E600A4C508 /* ImageSaveble.swift */,
				757033A42BC2D8C4002732B5 /* TextViewShadowConfigurable.swift */,
			);
			path = Protocols;
			sourceTree = "<group>";
		};
		7573E5C12B5BD41A0096B4E6 /* ProfileDeletion */ = {
			isa = PBXGroup;
			children = (
				7573E5C22B5BD4500096B4E6 /* ProfileDeletionViewController.swift */,
				7573E5C42B5E898C0096B4E6 /* ProfileDeletionViewModel.swift */,
			);
			path = ProfileDeletion;
			sourceTree = "<group>";
		};
		75855B3D2CF14B2A00FF8E9E /* Reuse Identifires */ = {
			isa = PBXGroup;
			children = (
				75855B3E2CF14B5300FF8E9E /* ReuseIdentifire.swift */,
			);
			path = "Reuse Identifires";
			sourceTree = "<group>";
		};
		7586807A2AC3239E009C16D3 /* CredentialsValidator */ = {
			isa = PBXGroup;
			children = (
				7541615B2ABDDABC007CF0FA /* EmailCredentialsValidator.swift */,
			);
			path = CredentialsValidator;
			sourceTree = "<group>";
		};
		7587CE1C2C781330002D60CE /* Realm database */ = {
			isa = PBXGroup;
			children = (
				7587CE1D2C781425002D60CE /* RealmDataBase.swift */,
			);
			path = "Realm database";
			sourceTree = "<group>";
		};
		7587CE1F2C78176E002D60CE /* Database models */ = {
			isa = PBXGroup;
			children = (
				7543BE2B2ACC864A003001BF /* UserModel.swift */,
				7543BE2D2ACC868B003001BF /* ChatModel.swift */,
				7543BE2F2ACC86AE003001BF /* MessageModel.swift */,
			);
			path = "Database models";
			sourceTree = "<group>";
		};
		759BBFC42AFD5BE900D7E9A0 /* ResultsTableView */ = {
			isa = PBXGroup;
			children = (
				75B48B582AFB2C4000A5FBFC /* ResultsTableController.swift */,
				759BBFC52AFD5C3A00D7E9A0 /* ResultsTableCell.swift */,
				756891B32B6549E500DC7D71 /* ResultsCellViewModel.swift */,
			);
			path = ResultsTableView;
			sourceTree = "<group>";
		};
		75A918492C942DEB006ED4CA /* Helpers */ = {
			isa = PBXGroup;
			children = (
				75A9184A2C942E15006ED4CA /* CacheManager.swift */,
			);
			name = Helpers;
			sourceTree = "<group>";
		};
		75B5C4AD2A49AB0A00F63A5A = {
			isa = PBXGroup;
			children = (
				75B5C4B82A49AB0A00F63A5A /* ChatUpp */,
				753D3FF32BEFC16200BA26A4 /* Frameworks */,
				75B5C4B72A49AB0A00F63A5A /* Products */,
				754E56062BBA158E008F8E8A /* Frameworks */,
			);
			sourceTree = "<group>";
		};
		75B5C4B72A49AB0A00F63A5A /* Products */ = {
			isa = PBXGroup;
			children = (
				75B5C4B62A49AB0A00F63A5A /* ChatUpp.app */,
			);
			name = Products;
			sourceTree = "<group>";
		};
		75B5C4B82A49AB0A00F63A5A /* ChatUpp */ = {
			isa = PBXGroup;
			children = (
				75A918492C942DEB006ED4CA /* Helpers */,
				7587CE1F2C78176E002D60CE /* Database models */,
				756525D32AB50035005DC594 /* Firestore database */,
				75CB52192B0BF07D007F3AB6 /* Firebase storage */,
				75E2F2EF2C3C17620058DC88 /* Realtime database */,
				7587CE1C2C781330002D60CE /* Realm database */,
				757033A32BC2D829002732B5 /* Protocols */,
				75FB79022AC31AEA00C2743A /* Core */,
				75FB78FF2AC3188C00C2743A /* Extensions */,
				75E054262B0428E200828B9D /* AlgoliaSearch */,
				756525C02A7E821C005DC594 /* Authentication */,
				756525C82A8127CC005DC594 /* Utilities */,
				75B5C4CD2A49AB1500F63A5A /* Supporting files */,
				75B5C4C72A49AB0B00F63A5A /* Info.plist */,
				75BF5F032BB8E1EA00AE6C45 /* GoogleService-Info.plist */,
			);
			path = ChatUpp;
			sourceTree = "<group>";
		};
		75B5C4CD2A49AB1500F63A5A /* Supporting files */ = {
			isa = PBXGroup;
			children = (
				75B5C4C22A49AB0B00F63A5A /* Assets.xcassets */,
				75B5C4B92A49AB0A00F63A5A /* AppDelegate.swift */,
				75B5C4BB2A49AB0A00F63A5A /* SceneDelegate.swift */,
				75B5C4C42A49AB0B00F63A5A /* LaunchScreen.storyboard */,
			);
			path = "Supporting files";
			sourceTree = "<group>";
		};
		75CB52192B0BF07D007F3AB6 /* Firebase storage */ = {
			isa = PBXGroup;
			children = (
				75CB52172B0BF064007F3AB6 /* FirebaseStorageManager.swift */,
			);
			path = "Firebase storage";
			sourceTree = "<group>";
		};
		75D08B912BEFDC8D000AE1B5 /* Products */ = {
			isa = PBXGroup;
			children = (
				75D08B952BEFDC8D000AE1B5 /* YYText.framework */,
			);
			name = Products;
			sourceTree = "<group>";
		};
		75D08B972BEFDC9E000AE1B5 /* Products */ = {
			isa = PBXGroup;
			children = (
				75D08B9B2BEFDC9E000AE1B5 /* YYText.framework */,
			);
			name = Products;
			sourceTree = "<group>";
		};
		75D08B9E2BEFDCE9000AE1B5 /* Products */ = {
			isa = PBXGroup;
			children = (
				75D08BA22BEFDCE9000AE1B5 /* FlagPhoneNumber.framework */,
			);
			name = Products;
			sourceTree = "<group>";
		};
		75D08BA42BEFDCF4000AE1B5 /* Products */ = {
			isa = PBXGroup;
			children = (
				75D08BA82BEFDCF4000AE1B5 /* FlagPhoneNumber.framework */,
			);
			name = Products;
			sourceTree = "<group>";
		};
		75D08C8A2D1ABF4200F077B9 /* Groups */ = {
			isa = PBXGroup;
			children = (
				752DE4072D216FDA003AC40C /* ViewModel */,
				752DE4022D216FB2003AC40C /* Views */,
			);
			path = Groups;
			sourceTree = "<group>";
		};
		75D7C5722AD5C15000F6D4B9 /* ChatCell */ = {
			isa = PBXGroup;
			children = (
				756525D12AAA147A005DC594 /* ChatsCell.swift */,
				755A3F7C2AD068F900739861 /* ChatCellViewModel.swift */,
			);
			path = ChatCell;
			sourceTree = "<group>";
		};
		75D7C5732AD5C1A300F6D4B9 /* ChatTableView */ = {
			isa = PBXGroup;
			children = (
				755A3F7A2AD0689500739861 /* ChatsTableViewDataSource.swift */,
				75D7C5722AD5C15000F6D4B9 /* ChatCell */,
			);
			path = ChatTableView;
			sourceTree = "<group>";
		};
		75DD0AEE2B221715005DBADE /* MailSignin */ = {
			isa = PBXGroup;
			children = (
				75DD0AEF2B22175D005DBADE /* MailSignInViewController.swift */,
			);
			path = MailSignin;
			sourceTree = "<group>";
		};
		75E054262B0428E200828B9D /* AlgoliaSearch */ = {
			isa = PBXGroup;
			children = (
				75E054272B04290100828B9D /* AlgoliaSearchManager.swift */,
			);
			path = AlgoliaSearch;
			sourceTree = "<group>";
		};
		75E2F2EF2C3C17620058DC88 /* Realtime database */ = {
			isa = PBXGroup;
			children = (
				75E2F2F02C3C17BE0058DC88 /* RealtimeUserService.swift */,
			);
			path = "Realtime database";
			sourceTree = "<group>";
		};
		75FB78F92AC315D200C2743A /* Tabbar */ = {
			isa = PBXGroup;
			children = (
				756525CD2A9F96AB005DC594 /* TabBarViewController.swift */,
			);
			path = Tabbar;
			sourceTree = "<group>";
		};
		75FB78FD2AC3165F00C2743A /* Settings */ = {
			isa = PBXGroup;
			children = (
				7573E5C12B5BD41A0096B4E6 /* ProfileDeletion */,
				754439512B3FCFA80044A84B /* ProfileEditing */,
				756525CB2A9E8EBD005DC594 /* SettingsViewController.swift */,
				75FB78FA2AC3164000C2743A /* SettingsViewModel.swift */,
				7544392D2B3D2B620044A84B /* SettingsItemModel.swift */,
				7544392F2B3D2BDC0044A84B /* ProfileEditingListHeaderCell.swift */,
			);
			path = Settings;
			sourceTree = "<group>";
		};
		75FB78FE2AC3169100C2743A /* Chats */ = {
			isa = PBXGroup;
			children = (
				756525C62A7FE49E005DC594 /* ChatsViewController.swift */,
				75FB78F72AC311D000C2743A /* ChatsViewModel.swift */,
				759BBFC42AFD5BE900D7E9A0 /* ResultsTableView */,
				75D7C5732AD5C1A300F6D4B9 /* ChatTableView */,
				7543BE312ACC879D003001BF /* ChatRoom */,
			);
			path = Chats;
			sourceTree = "<group>";
		};
		75FB78FF2AC3188C00C2743A /* Extensions */ = {
			isa = PBXGroup;
			children = (
				75A7AFC22D396D1400E081DF /* ChatRoomViewModel+Extensions.swift */,
				75BA7E4E2D34AE0300A4C508 /* IndexPath+Extensions.swift */,
				75FB79002AC318D600C2743A /* UIView+Extensions.swift */,
				75D7C5CB2ADAD40600F6D4B9 /* CGFloat+Extension.swift */,
				75D7C5CF2ADD9C3300F6D4B9 /* Date+Extensions.swift */,
				7563F8C12AE8D26F006FA374 /* UILabel+Extensions.swift */,
				7563F8C32AE8D2D1006FA374 /* String+Extensions.swift */,
				75D6DC342B128A4100D2CD26 /* UIImage+Extension.swift */,
				753185E82C22123300C4F9F4 /* UIButton + extensions.swift */,
				753186122C26F8B900C4F9F4 /* UITextView+Extensions.swift */,
				7587CE1A2C77DA7D002D60CE /* Query+Extensions.swift */,
				75FD74832CC03B0B0012DC35 /* Array+Extensions.swift */,
			);
			path = Extensions;
			sourceTree = "<group>";
		};
		75FB79022AC31AEA00C2743A /* Core */ = {
			isa = PBXGroup;
			children = (
				751100372CEEA0CF00DD659C /* Custom Views */,
				75855B3D2CF14B2A00FF8E9E /* Reuse Identifires */,
				755A3F9E2AD2F2A700739861 /* Coordinator */,
				75FB78FE2AC3169100C2743A /* Chats */,
				75D08C8A2D1ABF4200F077B9 /* Groups */,
				756525C32A7FDAEA005DC594 /* Login */,
				756525C42A7FDB1F005DC594 /* Registration */,
				75FB78F92AC315D200C2743A /* Tabbar */,
				75FB78FD2AC3165F00C2743A /* Settings */,
			);
			path = Core;
			sourceTree = "<group>";
		};
		75FB79032AC31E4800C2743A /* SignupEmail */ = {
			isa = PBXGroup;
			children = (
				75C7B29E2A4DBF8000C41E69 /* EmailSignUpViewController.swift */,
				75FB78F32AC310AA00C2743A /* SignUpViewModel.swift */,
			);
			path = SignupEmail;
			sourceTree = "<group>";
		};
		75FB79042AC31EEB00C2743A /* UsernameRegistration */ = {
			isa = PBXGroup;
			children = (
				756525D62AB65427005DC594 /* UsernameRegistrationViewController.swift */,
				75FB78F52AC3113700C2743A /* UsernameRegistrationViewModel.swift */,
			);
			path = UsernameRegistration;
			sourceTree = "<group>";
		};
/* End PBXGroup section */

/* Begin PBXNativeTarget section */
		75B5C4B52A49AB0A00F63A5A /* ChatUpp */ = {
			isa = PBXNativeTarget;
			buildConfigurationList = 75B5C4CA2A49AB0B00F63A5A /* Build configuration list for PBXNativeTarget "ChatUpp" */;
			buildPhases = (
				75B5C4B22A49AB0A00F63A5A /* Sources */,
				75B5C4B32A49AB0A00F63A5A /* Frameworks */,
				75B5C4B42A49AB0A00F63A5A /* Resources */,
				7545AD922BB9E65B00E9B107 /* Embed Frameworks */,
			);
			buildRules = (
			);
			dependencies = (
			);
			name = ChatUpp;
			packageProductDependencies = (
				757AB0DF2BB9D70C00A64DA4 /* FirebaseAuth */,
				757AB0E12BB9D70C00A64DA4 /* FirebaseAuthCombine-Community */,
				757AB0E32BB9D70D00A64DA4 /* FirebaseDatabase */,
				757AB0E52BB9D70D00A64DA4 /* FirebaseDatabaseSwift */,
				757AB0E72BB9D70D00A64DA4 /* FirebaseDynamicLinks */,
				757AB0E92BB9D70D00A64DA4 /* FirebaseFirestore */,
				757AB0EB2BB9D70D00A64DA4 /* FirebaseFirestoreCombine-Community */,
				757AB0ED2BB9D70D00A64DA4 /* FirebaseFirestoreSwift */,
				757AB0EF2BB9D70D00A64DA4 /* FirebaseFunctions */,
				757AB0F12BB9D70D00A64DA4 /* FirebaseInstallations */,
				757AB0F32BB9D70D00A64DA4 /* FirebaseStorage */,
				757AB0F52BB9D70D00A64DA4 /* FirebaseStorageCombine-Community */,
				757AB0F82BB9D7DD00A64DA4 /* AlgoliaSearchClient */,
				757AB0FB2BB9D81B00A64DA4 /* GoogleSignIn */,
				757AB0FD2BB9D81B00A64DA4 /* GoogleSignInSwift */,
				757AB1002BB9D85100A64DA4 /* SkeletonView */,
				7587CE212C7CC403002D60CE /* RealmSwift */,
				752514B92D0CD2FF003330E7 /* Kingfisher */,
				75A086152D19619E00DE5333 /* CropViewController */,
				75A086172D19619E00DE5333 /* TOCropViewController */,
				756E6D152D820D1F0065CADB /* ActivityIndicatorView */,
				756E6D1C2D8210890065CADB /* NVActivityIndicatorView */,
				756E6D1E2D8210890065CADB /* NVActivityIndicatorViewExtended */,
			);
			productName = ChatUpp;
			productReference = 75B5C4B62A49AB0A00F63A5A /* ChatUpp.app */;
			productType = "com.apple.product-type.application";
		};
/* End PBXNativeTarget section */

/* Begin PBXProject section */
		75B5C4AE2A49AB0A00F63A5A /* Project object */ = {
			isa = PBXProject;
			attributes = {
				BuildIndependentTargetsInParallel = 1;
				LastSwiftUpdateCheck = 1420;
				LastUpgradeCheck = 1420;
				TargetAttributes = {
					75B5C4B52A49AB0A00F63A5A = {
						CreatedOnToolsVersion = 14.2;
					};
				};
			};
			buildConfigurationList = 75B5C4B12A49AB0A00F63A5A /* Build configuration list for PBXProject "ChatUpp" */;
			compatibilityVersion = "Xcode 14.0";
			developmentRegion = en;
			hasScannedForEncodings = 0;
			knownRegions = (
				en,
				Base,
			);
			mainGroup = 75B5C4AD2A49AB0A00F63A5A;
			packageReferences = (
				757AB0DE2BB9D70C00A64DA4 /* XCRemoteSwiftPackageReference "firebase-ios-sdk" */,
				757AB0F72BB9D7DD00A64DA4 /* XCRemoteSwiftPackageReference "algoliasearch-client-swift" */,
				757AB0FA2BB9D81B00A64DA4 /* XCRemoteSwiftPackageReference "GoogleSignIn-iOS" */,
				757AB0FF2BB9D85100A64DA4 /* XCRemoteSwiftPackageReference "SkeletonView" */,
				7587CE202C7CC403002D60CE /* XCRemoteSwiftPackageReference "realm-swift" */,
				752514B82D0CD2FF003330E7 /* XCRemoteSwiftPackageReference "Kingfisher" */,
				75A086142D19619E00DE5333 /* XCRemoteSwiftPackageReference "TOCropViewController" */,
				756E6D142D820D1F0065CADB /* XCRemoteSwiftPackageReference "ActivityIndicatorView" */,
				756E6D1B2D8210890065CADB /* XCRemoteSwiftPackageReference "NVActivityIndicatorView" */,
			);
			productRefGroup = 75B5C4B72A49AB0A00F63A5A /* Products */;
			projectDirPath = "";
			projectReferences = (
				{
					ProductGroup = 75D08BA42BEFDCF4000AE1B5 /* Products */;
					ProjectRef = 75D08BA32BEFDCF4000AE1B5 /* FlagPhoneNumber.xcodeproj */;
				},
				{
					ProductGroup = 75D08B9E2BEFDCE9000AE1B5 /* Products */;
					ProjectRef = 753D3FFA2BEFC23700BA26A4 /* FlagPhoneNumber.xcodeproj */;
				},
				{
					ProductGroup = 75D08B912BEFDC8D000AE1B5 /* Products */;
					ProjectRef = 753D3FF42BEFC1DB00BA26A4 /* YYText.xcodeproj */;
				},
				{
					ProductGroup = 75D08B972BEFDC9E000AE1B5 /* Products */;
					ProjectRef = 75D08B962BEFDC9E000AE1B5 /* YYText.xcodeproj */;
				},
			);
			projectRoot = "";
			targets = (
				75B5C4B52A49AB0A00F63A5A /* ChatUpp */,
			);
		};
/* End PBXProject section */

/* Begin PBXReferenceProxy section */
		75D08B952BEFDC8D000AE1B5 /* YYText.framework */ = {
			isa = PBXReferenceProxy;
			fileType = wrapper.framework;
			path = YYText.framework;
			remoteRef = 75D08B942BEFDC8D000AE1B5 /* PBXContainerItemProxy */;
			sourceTree = BUILT_PRODUCTS_DIR;
		};
		75D08B9B2BEFDC9E000AE1B5 /* YYText.framework */ = {
			isa = PBXReferenceProxy;
			fileType = wrapper.framework;
			path = YYText.framework;
			remoteRef = 75D08B9A2BEFDC9E000AE1B5 /* PBXContainerItemProxy */;
			sourceTree = BUILT_PRODUCTS_DIR;
		};
		75D08BA22BEFDCE9000AE1B5 /* FlagPhoneNumber.framework */ = {
			isa = PBXReferenceProxy;
			fileType = wrapper.framework;
			path = FlagPhoneNumber.framework;
			remoteRef = 75D08BA12BEFDCE9000AE1B5 /* PBXContainerItemProxy */;
			sourceTree = BUILT_PRODUCTS_DIR;
		};
		75D08BA82BEFDCF4000AE1B5 /* FlagPhoneNumber.framework */ = {
			isa = PBXReferenceProxy;
			fileType = wrapper.framework;
			path = FlagPhoneNumber.framework;
			remoteRef = 75D08BA72BEFDCF4000AE1B5 /* PBXContainerItemProxy */;
			sourceTree = BUILT_PRODUCTS_DIR;
		};
/* End PBXReferenceProxy section */

/* Begin PBXResourcesBuildPhase section */
		75B5C4B42A49AB0A00F63A5A /* Resources */ = {
			isa = PBXResourcesBuildPhase;
			buildActionMask = 2147483647;
			files = (
				75B5C4C62A49AB0B00F63A5A /* LaunchScreen.storyboard in Resources */,
				75B5C4C32A49AB0B00F63A5A /* Assets.xcassets in Resources */,
				75BF5F042BB8E1EA00AE6C45 /* GoogleService-Info.plist in Resources */,
			);
			runOnlyForDeploymentPostprocessing = 0;
		};
/* End PBXResourcesBuildPhase section */

/* Begin PBXSourcesBuildPhase section */
		75B5C4B22A49AB0A00F63A5A /* Sources */ = {
			isa = PBXSourcesBuildPhase;
			buildActionMask = 2147483647;
			files = (
				7543BE352ACC87E1003001BF /* ChatRoomViewModel.swift in Sources */,
				75E054282B04290100828B9D /* AlgoliaSearchManager.swift in Sources */,
				756891B42B6549E500DC7D71 /* ResultsCellViewModel.swift in Sources */,
				75A7AFCE2D399B4B00E081DF /* ConversationViewModel+MessageClusterHandler.swift in Sources */,
				7541EF072D8B6F0D00ABC8BA /* ChatRoomInformationViewModel.swift in Sources */,
				756525CA2A8127F5005DC594 /* Observable.swift in Sources */,
				756525C22A7E8240005DC594 /* AuthenticationManager.swift in Sources */,
				7597CE5B2D1494F000CFD1B8 /* ImageSampleRepository.swift in Sources */,
				753186132C26F8B900C4F9F4 /* UITextView+Extensions.swift in Sources */,
				7563F8802ADF6E31006FA374 /* FirestoreCollectionName.swift in Sources */,
				755A3F7D2AD068F900739861 /* ChatCellViewModel.swift in Sources */,
				7543BE2A2ACB0EDA003001BF /* FirebaseChatService.swift in Sources */,
				75F608862BEC33400065DA83 /* InputBarHeaderView.swift in Sources */,
				75A7AFC72D396D1D00E081DF /* ChatRoomViewModel+Extensions.swift in Sources */,
				75A0861A2D1977DB00DE5333 /* ImageCropper.swift in Sources */,
				756525D52AB50079005DC594 /* FirestoreUserService.swift in Sources */,
				757E81B52D232EC400727277 /* SelectedGroupMembersView.swift in Sources */,
				75E2F2F12C3C17BE0058DC88 /* RealtimeUserService.swift in Sources */,
				75FB78F42AC310AA00C2743A /* SignUpViewModel.swift in Sources */,
				75BA23BC2D32272F00A4C508 /* ServiceT.swift in Sources */,
				75E8AABE2D918C68007479E4 /* ChatRoomIformationEditScreen.swift in Sources */,
				756525CE2A9F96AB005DC594 /* TabBarViewController.swift in Sources */,
				7543BE2C2ACC864A003001BF /* UserModel.swift in Sources */,
				757E81B72D29957F00727277 /* NewGroupSetupScreen.swift in Sources */,
				753D0B692AC1FA6100C22AC4 /* Utilities.swift in Sources */,
				75D6DC332B0D735100D2CD26 /* MessageCellViewModel.swift in Sources */,
				75B48B572AF6837700A5FBFC /* ChatRoomRootView.swift in Sources */,
				756525C72A7FE49E005DC594 /* ChatsViewController.swift in Sources */,
				7543BE2E2ACC868B003001BF /* ChatModel.swift in Sources */,
				756E6D242D88A65C0065CADB /* ChatRoomInformationScreen.swift in Sources */,
				75FB78F82AC311D000C2743A /* ChatsViewModel.swift in Sources */,
				755A3F7B2AD0689500739861 /* ChatsTableViewDataSource.swift in Sources */,
				757900762BF1768D00DE5A2F /* ConversationTableViewFooter.swift in Sources */,
				7587CE1B2C77DA7D002D60CE /* Query+Extensions.swift in Sources */,
				75FB78F22AC3106700C2743A /* LoginViewModel.swift in Sources */,
				75FD74842CC03B0B0012DC35 /* Array+Extensions.swift in Sources */,
				75A7AFD82D3C38C900E081DF /* ChatRoomNavigationBar.swift in Sources */,
				7543BE332ACC87CA003001BF /* ChatRoomViewController.swift in Sources */,
				75D08C942D1AC44500F077B9 /* GroupCreationScreen.swift in Sources */,
				75A7AFCC2D39740800E081DF /* AuthUserProtocol.swift in Sources */,
				75A9184B2C942E15006ED4CA /* CacheManager.swift in Sources */,
				75DD0AED2B17D3D0005DBADE /* PhoneCodeVerificationViewController.swift in Sources */,
				75F608842BEC2F560065DA83 /* InputBarMessageTextViewDelegate.swift in Sources */,
				7525150D2D0EE427003330E7 /* ProfileEditingListCell.swift in Sources */,
				754439552B4134150044A84B /* ProfileEditingViewModel.swift in Sources */,
				75D7C5CC2ADAD40600F6D4B9 /* CGFloat+Extension.swift in Sources */,
				75B5C4BE2A49AB0A00F63A5A /* LoginViewController.swift in Sources */,
				750F5BF12D9D5AE9007655F3 /* MessageEventTableViewCell.swift in Sources */,
				759BBFC62AFD5C3A00D7E9A0 /* ResultsTableCell.swift in Sources */,
				75B48B592AFB2C4000A5FBFC /* ResultsTableController.swift in Sources */,
				751100392CEEA10100DD659C /* UnseenMessagesBadge.swift in Sources */,
				7587CE1E2C781425002D60CE /* RealmDataBase.swift in Sources */,
				75B5C4BA2A49AB0A00F63A5A /* AppDelegate.swift in Sources */,
				75A7AFCA2D39717B00E081DF /* ChatRoomViewModel+Enums.swift in Sources */,
				7533D9BB2B167ED80057EBC7 /* PhoneSigninViewModel.swift in Sources */,
				75CC9FE62D594042002051EB /* ColorManager.swift in Sources */,
				7543BE302ACC86AE003001BF /* MessageModel.swift in Sources */,
				7573E5C32B5BD4500096B4E6 /* ProfileDeletionViewController.swift in Sources */,
				75E8AAC02D9192ED007479E4 /* ChatRoomIformationEditViewModel.swift in Sources */,
				75FB79012AC318D600C2743A /* UIView+Extensions.swift in Sources */,
				75FB78F02AC2F40A00C2743A /* SignInGoogleHelper.swift in Sources */,
				75FB78F62AC3113700C2743A /* UsernameRegistrationViewModel.swift in Sources */,
				756525D72AB65427005DC594 /* UsernameRegistrationViewController.swift in Sources */,
				75855B3F2CF14B5300FF8E9E /* ReuseIdentifire.swift in Sources */,
				754439532B3FCFF30044A84B /* ProfileEditingViewController.swift in Sources */,
				75BA23832D2D775700A4C508 /* CropViewControllerRepresentable.swift in Sources */,
				757033A52BC2D8C4002732B5 /* TextViewShadowConfigurable.swift in Sources */,
				75D7C5D02ADD9C3300F6D4B9 /* Date+Extensions.swift in Sources */,
				75D6DC352B128A4100D2CD26 /* UIImage+Extension.swift in Sources */,
				755A3FA02AD2F2C100739861 /* Coordinator.swift in Sources */,
				75DD0AF02B22175D005DBADE /* MailSignInViewController.swift in Sources */,
				75855AF52CF0393A00FF8E9E /* UnseenMessagesTitleTableViewCell.swift in Sources */,
				75CB52182B0BF064007F3AB6 /* FirebaseStorageManager.swift in Sources */,
				7544392E2B3D2B620044A84B /* SettingsItemModel.swift in Sources */,
				7533D9B82B1659210057EBC7 /* PhoneSignInViewController.swift in Sources */,
				7563F8C22AE8D26F006FA374 /* UILabel+Extensions.swift in Sources */,
				7573E5C52B5E898C0096B4E6 /* ProfileDeletionViewModel.swift in Sources */,
				7541615C2ABDDABC007CF0FA /* EmailCredentialsValidator.swift in Sources */,
				75BA23852D2F02F700A4C508 /* ImageSaveble.swift in Sources */,
				75EAD9982D45737F008BBD4B /* ObservableRealmObjectProcotol.swift in Sources */,
				756525D22AAA147A005DC594 /* ChatsCell.swift in Sources */,
				75A7AFDA2D3C394800E081DF /* InputBarContainer.swift in Sources */,
				75D7C5952AD72DBC00F6D4B9 /* MessageTableViewCell.swift in Sources */,
				752DE4092D21700A003AC40C /* GroupCreationViewModel.swift in Sources */,
				752DE4102D219557003AC40C /* UserView.swift in Sources */,
				7563F8C42AE8D2D1006FA374 /* String+Extensions.swift in Sources */,
				75B5C4BC2A49AB0A00F63A5A /* SceneDelegate.swift in Sources */,
				75FB78FB2AC3164000C2743A /* SettingsViewModel.swift in Sources */,
				75BA7E4F2D34AE0C00A4C508 /* IndexPath+Extensions.swift in Sources */,
				753185E92C22123300C4F9F4 /* UIButton + extensions.swift in Sources */,
				75C7B29F2A4DBF8000C41E69 /* EmailSignUpViewController.swift in Sources */,
				756525CC2A9E8EBD005DC594 /* SettingsViewController.swift in Sources */,
				7563F87C2ADE25E6006FA374 /* ConversationTableViewDataSource.swift in Sources */,
				75E8AAC22D9213F9007479E4 /* ImageRepositoryRepresentable.swift in Sources */,
				754439302B3D2BDC0044A84B /* ProfileEditingListHeaderCell.swift in Sources */,
				752DE40D2D218B95003AC40C /* GroupMembersSelectionScreen.swift in Sources */,
			);
			runOnlyForDeploymentPostprocessing = 0;
		};
/* End PBXSourcesBuildPhase section */

/* Begin PBXVariantGroup section */
		75B5C4C42A49AB0B00F63A5A /* LaunchScreen.storyboard */ = {
			isa = PBXVariantGroup;
			children = (
				75B5C4C52A49AB0B00F63A5A /* Base */,
			);
			name = LaunchScreen.storyboard;
			sourceTree = "<group>";
		};
/* End PBXVariantGroup section */

/* Begin XCBuildConfiguration section */
		75B5C4C82A49AB0B00F63A5A /* Debug */ = {
			isa = XCBuildConfiguration;
			buildSettings = {
				ALWAYS_SEARCH_USER_PATHS = NO;
				CLANG_ANALYZER_NONNULL = YES;
				CLANG_ANALYZER_NUMBER_OBJECT_CONVERSION = YES_AGGRESSIVE;
				CLANG_CXX_LANGUAGE_STANDARD = "gnu++20";
				CLANG_ENABLE_MODULES = YES;
				CLANG_ENABLE_OBJC_ARC = YES;
				CLANG_ENABLE_OBJC_WEAK = YES;
				CLANG_WARN_BLOCK_CAPTURE_AUTORELEASING = YES;
				CLANG_WARN_BOOL_CONVERSION = YES;
				CLANG_WARN_COMMA = YES;
				CLANG_WARN_CONSTANT_CONVERSION = YES;
				CLANG_WARN_DEPRECATED_OBJC_IMPLEMENTATIONS = YES;
				CLANG_WARN_DIRECT_OBJC_ISA_USAGE = YES_ERROR;
				CLANG_WARN_DOCUMENTATION_COMMENTS = YES;
				CLANG_WARN_EMPTY_BODY = YES;
				CLANG_WARN_ENUM_CONVERSION = YES;
				CLANG_WARN_INFINITE_RECURSION = YES;
				CLANG_WARN_INT_CONVERSION = YES;
				CLANG_WARN_NON_LITERAL_NULL_CONVERSION = YES;
				CLANG_WARN_OBJC_IMPLICIT_RETAIN_SELF = YES;
				CLANG_WARN_OBJC_LITERAL_CONVERSION = YES;
				CLANG_WARN_OBJC_ROOT_CLASS = YES_ERROR;
				CLANG_WARN_QUOTED_INCLUDE_IN_FRAMEWORK_HEADER = YES;
				CLANG_WARN_RANGE_LOOP_ANALYSIS = YES;
				CLANG_WARN_STRICT_PROTOTYPES = YES;
				CLANG_WARN_SUSPICIOUS_MOVE = YES;
				CLANG_WARN_UNGUARDED_AVAILABILITY = YES_AGGRESSIVE;
				CLANG_WARN_UNREACHABLE_CODE = YES;
				CLANG_WARN__DUPLICATE_METHOD_MATCH = YES;
				COPY_PHASE_STRIP = NO;
				DEBUG_INFORMATION_FORMAT = dwarf;
				ENABLE_STRICT_OBJC_MSGSEND = YES;
				ENABLE_TESTABILITY = YES;
				GCC_C_LANGUAGE_STANDARD = gnu11;
				GCC_DYNAMIC_NO_PIC = NO;
				GCC_NO_COMMON_BLOCKS = YES;
				GCC_OPTIMIZATION_LEVEL = 0;
				GCC_PREPROCESSOR_DEFINITIONS = (
					"DEBUG=1",
					"$(inherited)",
				);
				GCC_WARN_64_TO_32_BIT_CONVERSION = YES;
				GCC_WARN_ABOUT_RETURN_TYPE = YES_ERROR;
				GCC_WARN_UNDECLARED_SELECTOR = YES;
				GCC_WARN_UNINITIALIZED_AUTOS = YES_AGGRESSIVE;
				GCC_WARN_UNUSED_FUNCTION = YES;
				GCC_WARN_UNUSED_VARIABLE = YES;
				IPHONEOS_DEPLOYMENT_TARGET = 16.2;
				MTL_ENABLE_DEBUG_INFO = INCLUDE_SOURCE;
				MTL_FAST_MATH = YES;
				ONLY_ACTIVE_ARCH = YES;
				SDKROOT = iphoneos;
				SWIFT_ACTIVE_COMPILATION_CONDITIONS = DEBUG;
				SWIFT_OPTIMIZATION_LEVEL = "-Onone";
			};
			name = Debug;
		};
		75B5C4C92A49AB0B00F63A5A /* Release */ = {
			isa = XCBuildConfiguration;
			buildSettings = {
				ALWAYS_SEARCH_USER_PATHS = NO;
				CLANG_ANALYZER_NONNULL = YES;
				CLANG_ANALYZER_NUMBER_OBJECT_CONVERSION = YES_AGGRESSIVE;
				CLANG_CXX_LANGUAGE_STANDARD = "gnu++20";
				CLANG_ENABLE_MODULES = YES;
				CLANG_ENABLE_OBJC_ARC = YES;
				CLANG_ENABLE_OBJC_WEAK = YES;
				CLANG_WARN_BLOCK_CAPTURE_AUTORELEASING = YES;
				CLANG_WARN_BOOL_CONVERSION = YES;
				CLANG_WARN_COMMA = YES;
				CLANG_WARN_CONSTANT_CONVERSION = YES;
				CLANG_WARN_DEPRECATED_OBJC_IMPLEMENTATIONS = YES;
				CLANG_WARN_DIRECT_OBJC_ISA_USAGE = YES_ERROR;
				CLANG_WARN_DOCUMENTATION_COMMENTS = YES;
				CLANG_WARN_EMPTY_BODY = YES;
				CLANG_WARN_ENUM_CONVERSION = YES;
				CLANG_WARN_INFINITE_RECURSION = YES;
				CLANG_WARN_INT_CONVERSION = YES;
				CLANG_WARN_NON_LITERAL_NULL_CONVERSION = YES;
				CLANG_WARN_OBJC_IMPLICIT_RETAIN_SELF = YES;
				CLANG_WARN_OBJC_LITERAL_CONVERSION = YES;
				CLANG_WARN_OBJC_ROOT_CLASS = YES_ERROR;
				CLANG_WARN_QUOTED_INCLUDE_IN_FRAMEWORK_HEADER = YES;
				CLANG_WARN_RANGE_LOOP_ANALYSIS = YES;
				CLANG_WARN_STRICT_PROTOTYPES = YES;
				CLANG_WARN_SUSPICIOUS_MOVE = YES;
				CLANG_WARN_UNGUARDED_AVAILABILITY = YES_AGGRESSIVE;
				CLANG_WARN_UNREACHABLE_CODE = YES;
				CLANG_WARN__DUPLICATE_METHOD_MATCH = YES;
				COPY_PHASE_STRIP = NO;
				DEBUG_INFORMATION_FORMAT = "dwarf-with-dsym";
				ENABLE_NS_ASSERTIONS = NO;
				ENABLE_STRICT_OBJC_MSGSEND = YES;
				GCC_C_LANGUAGE_STANDARD = gnu11;
				GCC_NO_COMMON_BLOCKS = YES;
				GCC_WARN_64_TO_32_BIT_CONVERSION = YES;
				GCC_WARN_ABOUT_RETURN_TYPE = YES_ERROR;
				GCC_WARN_UNDECLARED_SELECTOR = YES;
				GCC_WARN_UNINITIALIZED_AUTOS = YES_AGGRESSIVE;
				GCC_WARN_UNUSED_FUNCTION = YES;
				GCC_WARN_UNUSED_VARIABLE = YES;
				IPHONEOS_DEPLOYMENT_TARGET = 16.2;
				MTL_ENABLE_DEBUG_INFO = NO;
				MTL_FAST_MATH = YES;
				SDKROOT = iphoneos;
				SWIFT_COMPILATION_MODE = wholemodule;
				SWIFT_OPTIMIZATION_LEVEL = "-O";
				VALIDATE_PRODUCT = YES;
			};
			name = Release;
		};
		75B5C4CB2A49AB0B00F63A5A /* Debug */ = {
			isa = XCBuildConfiguration;
			buildSettings = {
				ASSETCATALOG_COMPILER_APPICON_NAME = AppIcon;
				ASSETCATALOG_COMPILER_GLOBAL_ACCENT_COLOR_NAME = AccentColor;
				CODE_SIGN_STYLE = Automatic;
				CURRENT_PROJECT_VERSION = 1;
				DEVELOPMENT_TEAM = 8NY5358LMK;
				GENERATE_INFOPLIST_FILE = YES;
				INFOPLIST_FILE = ChatUpp/Info.plist;
				INFOPLIST_KEY_UIApplicationSupportsIndirectInputEvents = YES;
				INFOPLIST_KEY_UILaunchStoryboardName = LaunchScreen;
				INFOPLIST_KEY_UISupportedInterfaceOrientations = UIInterfaceOrientationPortrait;
				INFOPLIST_KEY_UISupportedInterfaceOrientations_iPad = "UIInterfaceOrientationPortrait UIInterfaceOrientationPortraitUpsideDown";
				LD_RUNPATH_SEARCH_PATHS = (
					"$(inherited)",
					"@executable_path/Frameworks",
				);
				MARKETING_VERSION = 1.0;
				PRODUCT_BUNDLE_IDENTIFIER = com.pripandreika.com.ChatUpp;
				PRODUCT_NAME = "$(TARGET_NAME)";
				SWIFT_EMIT_LOC_STRINGS = YES;
				SWIFT_VERSION = 5.0;
				TARGETED_DEVICE_FAMILY = "1,2";
			};
			name = Debug;
		};
		75B5C4CC2A49AB0B00F63A5A /* Release */ = {
			isa = XCBuildConfiguration;
			buildSettings = {
				ASSETCATALOG_COMPILER_APPICON_NAME = AppIcon;
				ASSETCATALOG_COMPILER_GLOBAL_ACCENT_COLOR_NAME = AccentColor;
				CODE_SIGN_STYLE = Automatic;
				CURRENT_PROJECT_VERSION = 1;
				DEVELOPMENT_TEAM = 8NY5358LMK;
				GENERATE_INFOPLIST_FILE = YES;
				INFOPLIST_FILE = ChatUpp/Info.plist;
				INFOPLIST_KEY_UIApplicationSupportsIndirectInputEvents = YES;
				INFOPLIST_KEY_UILaunchStoryboardName = LaunchScreen;
				INFOPLIST_KEY_UISupportedInterfaceOrientations = UIInterfaceOrientationPortrait;
				INFOPLIST_KEY_UISupportedInterfaceOrientations_iPad = "UIInterfaceOrientationPortrait UIInterfaceOrientationPortraitUpsideDown";
				LD_RUNPATH_SEARCH_PATHS = (
					"$(inherited)",
					"@executable_path/Frameworks",
				);
				MARKETING_VERSION = 1.0;
				PRODUCT_BUNDLE_IDENTIFIER = com.pripandreika.com.ChatUpp;
				PRODUCT_NAME = "$(TARGET_NAME)";
				SWIFT_EMIT_LOC_STRINGS = YES;
				SWIFT_VERSION = 5.0;
				TARGETED_DEVICE_FAMILY = "1,2";
			};
			name = Release;
		};
/* End XCBuildConfiguration section */

/* Begin XCConfigurationList section */
		75B5C4B12A49AB0A00F63A5A /* Build configuration list for PBXProject "ChatUpp" */ = {
			isa = XCConfigurationList;
			buildConfigurations = (
				75B5C4C82A49AB0B00F63A5A /* Debug */,
				75B5C4C92A49AB0B00F63A5A /* Release */,
			);
			defaultConfigurationIsVisible = 0;
			defaultConfigurationName = Release;
		};
		75B5C4CA2A49AB0B00F63A5A /* Build configuration list for PBXNativeTarget "ChatUpp" */ = {
			isa = XCConfigurationList;
			buildConfigurations = (
				75B5C4CB2A49AB0B00F63A5A /* Debug */,
				75B5C4CC2A49AB0B00F63A5A /* Release */,
			);
			defaultConfigurationIsVisible = 0;
			defaultConfigurationName = Release;
		};
/* End XCConfigurationList section */

/* Begin XCRemoteSwiftPackageReference section */
		752514B82D0CD2FF003330E7 /* XCRemoteSwiftPackageReference "Kingfisher" */ = {
			isa = XCRemoteSwiftPackageReference;
			repositoryURL = "https://github.com/onevcat/Kingfisher.git";
			requirement = {
				kind = upToNextMajorVersion;
				minimumVersion = 8.1.2;
			};
		};
		756E6D142D820D1F0065CADB /* XCRemoteSwiftPackageReference "ActivityIndicatorView" */ = {
			isa = XCRemoteSwiftPackageReference;
			repositoryURL = "https://github.com/exyte/ActivityIndicatorView.git";
			requirement = {
				kind = upToNextMajorVersion;
				minimumVersion = 1.1.1;
			};
		};
		756E6D1B2D8210890065CADB /* XCRemoteSwiftPackageReference "NVActivityIndicatorView" */ = {
			isa = XCRemoteSwiftPackageReference;
			repositoryURL = "https://github.com/ninjaprox/NVActivityIndicatorView.git";
			requirement = {
				kind = upToNextMajorVersion;
				minimumVersion = 5.2.0;
			};
		};
		757AB0DE2BB9D70C00A64DA4 /* XCRemoteSwiftPackageReference "firebase-ios-sdk" */ = {
			isa = XCRemoteSwiftPackageReference;
			repositoryURL = "https://github.com/firebase/firebase-ios-sdk.git";
			requirement = {
				kind = exactVersion;
				version = 10.23.0;
			};
		};
		757AB0F72BB9D7DD00A64DA4 /* XCRemoteSwiftPackageReference "algoliasearch-client-swift" */ = {
			isa = XCRemoteSwiftPackageReference;
			repositoryURL = "https://github.com/algolia/algoliasearch-client-swift.git";
			requirement = {
				kind = exactVersion;
				version = 8.20.1;
			};
		};
		757AB0FA2BB9D81B00A64DA4 /* XCRemoteSwiftPackageReference "GoogleSignIn-iOS" */ = {
			isa = XCRemoteSwiftPackageReference;
			repositoryURL = "https://github.com/google/GoogleSignIn-iOS.git";
			requirement = {
				kind = exactVersion;
				version = 7.1.0;
			};
		};
		757AB0FF2BB9D85100A64DA4 /* XCRemoteSwiftPackageReference "SkeletonView" */ = {
			isa = XCRemoteSwiftPackageReference;
			repositoryURL = "https://github.com/Juanpe/SkeletonView.git";
			requirement = {
				kind = exactVersion;
				version = 1.30.4;
			};
		};
		7587CE202C7CC403002D60CE /* XCRemoteSwiftPackageReference "realm-swift" */ = {
			isa = XCRemoteSwiftPackageReference;
			repositoryURL = "https://github.com/realm/realm-swift.git";
			requirement = {
				branch = master;
				kind = branch;
			};
		};
		75A086142D19619E00DE5333 /* XCRemoteSwiftPackageReference "TOCropViewController" */ = {
			isa = XCRemoteSwiftPackageReference;
			repositoryURL = "https://github.com/TimOliver/TOCropViewController.git";
			requirement = {
				kind = upToNextMajorVersion;
				minimumVersion = 2.7.4;
			};
		};
/* End XCRemoteSwiftPackageReference section */

/* Begin XCSwiftPackageProductDependency section */
		752514B92D0CD2FF003330E7 /* Kingfisher */ = {
			isa = XCSwiftPackageProductDependency;
			package = 752514B82D0CD2FF003330E7 /* XCRemoteSwiftPackageReference "Kingfisher" */;
			productName = Kingfisher;
		};
		756E6D152D820D1F0065CADB /* ActivityIndicatorView */ = {
			isa = XCSwiftPackageProductDependency;
			package = 756E6D142D820D1F0065CADB /* XCRemoteSwiftPackageReference "ActivityIndicatorView" */;
			productName = ActivityIndicatorView;
		};
		756E6D1C2D8210890065CADB /* NVActivityIndicatorView */ = {
			isa = XCSwiftPackageProductDependency;
			package = 756E6D1B2D8210890065CADB /* XCRemoteSwiftPackageReference "NVActivityIndicatorView" */;
			productName = NVActivityIndicatorView;
		};
		756E6D1E2D8210890065CADB /* NVActivityIndicatorViewExtended */ = {
			isa = XCSwiftPackageProductDependency;
			package = 756E6D1B2D8210890065CADB /* XCRemoteSwiftPackageReference "NVActivityIndicatorView" */;
			productName = NVActivityIndicatorViewExtended;
		};
		757AB0DF2BB9D70C00A64DA4 /* FirebaseAuth */ = {
			isa = XCSwiftPackageProductDependency;
			package = 757AB0DE2BB9D70C00A64DA4 /* XCRemoteSwiftPackageReference "firebase-ios-sdk" */;
			productName = FirebaseAuth;
		};
		757AB0E12BB9D70C00A64DA4 /* FirebaseAuthCombine-Community */ = {
			isa = XCSwiftPackageProductDependency;
			package = 757AB0DE2BB9D70C00A64DA4 /* XCRemoteSwiftPackageReference "firebase-ios-sdk" */;
			productName = "FirebaseAuthCombine-Community";
		};
		757AB0E32BB9D70D00A64DA4 /* FirebaseDatabase */ = {
			isa = XCSwiftPackageProductDependency;
			package = 757AB0DE2BB9D70C00A64DA4 /* XCRemoteSwiftPackageReference "firebase-ios-sdk" */;
			productName = FirebaseDatabase;
		};
		757AB0E52BB9D70D00A64DA4 /* FirebaseDatabaseSwift */ = {
			isa = XCSwiftPackageProductDependency;
			package = 757AB0DE2BB9D70C00A64DA4 /* XCRemoteSwiftPackageReference "firebase-ios-sdk" */;
			productName = FirebaseDatabaseSwift;
		};
		757AB0E72BB9D70D00A64DA4 /* FirebaseDynamicLinks */ = {
			isa = XCSwiftPackageProductDependency;
			package = 757AB0DE2BB9D70C00A64DA4 /* XCRemoteSwiftPackageReference "firebase-ios-sdk" */;
			productName = FirebaseDynamicLinks;
		};
		757AB0E92BB9D70D00A64DA4 /* FirebaseFirestore */ = {
			isa = XCSwiftPackageProductDependency;
			package = 757AB0DE2BB9D70C00A64DA4 /* XCRemoteSwiftPackageReference "firebase-ios-sdk" */;
			productName = FirebaseFirestore;
		};
		757AB0EB2BB9D70D00A64DA4 /* FirebaseFirestoreCombine-Community */ = {
			isa = XCSwiftPackageProductDependency;
			package = 757AB0DE2BB9D70C00A64DA4 /* XCRemoteSwiftPackageReference "firebase-ios-sdk" */;
			productName = "FirebaseFirestoreCombine-Community";
		};
		757AB0ED2BB9D70D00A64DA4 /* FirebaseFirestoreSwift */ = {
			isa = XCSwiftPackageProductDependency;
			package = 757AB0DE2BB9D70C00A64DA4 /* XCRemoteSwiftPackageReference "firebase-ios-sdk" */;
			productName = FirebaseFirestoreSwift;
		};
		757AB0EF2BB9D70D00A64DA4 /* FirebaseFunctions */ = {
			isa = XCSwiftPackageProductDependency;
			package = 757AB0DE2BB9D70C00A64DA4 /* XCRemoteSwiftPackageReference "firebase-ios-sdk" */;
			productName = FirebaseFunctions;
		};
		757AB0F12BB9D70D00A64DA4 /* FirebaseInstallations */ = {
			isa = XCSwiftPackageProductDependency;
			package = 757AB0DE2BB9D70C00A64DA4 /* XCRemoteSwiftPackageReference "firebase-ios-sdk" */;
			productName = FirebaseInstallations;
		};
		757AB0F32BB9D70D00A64DA4 /* FirebaseStorage */ = {
			isa = XCSwiftPackageProductDependency;
			package = 757AB0DE2BB9D70C00A64DA4 /* XCRemoteSwiftPackageReference "firebase-ios-sdk" */;
			productName = FirebaseStorage;
		};
		757AB0F52BB9D70D00A64DA4 /* FirebaseStorageCombine-Community */ = {
			isa = XCSwiftPackageProductDependency;
			package = 757AB0DE2BB9D70C00A64DA4 /* XCRemoteSwiftPackageReference "firebase-ios-sdk" */;
			productName = "FirebaseStorageCombine-Community";
		};
		757AB0F82BB9D7DD00A64DA4 /* AlgoliaSearchClient */ = {
			isa = XCSwiftPackageProductDependency;
			package = 757AB0F72BB9D7DD00A64DA4 /* XCRemoteSwiftPackageReference "algoliasearch-client-swift" */;
			productName = AlgoliaSearchClient;
		};
		757AB0FB2BB9D81B00A64DA4 /* GoogleSignIn */ = {
			isa = XCSwiftPackageProductDependency;
			package = 757AB0FA2BB9D81B00A64DA4 /* XCRemoteSwiftPackageReference "GoogleSignIn-iOS" */;
			productName = GoogleSignIn;
		};
		757AB0FD2BB9D81B00A64DA4 /* GoogleSignInSwift */ = {
			isa = XCSwiftPackageProductDependency;
			package = 757AB0FA2BB9D81B00A64DA4 /* XCRemoteSwiftPackageReference "GoogleSignIn-iOS" */;
			productName = GoogleSignInSwift;
		};
		757AB1002BB9D85100A64DA4 /* SkeletonView */ = {
			isa = XCSwiftPackageProductDependency;
			package = 757AB0FF2BB9D85100A64DA4 /* XCRemoteSwiftPackageReference "SkeletonView" */;
			productName = SkeletonView;
		};
		7587CE212C7CC403002D60CE /* RealmSwift */ = {
			isa = XCSwiftPackageProductDependency;
			package = 7587CE202C7CC403002D60CE /* XCRemoteSwiftPackageReference "realm-swift" */;
			productName = RealmSwift;
		};
		75A086152D19619E00DE5333 /* CropViewController */ = {
			isa = XCSwiftPackageProductDependency;
			package = 75A086142D19619E00DE5333 /* XCRemoteSwiftPackageReference "TOCropViewController" */;
			productName = CropViewController;
		};
		75A086172D19619E00DE5333 /* TOCropViewController */ = {
			isa = XCSwiftPackageProductDependency;
			package = 75A086142D19619E00DE5333 /* XCRemoteSwiftPackageReference "TOCropViewController" */;
			productName = TOCropViewController;
		};
/* End XCSwiftPackageProductDependency section */
	};
	rootObject = 75B5C4AE2A49AB0A00F63A5A /* Project object */;
}
