// !$*UTF8*$!
{
	archiveVersion = 1;
	classes = {
	};
	objectVersion = 56;
	objects = {

/* Begin PBXBuildFile section */
		750F26762C38922500378BC7 /* Alamofire in Frameworks */ = {isa = PBXBuildFile; productRef = 750F26752C38922500378BC7 /* Alamofire */; };
		753185E92C22123300C4F9F4 /* UIButton + extensions.swift in Sources */ = {isa = PBXBuildFile; fileRef = 753185E82C22123300C4F9F4 /* UIButton + extensions.swift */; };
		753186132C26F8B900C4F9F4 /* UITextView+Extensions.swift in Sources */ = {isa = PBXBuildFile; fileRef = 753186122C26F8B900C4F9F4 /* UITextView+Extensions.swift */; };
		7533D9B82B1659210057EBC7 /* PhoneSignInViewController.swift in Sources */ = {isa = PBXBuildFile; fileRef = 7533D9B72B1659210057EBC7 /* PhoneSignInViewController.swift */; };
		7533D9BB2B167ED80057EBC7 /* PhoneSigninViewModel.swift in Sources */ = {isa = PBXBuildFile; fileRef = 7533D9BA2B167ED80057EBC7 /* PhoneSigninViewModel.swift */; };
		753D0B692AC1FA6100C22AC4 /* Utilities.swift in Sources */ = {isa = PBXBuildFile; fileRef = 753D0B682AC1FA6100C22AC4 /* Utilities.swift */; };
		7541615C2ABDDABC007CF0FA /* EmailCredentialsValidator.swift in Sources */ = {isa = PBXBuildFile; fileRef = 7541615B2ABDDABC007CF0FA /* EmailCredentialsValidator.swift */; };
		7543BE2A2ACB0EDA003001BF /* FirebaseChatService.swift in Sources */ = {isa = PBXBuildFile; fileRef = 7543BE292ACB0EDA003001BF /* FirebaseChatService.swift */; };
		7543BE2C2ACC864A003001BF /* UserModel.swift in Sources */ = {isa = PBXBuildFile; fileRef = 7543BE2B2ACC864A003001BF /* UserModel.swift */; };
		7543BE2E2ACC868B003001BF /* ChatModel.swift in Sources */ = {isa = PBXBuildFile; fileRef = 7543BE2D2ACC868B003001BF /* ChatModel.swift */; };
		7543BE302ACC86AE003001BF /* MessageModel.swift in Sources */ = {isa = PBXBuildFile; fileRef = 7543BE2F2ACC86AE003001BF /* MessageModel.swift */; };
		7543BE332ACC87CA003001BF /* ConversationViewController.swift in Sources */ = {isa = PBXBuildFile; fileRef = 7543BE322ACC87CA003001BF /* ConversationViewController.swift */; };
		7543BE352ACC87E1003001BF /* ConversationViewModel.swift in Sources */ = {isa = PBXBuildFile; fileRef = 7543BE342ACC87E1003001BF /* ConversationViewModel.swift */; };
		7544392E2B3D2B620044A84B /* SettingsItemModel.swift in Sources */ = {isa = PBXBuildFile; fileRef = 7544392D2B3D2B620044A84B /* SettingsItemModel.swift */; };
		754439302B3D2BDC0044A84B /* CollectionViewListHeader.swift in Sources */ = {isa = PBXBuildFile; fileRef = 7544392F2B3D2BDC0044A84B /* CollectionViewListHeader.swift */; };
		754439532B3FCFF30044A84B /* ProfileEditingViewController.swift in Sources */ = {isa = PBXBuildFile; fileRef = 754439522B3FCFF30044A84B /* ProfileEditingViewController.swift */; };
		754439552B4134150044A84B /* ProfileEditingViewModel.swift in Sources */ = {isa = PBXBuildFile; fileRef = 754439542B4134150044A84B /* ProfileEditingViewModel.swift */; };
		755A3F7B2AD0689500739861 /* ChatsTableViewDataSource.swift in Sources */ = {isa = PBXBuildFile; fileRef = 755A3F7A2AD0689500739861 /* ChatsTableViewDataSource.swift */; };
		755A3F7D2AD068F900739861 /* ChatCellViewModel.swift in Sources */ = {isa = PBXBuildFile; fileRef = 755A3F7C2AD068F900739861 /* ChatCellViewModel.swift */; };
		755A3FA02AD2F2C100739861 /* Coordinator.swift in Sources */ = {isa = PBXBuildFile; fileRef = 755A3F9F2AD2F2C100739861 /* Coordinator.swift */; };
		7563F87C2ADE25E6006FA374 /* ConversationViewDataSource.swift in Sources */ = {isa = PBXBuildFile; fileRef = 7563F87B2ADE25E6006FA374 /* ConversationViewDataSource.swift */; };
		7563F8802ADF6E31006FA374 /* FirestoreCollectionName.swift in Sources */ = {isa = PBXBuildFile; fileRef = 7563F87F2ADF6E31006FA374 /* FirestoreCollectionName.swift */; };
		7563F8C22AE8D26F006FA374 /* UILabel+Extensions.swift in Sources */ = {isa = PBXBuildFile; fileRef = 7563F8C12AE8D26F006FA374 /* UILabel+Extensions.swift */; };
		7563F8C42AE8D2D1006FA374 /* String+Extensions.swift in Sources */ = {isa = PBXBuildFile; fileRef = 7563F8C32AE8D2D1006FA374 /* String+Extensions.swift */; };
		756525C22A7E8240005DC594 /* AuthenticationManager.swift in Sources */ = {isa = PBXBuildFile; fileRef = 756525C12A7E8240005DC594 /* AuthenticationManager.swift */; };
		756525C72A7FE49E005DC594 /* ChatsViewController.swift in Sources */ = {isa = PBXBuildFile; fileRef = 756525C62A7FE49E005DC594 /* ChatsViewController.swift */; };
		756525CA2A8127F5005DC594 /* Observable.swift in Sources */ = {isa = PBXBuildFile; fileRef = 756525C92A8127F5005DC594 /* Observable.swift */; };
		756525CC2A9E8EBD005DC594 /* SettingsViewController.swift in Sources */ = {isa = PBXBuildFile; fileRef = 756525CB2A9E8EBD005DC594 /* SettingsViewController.swift */; };
		756525CE2A9F96AB005DC594 /* TabBarViewController.swift in Sources */ = {isa = PBXBuildFile; fileRef = 756525CD2A9F96AB005DC594 /* TabBarViewController.swift */; };
		756525D22AAA147A005DC594 /* ChatsCell.swift in Sources */ = {isa = PBXBuildFile; fileRef = 756525D12AAA147A005DC594 /* ChatsCell.swift */; };
		756525D52AB50079005DC594 /* FirestoreUserService.swift in Sources */ = {isa = PBXBuildFile; fileRef = 756525D42AB50079005DC594 /* FirestoreUserService.swift */; };
		756525D72AB65427005DC594 /* UsernameRegistrationViewController.swift in Sources */ = {isa = PBXBuildFile; fileRef = 756525D62AB65427005DC594 /* UsernameRegistrationViewController.swift */; };
		756891B42B6549E500DC7D71 /* ResultsCellViewModel.swift in Sources */ = {isa = PBXBuildFile; fileRef = 756891B32B6549E500DC7D71 /* ResultsCellViewModel.swift */; };
		757033A52BC2D8C4002732B5 /* TextViewShadowConfigurable.swift in Sources */ = {isa = PBXBuildFile; fileRef = 757033A42BC2D8C4002732B5 /* TextViewShadowConfigurable.swift */; };
		7573E5C32B5BD4500096B4E6 /* ProfileDeletionViewController.swift in Sources */ = {isa = PBXBuildFile; fileRef = 7573E5C22B5BD4500096B4E6 /* ProfileDeletionViewController.swift */; };
		7573E5C52B5E898C0096B4E6 /* ProfileDeletionViewModel.swift in Sources */ = {isa = PBXBuildFile; fileRef = 7573E5C42B5E898C0096B4E6 /* ProfileDeletionViewModel.swift */; };
		757900762BF1768D00DE5A2F /* ConversationTableViewHeader.swift in Sources */ = {isa = PBXBuildFile; fileRef = 757900752BF1768D00DE5A2F /* ConversationTableViewHeader.swift */; };
		757AB0E02BB9D70C00A64DA4 /* FirebaseAuth in Frameworks */ = {isa = PBXBuildFile; productRef = 757AB0DF2BB9D70C00A64DA4 /* FirebaseAuth */; };
		757AB0E22BB9D70C00A64DA4 /* FirebaseAuthCombine-Community in Frameworks */ = {isa = PBXBuildFile; productRef = 757AB0E12BB9D70C00A64DA4 /* FirebaseAuthCombine-Community */; };
		757AB0E42BB9D70D00A64DA4 /* FirebaseDatabase in Frameworks */ = {isa = PBXBuildFile; productRef = 757AB0E32BB9D70D00A64DA4 /* FirebaseDatabase */; };
		757AB0E62BB9D70D00A64DA4 /* FirebaseDatabaseSwift in Frameworks */ = {isa = PBXBuildFile; productRef = 757AB0E52BB9D70D00A64DA4 /* FirebaseDatabaseSwift */; };
		757AB0E82BB9D70D00A64DA4 /* FirebaseDynamicLinks in Frameworks */ = {isa = PBXBuildFile; productRef = 757AB0E72BB9D70D00A64DA4 /* FirebaseDynamicLinks */; };
		757AB0EA2BB9D70D00A64DA4 /* FirebaseFirestore in Frameworks */ = {isa = PBXBuildFile; productRef = 757AB0E92BB9D70D00A64DA4 /* FirebaseFirestore */; };
		757AB0EC2BB9D70D00A64DA4 /* FirebaseFirestoreCombine-Community in Frameworks */ = {isa = PBXBuildFile; productRef = 757AB0EB2BB9D70D00A64DA4 /* FirebaseFirestoreCombine-Community */; };
		757AB0EE2BB9D70D00A64DA4 /* FirebaseFirestoreSwift in Frameworks */ = {isa = PBXBuildFile; productRef = 757AB0ED2BB9D70D00A64DA4 /* FirebaseFirestoreSwift */; };
		757AB0F02BB9D70D00A64DA4 /* FirebaseFunctions in Frameworks */ = {isa = PBXBuildFile; productRef = 757AB0EF2BB9D70D00A64DA4 /* FirebaseFunctions */; };
		757AB0F22BB9D70D00A64DA4 /* FirebaseInstallations in Frameworks */ = {isa = PBXBuildFile; productRef = 757AB0F12BB9D70D00A64DA4 /* FirebaseInstallations */; };
		757AB0F42BB9D70D00A64DA4 /* FirebaseStorage in Frameworks */ = {isa = PBXBuildFile; productRef = 757AB0F32BB9D70D00A64DA4 /* FirebaseStorage */; };
		757AB0F62BB9D70D00A64DA4 /* FirebaseStorageCombine-Community in Frameworks */ = {isa = PBXBuildFile; productRef = 757AB0F52BB9D70D00A64DA4 /* FirebaseStorageCombine-Community */; };
		757AB0F92BB9D7DD00A64DA4 /* AlgoliaSearchClient in Frameworks */ = {isa = PBXBuildFile; productRef = 757AB0F82BB9D7DD00A64DA4 /* AlgoliaSearchClient */; };
		757AB0FC2BB9D81B00A64DA4 /* GoogleSignIn in Frameworks */ = {isa = PBXBuildFile; productRef = 757AB0FB2BB9D81B00A64DA4 /* GoogleSignIn */; };
		757AB0FE2BB9D81B00A64DA4 /* GoogleSignInSwift in Frameworks */ = {isa = PBXBuildFile; productRef = 757AB0FD2BB9D81B00A64DA4 /* GoogleSignInSwift */; };
		757AB1012BB9D85100A64DA4 /* SkeletonView in Frameworks */ = {isa = PBXBuildFile; productRef = 757AB1002BB9D85100A64DA4 /* SkeletonView */; };
		7587CE1B2C77DA7D002D60CE /* Query+Extensions.swift in Sources */ = {isa = PBXBuildFile; fileRef = 7587CE1A2C77DA7D002D60CE /* Query+Extensions.swift */; };
		7587CE1E2C781425002D60CE /* RealmDBManager.swift in Sources */ = {isa = PBXBuildFile; fileRef = 7587CE1D2C781425002D60CE /* RealmDBManager.swift */; };
		7587CE222C7CC403002D60CE /* RealmSwift in Frameworks */ = {isa = PBXBuildFile; productRef = 7587CE212C7CC403002D60CE /* RealmSwift */; };
		759BBFC62AFD5C3A00D7E9A0 /* ResultsTableCell.swift in Sources */ = {isa = PBXBuildFile; fileRef = 759BBFC52AFD5C3A00D7E9A0 /* ResultsTableCell.swift */; };
		75A9184B2C942E15006ED4CA /* CacheManager.swift in Sources */ = {isa = PBXBuildFile; fileRef = 75A9184A2C942E15006ED4CA /* CacheManager.swift */; };
		75B48B572AF6837700A5FBFC /* ConversationRootView.swift in Sources */ = {isa = PBXBuildFile; fileRef = 75B48B562AF6837700A5FBFC /* ConversationRootView.swift */; };
		75B48B592AFB2C4000A5FBFC /* ResultsTableController.swift in Sources */ = {isa = PBXBuildFile; fileRef = 75B48B582AFB2C4000A5FBFC /* ResultsTableController.swift */; };
		75B5C4BA2A49AB0A00F63A5A /* AppDelegate.swift in Sources */ = {isa = PBXBuildFile; fileRef = 75B5C4B92A49AB0A00F63A5A /* AppDelegate.swift */; };
		75B5C4BC2A49AB0A00F63A5A /* SceneDelegate.swift in Sources */ = {isa = PBXBuildFile; fileRef = 75B5C4BB2A49AB0A00F63A5A /* SceneDelegate.swift */; };
		75B5C4BE2A49AB0A00F63A5A /* LoginViewController.swift in Sources */ = {isa = PBXBuildFile; fileRef = 75B5C4BD2A49AB0A00F63A5A /* LoginViewController.swift */; };
		75B5C4C32A49AB0B00F63A5A /* Assets.xcassets in Resources */ = {isa = PBXBuildFile; fileRef = 75B5C4C22A49AB0B00F63A5A /* Assets.xcassets */; };
		75B5C4C62A49AB0B00F63A5A /* LaunchScreen.storyboard in Resources */ = {isa = PBXBuildFile; fileRef = 75B5C4C42A49AB0B00F63A5A /* LaunchScreen.storyboard */; };
		75BF5F042BB8E1EA00AE6C45 /* GoogleService-Info.plist in Resources */ = {isa = PBXBuildFile; fileRef = 75BF5F032BB8E1EA00AE6C45 /* GoogleService-Info.plist */; };
		75C7B29F2A4DBF8000C41E69 /* EmailSignUpViewController.swift in Sources */ = {isa = PBXBuildFile; fileRef = 75C7B29E2A4DBF8000C41E69 /* EmailSignUpViewController.swift */; };
		75CB52182B0BF064007F3AB6 /* FirebaseStorageManager.swift in Sources */ = {isa = PBXBuildFile; fileRef = 75CB52172B0BF064007F3AB6 /* FirebaseStorageManager.swift */; };
		75D08B9C2BEFDCB1000AE1B5 /* YYText.framework in Frameworks */ = {isa = PBXBuildFile; fileRef = 75D08B952BEFDC8D000AE1B5 /* YYText.framework */; };
		75D08B9D2BEFDCB1000AE1B5 /* YYText.framework in Embed Frameworks */ = {isa = PBXBuildFile; fileRef = 75D08B952BEFDC8D000AE1B5 /* YYText.framework */; settings = {ATTRIBUTES = (CodeSignOnCopy, RemoveHeadersOnCopy, ); }; };
		75D08BA92BEFDCFD000AE1B5 /* FlagPhoneNumber.framework in Frameworks */ = {isa = PBXBuildFile; fileRef = 75D08BA82BEFDCF4000AE1B5 /* FlagPhoneNumber.framework */; };
		75D08BAA2BEFDCFD000AE1B5 /* FlagPhoneNumber.framework in Embed Frameworks */ = {isa = PBXBuildFile; fileRef = 75D08BA82BEFDCF4000AE1B5 /* FlagPhoneNumber.framework */; settings = {ATTRIBUTES = (CodeSignOnCopy, RemoveHeadersOnCopy, ); }; };
		75D6DC332B0D735100D2CD26 /* ConversationCellViewModel.swift in Sources */ = {isa = PBXBuildFile; fileRef = 75D6DC322B0D735100D2CD26 /* ConversationCellViewModel.swift */; };
		75D6DC352B128A4100D2CD26 /* UIImage+Extension.swift in Sources */ = {isa = PBXBuildFile; fileRef = 75D6DC342B128A4100D2CD26 /* UIImage+Extension.swift */; };
		75D7C5952AD72DBC00F6D4B9 /* ConversationTableViewCell.swift in Sources */ = {isa = PBXBuildFile; fileRef = 75D7C5942AD72DBC00F6D4B9 /* ConversationTableViewCell.swift */; };
		75D7C5CC2ADAD40600F6D4B9 /* CGFloat+Extension.swift in Sources */ = {isa = PBXBuildFile; fileRef = 75D7C5CB2ADAD40600F6D4B9 /* CGFloat+Extension.swift */; };
		75D7C5D02ADD9C3300F6D4B9 /* Date+Extensions.swift in Sources */ = {isa = PBXBuildFile; fileRef = 75D7C5CF2ADD9C3300F6D4B9 /* Date+Extensions.swift */; };
		75DD0AED2B17D3D0005DBADE /* PhoneCodeVerificationViewController.swift in Sources */ = {isa = PBXBuildFile; fileRef = 75DD0AEC2B17D3D0005DBADE /* PhoneCodeVerificationViewController.swift */; };
		75DD0AF02B22175D005DBADE /* MailSignInViewController.swift in Sources */ = {isa = PBXBuildFile; fileRef = 75DD0AEF2B22175D005DBADE /* MailSignInViewController.swift */; };
		75E054282B04290100828B9D /* AlgoliaSearchManager.swift in Sources */ = {isa = PBXBuildFile; fileRef = 75E054272B04290100828B9D /* AlgoliaSearchManager.swift */; };
		75E2F2F12C3C17BE0058DC88 /* RealtimeUserService.swift in Sources */ = {isa = PBXBuildFile; fileRef = 75E2F2F02C3C17BE0058DC88 /* RealtimeUserService.swift */; };
		75F608842BEC2F560065DA83 /* ConversationTextViewDelegate.swift in Sources */ = {isa = PBXBuildFile; fileRef = 75F608832BEC2F560065DA83 /* ConversationTextViewDelegate.swift */; };
		75F608862BEC33400065DA83 /* InputBarHeaderView.swift in Sources */ = {isa = PBXBuildFile; fileRef = 75F608852BEC33400065DA83 /* InputBarHeaderView.swift */; };
		75F6A9AF2C82400B00AF60EA /* RealmSwift in Embed Frameworks */ = {isa = PBXBuildFile; productRef = 7587CE212C7CC403002D60CE /* RealmSwift */; settings = {ATTRIBUTES = (CodeSignOnCopy, ); }; };
		75FB78F02AC2F40A00C2743A /* SignInGoogleHelper.swift in Sources */ = {isa = PBXBuildFile; fileRef = 75FB78EF2AC2F40A00C2743A /* SignInGoogleHelper.swift */; };
		75FB78F22AC3106700C2743A /* LoginViewModel.swift in Sources */ = {isa = PBXBuildFile; fileRef = 75FB78F12AC3106700C2743A /* LoginViewModel.swift */; };
		75FB78F42AC310AA00C2743A /* SignUpViewModel.swift in Sources */ = {isa = PBXBuildFile; fileRef = 75FB78F32AC310AA00C2743A /* SignUpViewModel.swift */; };
		75FB78F62AC3113700C2743A /* UsernameRegistrationViewModel.swift in Sources */ = {isa = PBXBuildFile; fileRef = 75FB78F52AC3113700C2743A /* UsernameRegistrationViewModel.swift */; };
		75FB78F82AC311D000C2743A /* ChatsViewModel.swift in Sources */ = {isa = PBXBuildFile; fileRef = 75FB78F72AC311D000C2743A /* ChatsViewModel.swift */; };
		75FB78FB2AC3164000C2743A /* SettingsViewModel.swift in Sources */ = {isa = PBXBuildFile; fileRef = 75FB78FA2AC3164000C2743A /* SettingsViewModel.swift */; };
		75FB79012AC318D600C2743A /* UIView+Extensions.swift in Sources */ = {isa = PBXBuildFile; fileRef = 75FB79002AC318D600C2743A /* UIView+Extensions.swift */; };
		75FD74842CC03B0B0012DC35 /* Array+Extensions.swift in Sources */ = {isa = PBXBuildFile; fileRef = 75FD74832CC03B0B0012DC35 /* Array+Extensions.swift */; };
/* End PBXBuildFile section */

/* Begin PBXContainerItemProxy section */
		75D08B942BEFDC8D000AE1B5 /* PBXContainerItemProxy */ = {
			isa = PBXContainerItemProxy;
			containerPortal = 753D3FF42BEFC1DB00BA26A4 /* YYText.xcodeproj */;
			proxyType = 2;
			remoteGlobalIDString = D918BFD61F372E3000106E14;
			remoteInfo = YYText;
		};
		75D08B9A2BEFDC9E000AE1B5 /* PBXContainerItemProxy */ = {
			isa = PBXContainerItemProxy;
			containerPortal = 75D08B962BEFDC9E000AE1B5 /* YYText.xcodeproj */;
			proxyType = 2;
			remoteGlobalIDString = D918BFD61F372E3000106E14;
			remoteInfo = YYText;
		};
		75D08BA12BEFDCE9000AE1B5 /* PBXContainerItemProxy */ = {
			isa = PBXContainerItemProxy;
			containerPortal = 753D3FFA2BEFC23700BA26A4 /* FlagPhoneNumber.xcodeproj */;
			proxyType = 2;
			remoteGlobalIDString = 0DF48B3922917047006AB39C;
			remoteInfo = FlagPhoneNumber;
		};
		75D08BA72BEFDCF4000AE1B5 /* PBXContainerItemProxy */ = {
			isa = PBXContainerItemProxy;
			containerPortal = 75D08BA32BEFDCF4000AE1B5 /* FlagPhoneNumber.xcodeproj */;
			proxyType = 2;
			remoteGlobalIDString = 0DF48B3922917047006AB39C;
			remoteInfo = FlagPhoneNumber;
		};
/* End PBXContainerItemProxy section */

/* Begin PBXCopyFilesBuildPhase section */
		7545AD922BB9E65B00E9B107 /* Embed Frameworks */ = {
			isa = PBXCopyFilesBuildPhase;
			buildActionMask = 2147483647;
			dstPath = "";
			dstSubfolderSpec = 10;
			files = (
				75F6A9AF2C82400B00AF60EA /* RealmSwift in Embed Frameworks */,
				75D08BAA2BEFDCFD000AE1B5 /* FlagPhoneNumber.framework in Embed Frameworks */,
				75D08B9D2BEFDCB1000AE1B5 /* YYText.framework in Embed Frameworks */,
			);
			name = "Embed Frameworks";
			runOnlyForDeploymentPostprocessing = 0;
		};
/* End PBXCopyFilesBuildPhase section */

/* Begin PBXFileReference section */
		753185E82C22123300C4F9F4 /* UIButton + extensions.swift */ = {isa = PBXFileReference; lastKnownFileType = sourcecode.swift; path = "UIButton + extensions.swift"; sourceTree = "<group>"; };
		753186122C26F8B900C4F9F4 /* UITextView+Extensions.swift */ = {isa = PBXFileReference; lastKnownFileType = sourcecode.swift; path = "UITextView+Extensions.swift"; sourceTree = "<group>"; };
		7533D9B72B1659210057EBC7 /* PhoneSignInViewController.swift */ = {isa = PBXFileReference; lastKnownFileType = sourcecode.swift; path = PhoneSignInViewController.swift; sourceTree = "<group>"; };
		7533D9BA2B167ED80057EBC7 /* PhoneSigninViewModel.swift */ = {isa = PBXFileReference; lastKnownFileType = sourcecode.swift; path = PhoneSigninViewModel.swift; sourceTree = "<group>"; };
		753D0B682AC1FA6100C22AC4 /* Utilities.swift */ = {isa = PBXFileReference; lastKnownFileType = sourcecode.swift; path = Utilities.swift; sourceTree = "<group>"; };
		753D3FF42BEFC1DB00BA26A4 /* YYText.xcodeproj */ = {isa = PBXFileReference; lastKnownFileType = "wrapper.pb-project"; name = YYText.xcodeproj; path = YYText/Framework/YYText.xcodeproj; sourceTree = SOURCE_ROOT; };
		753D3FFA2BEFC23700BA26A4 /* FlagPhoneNumber.xcodeproj */ = {isa = PBXFileReference; lastKnownFileType = "wrapper.pb-project"; name = FlagPhoneNumber.xcodeproj; path = FlagPhoneNumber/FlagPhoneNumber.xcodeproj; sourceTree = SOURCE_ROOT; };
		7541615B2ABDDABC007CF0FA /* EmailCredentialsValidator.swift */ = {isa = PBXFileReference; lastKnownFileType = sourcecode.swift; path = EmailCredentialsValidator.swift; sourceTree = "<group>"; };
		7543BE292ACB0EDA003001BF /* FirebaseChatService.swift */ = {isa = PBXFileReference; lastKnownFileType = sourcecode.swift; path = FirebaseChatService.swift; sourceTree = "<group>"; };
		7543BE2B2ACC864A003001BF /* UserModel.swift */ = {isa = PBXFileReference; lastKnownFileType = sourcecode.swift; path = UserModel.swift; sourceTree = "<group>"; };
		7543BE2D2ACC868B003001BF /* ChatModel.swift */ = {isa = PBXFileReference; lastKnownFileType = sourcecode.swift; path = ChatModel.swift; sourceTree = "<group>"; };
		7543BE2F2ACC86AE003001BF /* MessageModel.swift */ = {isa = PBXFileReference; lastKnownFileType = sourcecode.swift; path = MessageModel.swift; sourceTree = "<group>"; };
		7543BE322ACC87CA003001BF /* ConversationViewController.swift */ = {isa = PBXFileReference; lastKnownFileType = sourcecode.swift; path = ConversationViewController.swift; sourceTree = "<group>"; };
		7543BE342ACC87E1003001BF /* ConversationViewModel.swift */ = {isa = PBXFileReference; lastKnownFileType = sourcecode.swift; path = ConversationViewModel.swift; sourceTree = "<group>"; };
		7544392D2B3D2B620044A84B /* SettingsItemModel.swift */ = {isa = PBXFileReference; lastKnownFileType = sourcecode.swift; path = SettingsItemModel.swift; sourceTree = "<group>"; };
		7544392F2B3D2BDC0044A84B /* CollectionViewListHeader.swift */ = {isa = PBXFileReference; lastKnownFileType = sourcecode.swift; path = CollectionViewListHeader.swift; sourceTree = "<group>"; };
		754439522B3FCFF30044A84B /* ProfileEditingViewController.swift */ = {isa = PBXFileReference; lastKnownFileType = sourcecode.swift; path = ProfileEditingViewController.swift; sourceTree = "<group>"; };
		754439542B4134150044A84B /* ProfileEditingViewModel.swift */ = {isa = PBXFileReference; lastKnownFileType = sourcecode.swift; path = ProfileEditingViewModel.swift; sourceTree = "<group>"; };
		755A3F7A2AD0689500739861 /* ChatsTableViewDataSource.swift */ = {isa = PBXFileReference; lastKnownFileType = sourcecode.swift; path = ChatsTableViewDataSource.swift; sourceTree = "<group>"; };
		755A3F7C2AD068F900739861 /* ChatCellViewModel.swift */ = {isa = PBXFileReference; lastKnownFileType = sourcecode.swift; path = ChatCellViewModel.swift; sourceTree = "<group>"; };
		755A3F9F2AD2F2C100739861 /* Coordinator.swift */ = {isa = PBXFileReference; lastKnownFileType = sourcecode.swift; path = Coordinator.swift; sourceTree = "<group>"; };
		7563F87B2ADE25E6006FA374 /* ConversationViewDataSource.swift */ = {isa = PBXFileReference; lastKnownFileType = sourcecode.swift; path = ConversationViewDataSource.swift; sourceTree = "<group>"; };
		7563F87F2ADF6E31006FA374 /* FirestoreCollectionName.swift */ = {isa = PBXFileReference; lastKnownFileType = sourcecode.swift; path = FirestoreCollectionName.swift; sourceTree = "<group>"; };
		7563F8C12AE8D26F006FA374 /* UILabel+Extensions.swift */ = {isa = PBXFileReference; lastKnownFileType = sourcecode.swift; path = "UILabel+Extensions.swift"; sourceTree = "<group>"; };
		7563F8C32AE8D2D1006FA374 /* String+Extensions.swift */ = {isa = PBXFileReference; lastKnownFileType = sourcecode.swift; path = "String+Extensions.swift"; sourceTree = "<group>"; };
		756525C12A7E8240005DC594 /* AuthenticationManager.swift */ = {isa = PBXFileReference; lastKnownFileType = sourcecode.swift; path = AuthenticationManager.swift; sourceTree = "<group>"; };
		756525C62A7FE49E005DC594 /* ChatsViewController.swift */ = {isa = PBXFileReference; lastKnownFileType = sourcecode.swift; path = ChatsViewController.swift; sourceTree = "<group>"; };
		756525C92A8127F5005DC594 /* Observable.swift */ = {isa = PBXFileReference; lastKnownFileType = sourcecode.swift; path = Observable.swift; sourceTree = "<group>"; };
		756525CB2A9E8EBD005DC594 /* SettingsViewController.swift */ = {isa = PBXFileReference; lastKnownFileType = sourcecode.swift; path = SettingsViewController.swift; sourceTree = "<group>"; };
		756525CD2A9F96AB005DC594 /* TabBarViewController.swift */ = {isa = PBXFileReference; lastKnownFileType = sourcecode.swift; path = TabBarViewController.swift; sourceTree = "<group>"; };
		756525D12AAA147A005DC594 /* ChatsCell.swift */ = {isa = PBXFileReference; lastKnownFileType = sourcecode.swift; path = ChatsCell.swift; sourceTree = "<group>"; };
		756525D42AB50079005DC594 /* FirestoreUserService.swift */ = {isa = PBXFileReference; lastKnownFileType = sourcecode.swift; path = FirestoreUserService.swift; sourceTree = "<group>"; };
		756525D62AB65427005DC594 /* UsernameRegistrationViewController.swift */ = {isa = PBXFileReference; lastKnownFileType = sourcecode.swift; path = UsernameRegistrationViewController.swift; sourceTree = "<group>"; };
		756891B32B6549E500DC7D71 /* ResultsCellViewModel.swift */ = {isa = PBXFileReference; lastKnownFileType = sourcecode.swift; path = ResultsCellViewModel.swift; sourceTree = "<group>"; };
		757033A42BC2D8C4002732B5 /* TextViewShadowConfigurable.swift */ = {isa = PBXFileReference; lastKnownFileType = sourcecode.swift; path = TextViewShadowConfigurable.swift; sourceTree = "<group>"; };
		7573E5C22B5BD4500096B4E6 /* ProfileDeletionViewController.swift */ = {isa = PBXFileReference; lastKnownFileType = sourcecode.swift; path = ProfileDeletionViewController.swift; sourceTree = "<group>"; };
		7573E5C42B5E898C0096B4E6 /* ProfileDeletionViewModel.swift */ = {isa = PBXFileReference; lastKnownFileType = sourcecode.swift; path = ProfileDeletionViewModel.swift; sourceTree = "<group>"; };
		757900752BF1768D00DE5A2F /* ConversationTableViewHeader.swift */ = {isa = PBXFileReference; lastKnownFileType = sourcecode.swift; path = ConversationTableViewHeader.swift; sourceTree = "<group>"; };
		7587CE1A2C77DA7D002D60CE /* Query+Extensions.swift */ = {isa = PBXFileReference; lastKnownFileType = sourcecode.swift; path = "Query+Extensions.swift"; sourceTree = "<group>"; };
		7587CE1D2C781425002D60CE /* RealmDBManager.swift */ = {isa = PBXFileReference; lastKnownFileType = sourcecode.swift; path = RealmDBManager.swift; sourceTree = "<group>"; };
		759BBFC52AFD5C3A00D7E9A0 /* ResultsTableCell.swift */ = {isa = PBXFileReference; lastKnownFileType = sourcecode.swift; path = ResultsTableCell.swift; sourceTree = "<group>"; };
		75A9184A2C942E15006ED4CA /* CacheManager.swift */ = {isa = PBXFileReference; lastKnownFileType = sourcecode.swift; path = CacheManager.swift; sourceTree = "<group>"; };
		75B48B562AF6837700A5FBFC /* ConversationRootView.swift */ = {isa = PBXFileReference; lastKnownFileType = sourcecode.swift; path = ConversationRootView.swift; sourceTree = "<group>"; };
		75B48B582AFB2C4000A5FBFC /* ResultsTableController.swift */ = {isa = PBXFileReference; lastKnownFileType = sourcecode.swift; path = ResultsTableController.swift; sourceTree = "<group>"; };
		75B5C4B62A49AB0A00F63A5A /* ChatUpp.app */ = {isa = PBXFileReference; explicitFileType = wrapper.application; includeInIndex = 0; path = ChatUpp.app; sourceTree = BUILT_PRODUCTS_DIR; };
		75B5C4B92A49AB0A00F63A5A /* AppDelegate.swift */ = {isa = PBXFileReference; lastKnownFileType = sourcecode.swift; path = AppDelegate.swift; sourceTree = "<group>"; };
		75B5C4BB2A49AB0A00F63A5A /* SceneDelegate.swift */ = {isa = PBXFileReference; lastKnownFileType = sourcecode.swift; path = SceneDelegate.swift; sourceTree = "<group>"; };
		75B5C4BD2A49AB0A00F63A5A /* LoginViewController.swift */ = {isa = PBXFileReference; lastKnownFileType = sourcecode.swift; path = LoginViewController.swift; sourceTree = "<group>"; };
		75B5C4C22A49AB0B00F63A5A /* Assets.xcassets */ = {isa = PBXFileReference; lastKnownFileType = folder.assetcatalog; path = Assets.xcassets; sourceTree = "<group>"; };
		75B5C4C52A49AB0B00F63A5A /* Base */ = {isa = PBXFileReference; lastKnownFileType = file.storyboard; name = Base; path = Base.lproj/LaunchScreen.storyboard; sourceTree = "<group>"; };
		75B5C4C72A49AB0B00F63A5A /* Info.plist */ = {isa = PBXFileReference; lastKnownFileType = text.plist.xml; path = Info.plist; sourceTree = "<group>"; };
		75BF5F032BB8E1EA00AE6C45 /* GoogleService-Info.plist */ = {isa = PBXFileReference; fileEncoding = 4; lastKnownFileType = text.plist.xml; path = "GoogleService-Info.plist"; sourceTree = "<group>"; };
		75C7B29E2A4DBF8000C41E69 /* EmailSignUpViewController.swift */ = {isa = PBXFileReference; lastKnownFileType = sourcecode.swift; path = EmailSignUpViewController.swift; sourceTree = "<group>"; };
		75CB52172B0BF064007F3AB6 /* FirebaseStorageManager.swift */ = {isa = PBXFileReference; lastKnownFileType = sourcecode.swift; path = FirebaseStorageManager.swift; sourceTree = "<group>"; };
		75D08B962BEFDC9E000AE1B5 /* YYText.xcodeproj */ = {isa = PBXFileReference; lastKnownFileType = "wrapper.pb-project"; name = YYText.xcodeproj; path = YYText/Framework/YYText.xcodeproj; sourceTree = "<group>"; };
		75D08BA32BEFDCF4000AE1B5 /* FlagPhoneNumber.xcodeproj */ = {isa = PBXFileReference; lastKnownFileType = "wrapper.pb-project"; name = FlagPhoneNumber.xcodeproj; path = FlagPhoneNumber/FlagPhoneNumber.xcodeproj; sourceTree = "<group>"; };
		75D6DC322B0D735100D2CD26 /* ConversationCellViewModel.swift */ = {isa = PBXFileReference; lastKnownFileType = sourcecode.swift; path = ConversationCellViewModel.swift; sourceTree = "<group>"; };
		75D6DC342B128A4100D2CD26 /* UIImage+Extension.swift */ = {isa = PBXFileReference; lastKnownFileType = sourcecode.swift; path = "UIImage+Extension.swift"; sourceTree = "<group>"; };
		75D7C5942AD72DBC00F6D4B9 /* ConversationTableViewCell.swift */ = {isa = PBXFileReference; lastKnownFileType = sourcecode.swift; path = ConversationTableViewCell.swift; sourceTree = "<group>"; };
		75D7C5CB2ADAD40600F6D4B9 /* CGFloat+Extension.swift */ = {isa = PBXFileReference; lastKnownFileType = sourcecode.swift; path = "CGFloat+Extension.swift"; sourceTree = "<group>"; };
		75D7C5CF2ADD9C3300F6D4B9 /* Date+Extensions.swift */ = {isa = PBXFileReference; lastKnownFileType = sourcecode.swift; path = "Date+Extensions.swift"; sourceTree = "<group>"; };
		75DD0AEC2B17D3D0005DBADE /* PhoneCodeVerificationViewController.swift */ = {isa = PBXFileReference; lastKnownFileType = sourcecode.swift; path = PhoneCodeVerificationViewController.swift; sourceTree = "<group>"; };
		75DD0AEF2B22175D005DBADE /* MailSignInViewController.swift */ = {isa = PBXFileReference; lastKnownFileType = sourcecode.swift; path = MailSignInViewController.swift; sourceTree = "<group>"; };
		75E054272B04290100828B9D /* AlgoliaSearchManager.swift */ = {isa = PBXFileReference; lastKnownFileType = sourcecode.swift; path = AlgoliaSearchManager.swift; sourceTree = "<group>"; };
		75E2F2F02C3C17BE0058DC88 /* RealtimeUserService.swift */ = {isa = PBXFileReference; lastKnownFileType = sourcecode.swift; path = RealtimeUserService.swift; sourceTree = "<group>"; };
		75F608832BEC2F560065DA83 /* ConversationTextViewDelegate.swift */ = {isa = PBXFileReference; lastKnownFileType = sourcecode.swift; path = ConversationTextViewDelegate.swift; sourceTree = "<group>"; };
		75F608852BEC33400065DA83 /* InputBarHeaderView.swift */ = {isa = PBXFileReference; lastKnownFileType = sourcecode.swift; path = InputBarHeaderView.swift; sourceTree = "<group>"; };
		75FB78EF2AC2F40A00C2743A /* SignInGoogleHelper.swift */ = {isa = PBXFileReference; lastKnownFileType = sourcecode.swift; path = SignInGoogleHelper.swift; sourceTree = "<group>"; };
		75FB78F12AC3106700C2743A /* LoginViewModel.swift */ = {isa = PBXFileReference; lastKnownFileType = sourcecode.swift; path = LoginViewModel.swift; sourceTree = "<group>"; };
		75FB78F32AC310AA00C2743A /* SignUpViewModel.swift */ = {isa = PBXFileReference; lastKnownFileType = sourcecode.swift; path = SignUpViewModel.swift; sourceTree = "<group>"; };
		75FB78F52AC3113700C2743A /* UsernameRegistrationViewModel.swift */ = {isa = PBXFileReference; lastKnownFileType = sourcecode.swift; path = UsernameRegistrationViewModel.swift; sourceTree = "<group>"; };
		75FB78F72AC311D000C2743A /* ChatsViewModel.swift */ = {isa = PBXFileReference; lastKnownFileType = sourcecode.swift; path = ChatsViewModel.swift; sourceTree = "<group>"; };
		75FB78FA2AC3164000C2743A /* SettingsViewModel.swift */ = {isa = PBXFileReference; lastKnownFileType = sourcecode.swift; path = SettingsViewModel.swift; sourceTree = "<group>"; };
		75FB79002AC318D600C2743A /* UIView+Extensions.swift */ = {isa = PBXFileReference; lastKnownFileType = sourcecode.swift; path = "UIView+Extensions.swift"; sourceTree = "<group>"; };
		75FD74832CC03B0B0012DC35 /* Array+Extensions.swift */ = {isa = PBXFileReference; lastKnownFileType = sourcecode.swift; path = "Array+Extensions.swift"; sourceTree = "<group>"; };
/* End PBXFileReference section */

/* Begin PBXFrameworksBuildPhase section */
		75B5C4B32A49AB0A00F63A5A /* Frameworks */ = {
			isa = PBXFrameworksBuildPhase;
			buildActionMask = 2147483647;
			files = (
				757AB0FE2BB9D81B00A64DA4 /* GoogleSignInSwift in Frameworks */,
				757AB0E62BB9D70D00A64DA4 /* FirebaseDatabaseSwift in Frameworks */,
				757AB0E42BB9D70D00A64DA4 /* FirebaseDatabase in Frameworks */,
				750F26762C38922500378BC7 /* Alamofire in Frameworks */,
				757AB0E02BB9D70C00A64DA4 /* FirebaseAuth in Frameworks */,
				757AB0F02BB9D70D00A64DA4 /* FirebaseFunctions in Frameworks */,
				757AB0E22BB9D70C00A64DA4 /* FirebaseAuthCombine-Community in Frameworks */,
				757AB0F92BB9D7DD00A64DA4 /* AlgoliaSearchClient in Frameworks */,
				7587CE222C7CC403002D60CE /* RealmSwift in Frameworks */,
				757AB0E82BB9D70D00A64DA4 /* FirebaseDynamicLinks in Frameworks */,
				75D08BA92BEFDCFD000AE1B5 /* FlagPhoneNumber.framework in Frameworks */,
				757AB0EA2BB9D70D00A64DA4 /* FirebaseFirestore in Frameworks */,
				757AB0EC2BB9D70D00A64DA4 /* FirebaseFirestoreCombine-Community in Frameworks */,
				757AB0F42BB9D70D00A64DA4 /* FirebaseStorage in Frameworks */,
				757AB0EE2BB9D70D00A64DA4 /* FirebaseFirestoreSwift in Frameworks */,
				75D08B9C2BEFDCB1000AE1B5 /* YYText.framework in Frameworks */,
				757AB1012BB9D85100A64DA4 /* SkeletonView in Frameworks */,
				757AB0F62BB9D70D00A64DA4 /* FirebaseStorageCombine-Community in Frameworks */,
				757AB0F22BB9D70D00A64DA4 /* FirebaseInstallations in Frameworks */,
				757AB0FC2BB9D81B00A64DA4 /* GoogleSignIn in Frameworks */,
			);
			runOnlyForDeploymentPostprocessing = 0;
		};
/* End PBXFrameworksBuildPhase section */

/* Begin PBXGroup section */
		75007AF02C5564CF006B1D6E /* Subviews */ = {
			isa = PBXGroup;
			children = (
				75B48B562AF6837700A5FBFC /* ConversationRootView.swift */,
				75F608852BEC33400065DA83 /* InputBarHeaderView.swift */,
			);
			path = Subviews;
			sourceTree = "<group>";
		};
		7533D9B92B167E7F0057EBC7 /* PhoneSignin */ = {
			isa = PBXGroup;
			children = (
				7533D9B72B1659210057EBC7 /* PhoneSignInViewController.swift */,
				7533D9BA2B167ED80057EBC7 /* PhoneSigninViewModel.swift */,
				75DD0AEC2B17D3D0005DBADE /* PhoneCodeVerificationViewController.swift */,
			);
			path = PhoneSignin;
			sourceTree = "<group>";
		};
		753D3FF32BEFC16200BA26A4 /* Frameworks */ = {
			isa = PBXGroup;
			children = (
				753D3FFA2BEFC23700BA26A4 /* FlagPhoneNumber.xcodeproj */,
				753D3FF42BEFC1DB00BA26A4 /* YYText.xcodeproj */,
			);
			path = Frameworks;
			sourceTree = "<group>";
		};
		7543BE312ACC879D003001BF /* Conversation */ = {
			isa = PBXGroup;
			children = (
				7543BE322ACC87CA003001BF /* ConversationViewController.swift */,
				7543BE342ACC87E1003001BF /* ConversationViewModel.swift */,
				75007AF02C5564CF006B1D6E /* Subviews */,
				75F608832BEC2F560065DA83 /* ConversationTextViewDelegate.swift */,
				7563F87D2ADE2C1A006FA374 /* ConversationTableView */,
			);
			path = Conversation;
			sourceTree = "<group>";
		};
		754439512B3FCFA80044A84B /* ProfileEditing */ = {
			isa = PBXGroup;
			children = (
				754439522B3FCFF30044A84B /* ProfileEditingViewController.swift */,
				754439542B4134150044A84B /* ProfileEditingViewModel.swift */,
			);
			path = ProfileEditing;
			sourceTree = "<group>";
		};
		754E56062BBA158E008F8E8A /* Frameworks */ = {
			isa = PBXGroup;
			children = (
				75D08BA32BEFDCF4000AE1B5 /* FlagPhoneNumber.xcodeproj */,
				75D08B962BEFDC9E000AE1B5 /* YYText.xcodeproj */,
			);
			name = Frameworks;
			sourceTree = "<group>";
		};
		755A3F9E2AD2F2A700739861 /* Coordinator */ = {
			isa = PBXGroup;
			children = (
				755A3F9F2AD2F2C100739861 /* Coordinator.swift */,
			);
			path = Coordinator;
			sourceTree = "<group>";
		};
		7563F87D2ADE2C1A006FA374 /* ConversationTableView */ = {
			isa = PBXGroup;
			children = (
				75D7C5942AD72DBC00F6D4B9 /* ConversationTableViewCell.swift */,
				7563F87B2ADE25E6006FA374 /* ConversationViewDataSource.swift */,
				75D6DC322B0D735100D2CD26 /* ConversationCellViewModel.swift */,
				757900752BF1768D00DE5A2F /* ConversationTableViewHeader.swift */,
			);
			path = ConversationTableView;
			sourceTree = "<group>";
		};
		756525C02A7E821C005DC594 /* Authentication */ = {
			isa = PBXGroup;
			children = (
				756525C12A7E8240005DC594 /* AuthenticationManager.swift */,
				75FB78EF2AC2F40A00C2743A /* SignInGoogleHelper.swift */,
			);
			path = Authentication;
			sourceTree = "<group>";
		};
		756525C32A7FDAEA005DC594 /* Login */ = {
			isa = PBXGroup;
			children = (
				75B5C4BD2A49AB0A00F63A5A /* LoginViewController.swift */,
				75FB78F12AC3106700C2743A /* LoginViewModel.swift */,
				7533D9B92B167E7F0057EBC7 /* PhoneSignin */,
				75DD0AEE2B221715005DBADE /* MailSignin */,
			);
			path = Login;
			sourceTree = "<group>";
		};
		756525C42A7FDB1F005DC594 /* Registration */ = {
			isa = PBXGroup;
			children = (
				75FB79032AC31E4800C2743A /* SignupEmail */,
				75FB79042AC31EEB00C2743A /* UsernameRegistration */,
			);
			path = Registration;
			sourceTree = "<group>";
		};
		756525C82A8127CC005DC594 /* Utilities */ = {
			isa = PBXGroup;
			children = (
				7586807A2AC3239E009C16D3 /* CredentialsValidator */,
				756525C92A8127F5005DC594 /* Observable.swift */,
				753D0B682AC1FA6100C22AC4 /* Utilities.swift */,
			);
			path = Utilities;
			sourceTree = "<group>";
		};
		756525D32AB50035005DC594 /* Firestore database */ = {
			isa = PBXGroup;
			children = (
				756525D42AB50079005DC594 /* FirestoreUserService.swift */,
				7543BE292ACB0EDA003001BF /* FirebaseChatService.swift */,
				7563F87F2ADF6E31006FA374 /* FirestoreCollectionName.swift */,
			);
			path = "Firestore database";
			sourceTree = "<group>";
		};
		757033A32BC2D829002732B5 /* Protocols */ = {
			isa = PBXGroup;
			children = (
				757033A42BC2D8C4002732B5 /* TextViewShadowConfigurable.swift */,
			);
			path = Protocols;
			sourceTree = "<group>";
		};
		7573E5C12B5BD41A0096B4E6 /* ProfileDeletion */ = {
			isa = PBXGroup;
			children = (
				7573E5C22B5BD4500096B4E6 /* ProfileDeletionViewController.swift */,
				7573E5C42B5E898C0096B4E6 /* ProfileDeletionViewModel.swift */,
			);
			path = ProfileDeletion;
			sourceTree = "<group>";
		};
		7586807A2AC3239E009C16D3 /* CredentialsValidator */ = {
			isa = PBXGroup;
			children = (
				7541615B2ABDDABC007CF0FA /* EmailCredentialsValidator.swift */,
			);
			path = CredentialsValidator;
			sourceTree = "<group>";
		};
		7587CE1C2C781330002D60CE /* Realm database */ = {
			isa = PBXGroup;
			children = (
				7587CE1D2C781425002D60CE /* RealmDBManager.swift */,
			);
			path = "Realm database";
			sourceTree = "<group>";
		};
		7587CE1F2C78176E002D60CE /* Database models */ = {
			isa = PBXGroup;
			children = (
				7543BE2B2ACC864A003001BF /* UserModel.swift */,
				7543BE2D2ACC868B003001BF /* ChatModel.swift */,
				7543BE2F2ACC86AE003001BF /* MessageModel.swift */,
			);
			path = "Database models";
			sourceTree = "<group>";
		};
		759BBFC42AFD5BE900D7E9A0 /* ResultsTableView */ = {
			isa = PBXGroup;
			children = (
				75B48B582AFB2C4000A5FBFC /* ResultsTableController.swift */,
				759BBFC52AFD5C3A00D7E9A0 /* ResultsTableCell.swift */,
				756891B32B6549E500DC7D71 /* ResultsCellViewModel.swift */,
			);
			path = ResultsTableView;
			sourceTree = "<group>";
		};
		75A918492C942DEB006ED4CA /* Helpers */ = {
			isa = PBXGroup;
			children = (
				75A9184A2C942E15006ED4CA /* CacheManager.swift */,
			);
			name = Helpers;
			sourceTree = "<group>";
		};
		75B5C4AD2A49AB0A00F63A5A = {
			isa = PBXGroup;
			children = (
				75B5C4B82A49AB0A00F63A5A /* ChatUpp */,
				753D3FF32BEFC16200BA26A4 /* Frameworks */,
				75B5C4B72A49AB0A00F63A5A /* Products */,
				754E56062BBA158E008F8E8A /* Frameworks */,
			);
			sourceTree = "<group>";
		};
		75B5C4B72A49AB0A00F63A5A /* Products */ = {
			isa = PBXGroup;
			children = (
				75B5C4B62A49AB0A00F63A5A /* ChatUpp.app */,
			);
			name = Products;
			sourceTree = "<group>";
		};
		75B5C4B82A49AB0A00F63A5A /* ChatUpp */ = {
			isa = PBXGroup;
			children = (
				75A918492C942DEB006ED4CA /* Helpers */,
				7587CE1F2C78176E002D60CE /* Database models */,
				756525D32AB50035005DC594 /* Firestore database */,
				75CB52192B0BF07D007F3AB6 /* Firebase storage */,
				75E2F2EF2C3C17620058DC88 /* Realtime database */,
				7587CE1C2C781330002D60CE /* Realm database */,
				757033A32BC2D829002732B5 /* Protocols */,
				75FB79022AC31AEA00C2743A /* Core */,
				75FB78FF2AC3188C00C2743A /* Extensions */,
				75E054262B0428E200828B9D /* AlgoliaSearch */,
				756525C02A7E821C005DC594 /* Authentication */,
				756525C82A8127CC005DC594 /* Utilities */,
				75B5C4CD2A49AB1500F63A5A /* Supporting files */,
				75B5C4C72A49AB0B00F63A5A /* Info.plist */,
				75BF5F032BB8E1EA00AE6C45 /* GoogleService-Info.plist */,
			);
			path = ChatUpp;
			sourceTree = "<group>";
		};
		75B5C4CD2A49AB1500F63A5A /* Supporting files */ = {
			isa = PBXGroup;
			children = (
				75B5C4C22A49AB0B00F63A5A /* Assets.xcassets */,
				75B5C4B92A49AB0A00F63A5A /* AppDelegate.swift */,
				75B5C4BB2A49AB0A00F63A5A /* SceneDelegate.swift */,
				75B5C4C42A49AB0B00F63A5A /* LaunchScreen.storyboard */,
			);
			path = "Supporting files";
			sourceTree = "<group>";
		};
		75CB52192B0BF07D007F3AB6 /* Firebase storage */ = {
			isa = PBXGroup;
			children = (
				75CB52172B0BF064007F3AB6 /* FirebaseStorageManager.swift */,
			);
			path = "Firebase storage";
			sourceTree = "<group>";
		};
		75D08B912BEFDC8D000AE1B5 /* Products */ = {
			isa = PBXGroup;
			children = (
				75D08B952BEFDC8D000AE1B5 /* YYText.framework */,
			);
			name = Products;
			sourceTree = "<group>";
		};
		75D08B972BEFDC9E000AE1B5 /* Products */ = {
			isa = PBXGroup;
			children = (
				75D08B9B2BEFDC9E000AE1B5 /* YYText.framework */,
			);
			name = Products;
			sourceTree = "<group>";
		};
		75D08B9E2BEFDCE9000AE1B5 /* Products */ = {
			isa = PBXGroup;
			children = (
				75D08BA22BEFDCE9000AE1B5 /* FlagPhoneNumber.framework */,
			);
			name = Products;
			sourceTree = "<group>";
		};
		75D08BA42BEFDCF4000AE1B5 /* Products */ = {
			isa = PBXGroup;
			children = (
				75D08BA82BEFDCF4000AE1B5 /* FlagPhoneNumber.framework */,
			);
			name = Products;
			sourceTree = "<group>";
		};
		75D7C5722AD5C15000F6D4B9 /* ChatCell */ = {
			isa = PBXGroup;
			children = (
				756525D12AAA147A005DC594 /* ChatsCell.swift */,
				755A3F7C2AD068F900739861 /* ChatCellViewModel.swift */,
			);
			path = ChatCell;
			sourceTree = "<group>";
		};
		75D7C5732AD5C1A300F6D4B9 /* ChatTableView */ = {
			isa = PBXGroup;
			children = (
				755A3F7A2AD0689500739861 /* ChatsTableViewDataSource.swift */,
				75D7C5722AD5C15000F6D4B9 /* ChatCell */,
			);
			path = ChatTableView;
			sourceTree = "<group>";
		};
		75DD0AEE2B221715005DBADE /* MailSignin */ = {
			isa = PBXGroup;
			children = (
				75DD0AEF2B22175D005DBADE /* MailSignInViewController.swift */,
			);
			path = MailSignin;
			sourceTree = "<group>";
		};
		75E054262B0428E200828B9D /* AlgoliaSearch */ = {
			isa = PBXGroup;
			children = (
				75E054272B04290100828B9D /* AlgoliaSearchManager.swift */,
			);
			path = AlgoliaSearch;
			sourceTree = "<group>";
		};
		75E2F2EF2C3C17620058DC88 /* Realtime database */ = {
			isa = PBXGroup;
			children = (
				75E2F2F02C3C17BE0058DC88 /* RealtimeUserService.swift */,
			);
			path = "Realtime database";
			sourceTree = "<group>";
		};
		75FB78F92AC315D200C2743A /* Tabbar */ = {
			isa = PBXGroup;
			children = (
				756525CD2A9F96AB005DC594 /* TabBarViewController.swift */,
			);
			path = Tabbar;
			sourceTree = "<group>";
		};
		75FB78FD2AC3165F00C2743A /* Settings */ = {
			isa = PBXGroup;
			children = (
				7573E5C12B5BD41A0096B4E6 /* ProfileDeletion */,
				754439512B3FCFA80044A84B /* ProfileEditing */,
				756525CB2A9E8EBD005DC594 /* SettingsViewController.swift */,
				75FB78FA2AC3164000C2743A /* SettingsViewModel.swift */,
				7544392D2B3D2B620044A84B /* SettingsItemModel.swift */,
				7544392F2B3D2BDC0044A84B /* CollectionViewListHeader.swift */,
			);
			path = Settings;
			sourceTree = "<group>";
		};
		75FB78FE2AC3169100C2743A /* Chats */ = {
			isa = PBXGroup;
			children = (
				756525C62A7FE49E005DC594 /* ChatsViewController.swift */,
				75FB78F72AC311D000C2743A /* ChatsViewModel.swift */,
				759BBFC42AFD5BE900D7E9A0 /* ResultsTableView */,
				75D7C5732AD5C1A300F6D4B9 /* ChatTableView */,
				7543BE312ACC879D003001BF /* Conversation */,
			);
			path = Chats;
			sourceTree = "<group>";
		};
		75FB78FF2AC3188C00C2743A /* Extensions */ = {
			isa = PBXGroup;
			children = (
				75FB79002AC318D600C2743A /* UIView+Extensions.swift */,
				75D7C5CB2ADAD40600F6D4B9 /* CGFloat+Extension.swift */,
				75D7C5CF2ADD9C3300F6D4B9 /* Date+Extensions.swift */,
				7563F8C12AE8D26F006FA374 /* UILabel+Extensions.swift */,
				7563F8C32AE8D2D1006FA374 /* String+Extensions.swift */,
				75D6DC342B128A4100D2CD26 /* UIImage+Extension.swift */,
				753185E82C22123300C4F9F4 /* UIButton + extensions.swift */,
				753186122C26F8B900C4F9F4 /* UITextView+Extensions.swift */,
				7587CE1A2C77DA7D002D60CE /* Query+Extensions.swift */,
				75FD74832CC03B0B0012DC35 /* Array+Extensions.swift */,
			);
			path = Extensions;
			sourceTree = "<group>";
		};
		75FB79022AC31AEA00C2743A /* Core */ = {
			isa = PBXGroup;
			children = (
				755A3F9E2AD2F2A700739861 /* Coordinator */,
				75FB78FE2AC3169100C2743A /* Chats */,
				756525C32A7FDAEA005DC594 /* Login */,
				756525C42A7FDB1F005DC594 /* Registration */,
				75FB78F92AC315D200C2743A /* Tabbar */,
				75FB78FD2AC3165F00C2743A /* Settings */,
			);
			path = Core;
			sourceTree = "<group>";
		};
		75FB79032AC31E4800C2743A /* SignupEmail */ = {
			isa = PBXGroup;
			children = (
				75C7B29E2A4DBF8000C41E69 /* EmailSignUpViewController.swift */,
				75FB78F32AC310AA00C2743A /* SignUpViewModel.swift */,
			);
			path = SignupEmail;
			sourceTree = "<group>";
		};
		75FB79042AC31EEB00C2743A /* UsernameRegistration */ = {
			isa = PBXGroup;
			children = (
				756525D62AB65427005DC594 /* UsernameRegistrationViewController.swift */,
				75FB78F52AC3113700C2743A /* UsernameRegistrationViewModel.swift */,
			);
			path = UsernameRegistration;
			sourceTree = "<group>";
		};
/* End PBXGroup section */

/* Begin PBXNativeTarget section */
		75B5C4B52A49AB0A00F63A5A /* ChatUpp */ = {
			isa = PBXNativeTarget;
			buildConfigurationList = 75B5C4CA2A49AB0B00F63A5A /* Build configuration list for PBXNativeTarget "ChatUpp" */;
			buildPhases = (
				75B5C4B22A49AB0A00F63A5A /* Sources */,
				75B5C4B32A49AB0A00F63A5A /* Frameworks */,
				75B5C4B42A49AB0A00F63A5A /* Resources */,
				7545AD922BB9E65B00E9B107 /* Embed Frameworks */,
			);
			buildRules = (
			);
			dependencies = (
			);
			name = ChatUpp;
			packageProductDependencies = (
				757AB0DF2BB9D70C00A64DA4 /* FirebaseAuth */,
				757AB0E12BB9D70C00A64DA4 /* FirebaseAuthCombine-Community */,
				757AB0E32BB9D70D00A64DA4 /* FirebaseDatabase */,
				757AB0E52BB9D70D00A64DA4 /* FirebaseDatabaseSwift */,
				757AB0E72BB9D70D00A64DA4 /* FirebaseDynamicLinks */,
				757AB0E92BB9D70D00A64DA4 /* FirebaseFirestore */,
				757AB0EB2BB9D70D00A64DA4 /* FirebaseFirestoreCombine-Community */,
				757AB0ED2BB9D70D00A64DA4 /* FirebaseFirestoreSwift */,
				757AB0EF2BB9D70D00A64DA4 /* FirebaseFunctions */,
				757AB0F12BB9D70D00A64DA4 /* FirebaseInstallations */,
				757AB0F32BB9D70D00A64DA4 /* FirebaseStorage */,
				757AB0F52BB9D70D00A64DA4 /* FirebaseStorageCombine-Community */,
				757AB0F82BB9D7DD00A64DA4 /* AlgoliaSearchClient */,
				757AB0FB2BB9D81B00A64DA4 /* GoogleSignIn */,
				757AB0FD2BB9D81B00A64DA4 /* GoogleSignInSwift */,
				757AB1002BB9D85100A64DA4 /* SkeletonView */,
				750F26752C38922500378BC7 /* Alamofire */,
				7587CE212C7CC403002D60CE /* RealmSwift */,
			);
			productName = ChatUpp;
			productReference = 75B5C4B62A49AB0A00F63A5A /* ChatUpp.app */;
			productType = "com.apple.product-type.application";
		};
/* End PBXNativeTarget section */

/* Begin PBXProject section */
		75B5C4AE2A49AB0A00F63A5A /* Project object */ = {
			isa = PBXProject;
			attributes = {
				BuildIndependentTargetsInParallel = 1;
				LastSwiftUpdateCheck = 1420;
				LastUpgradeCheck = 1420;
				TargetAttributes = {
					75B5C4B52A49AB0A00F63A5A = {
						CreatedOnToolsVersion = 14.2;
					};
				};
			};
			buildConfigurationList = 75B5C4B12A49AB0A00F63A5A /* Build configuration list for PBXProject "ChatUpp" */;
			compatibilityVersion = "Xcode 14.0";
			developmentRegion = en;
			hasScannedForEncodings = 0;
			knownRegions = (
				en,
				Base,
			);
			mainGroup = 75B5C4AD2A49AB0A00F63A5A;
			packageReferences = (
				757AB0DE2BB9D70C00A64DA4 /* XCRemoteSwiftPackageReference "firebase-ios-sdk" */,
				757AB0F72BB9D7DD00A64DA4 /* XCRemoteSwiftPackageReference "algoliasearch-client-swift" */,
				757AB0FA2BB9D81B00A64DA4 /* XCRemoteSwiftPackageReference "GoogleSignIn-iOS" */,
				757AB0FF2BB9D85100A64DA4 /* XCRemoteSwiftPackageReference "SkeletonView" */,
				750F26742C38922500378BC7 /* XCRemoteSwiftPackageReference "Alamofire" */,
				7587CE202C7CC403002D60CE /* XCRemoteSwiftPackageReference "realm-swift" */,
			);
			productRefGroup = 75B5C4B72A49AB0A00F63A5A /* Products */;
			projectDirPath = "";
			projectReferences = (
				{
					ProductGroup = 75D08BA42BEFDCF4000AE1B5 /* Products */;
					ProjectRef = 75D08BA32BEFDCF4000AE1B5 /* FlagPhoneNumber.xcodeproj */;
				},
				{
					ProductGroup = 75D08B9E2BEFDCE9000AE1B5 /* Products */;
					ProjectRef = 753D3FFA2BEFC23700BA26A4 /* FlagPhoneNumber.xcodeproj */;
				},
				{
					ProductGroup = 75D08B912BEFDC8D000AE1B5 /* Products */;
					ProjectRef = 753D3FF42BEFC1DB00BA26A4 /* YYText.xcodeproj */;
				},
				{
					ProductGroup = 75D08B972BEFDC9E000AE1B5 /* Products */;
					ProjectRef = 75D08B962BEFDC9E000AE1B5 /* YYText.xcodeproj */;
				},
			);
			projectRoot = "";
			targets = (
				75B5C4B52A49AB0A00F63A5A /* ChatUpp */,
			);
		};
/* End PBXProject section */

/* Begin PBXReferenceProxy section */
		75D08B952BEFDC8D000AE1B5 /* YYText.framework */ = {
			isa = PBXReferenceProxy;
			fileType = wrapper.framework;
			path = YYText.framework;
			remoteRef = 75D08B942BEFDC8D000AE1B5 /* PBXContainerItemProxy */;
			sourceTree = BUILT_PRODUCTS_DIR;
		};
		75D08B9B2BEFDC9E000AE1B5 /* YYText.framework */ = {
			isa = PBXReferenceProxy;
			fileType = wrapper.framework;
			path = YYText.framework;
			remoteRef = 75D08B9A2BEFDC9E000AE1B5 /* PBXContainerItemProxy */;
			sourceTree = BUILT_PRODUCTS_DIR;
		};
		75D08BA22BEFDCE9000AE1B5 /* FlagPhoneNumber.framework */ = {
			isa = PBXReferenceProxy;
			fileType = wrapper.framework;
			path = FlagPhoneNumber.framework;
			remoteRef = 75D08BA12BEFDCE9000AE1B5 /* PBXContainerItemProxy */;
			sourceTree = BUILT_PRODUCTS_DIR;
		};
		75D08BA82BEFDCF4000AE1B5 /* FlagPhoneNumber.framework */ = {
			isa = PBXReferenceProxy;
			fileType = wrapper.framework;
			path = FlagPhoneNumber.framework;
			remoteRef = 75D08BA72BEFDCF4000AE1B5 /* PBXContainerItemProxy */;
			sourceTree = BUILT_PRODUCTS_DIR;
		};
/* End PBXReferenceProxy section */

/* Begin PBXResourcesBuildPhase section */
		75B5C4B42A49AB0A00F63A5A /* Resources */ = {
			isa = PBXResourcesBuildPhase;
			buildActionMask = 2147483647;
			files = (
				75B5C4C62A49AB0B00F63A5A /* LaunchScreen.storyboard in Resources */,
				75B5C4C32A49AB0B00F63A5A /* Assets.xcassets in Resources */,
				75BF5F042BB8E1EA00AE6C45 /* GoogleService-Info.plist in Resources */,
			);
			runOnlyForDeploymentPostprocessing = 0;
		};
/* End PBXResourcesBuildPhase section */

/* Begin PBXSourcesBuildPhase section */
		75B5C4B22A49AB0A00F63A5A /* Sources */ = {
			isa = PBXSourcesBuildPhase;
			buildActionMask = 2147483647;
			files = (
				7543BE352ACC87E1003001BF /* ConversationViewModel.swift in Sources */,
				75E054282B04290100828B9D /* AlgoliaSearchManager.swift in Sources */,
				756891B42B6549E500DC7D71 /* ResultsCellViewModel.swift in Sources */,
				756525CA2A8127F5005DC594 /* Observable.swift in Sources */,
				756525C22A7E8240005DC594 /* AuthenticationManager.swift in Sources */,
				753186132C26F8B900C4F9F4 /* UITextView+Extensions.swift in Sources */,
				7563F8802ADF6E31006FA374 /* FirestoreCollectionName.swift in Sources */,
				755A3F7D2AD068F900739861 /* ChatCellViewModel.swift in Sources */,
				7543BE2A2ACB0EDA003001BF /* FirebaseChatService.swift in Sources */,
				75F608862BEC33400065DA83 /* InputBarHeaderView.swift in Sources */,
				756525D52AB50079005DC594 /* FirestoreUserService.swift in Sources */,
				75E2F2F12C3C17BE0058DC88 /* RealtimeUserService.swift in Sources */,
				75FB78F42AC310AA00C2743A /* SignUpViewModel.swift in Sources */,
				756525CE2A9F96AB005DC594 /* TabBarViewController.swift in Sources */,
				7543BE2C2ACC864A003001BF /* UserModel.swift in Sources */,
				753D0B692AC1FA6100C22AC4 /* Utilities.swift in Sources */,
				75D6DC332B0D735100D2CD26 /* ConversationCellViewModel.swift in Sources */,
				75B48B572AF6837700A5FBFC /* ConversationRootView.swift in Sources */,
				756525C72A7FE49E005DC594 /* ChatsViewController.swift in Sources */,
				7543BE2E2ACC868B003001BF /* ChatModel.swift in Sources */,
				75FB78F82AC311D000C2743A /* ChatsViewModel.swift in Sources */,
				755A3F7B2AD0689500739861 /* ChatsTableViewDataSource.swift in Sources */,
				757900762BF1768D00DE5A2F /* ConversationTableViewHeader.swift in Sources */,
				7587CE1B2C77DA7D002D60CE /* Query+Extensions.swift in Sources */,
				75FB78F22AC3106700C2743A /* LoginViewModel.swift in Sources */,
				75FD74842CC03B0B0012DC35 /* Array+Extensions.swift in Sources */,
				7543BE332ACC87CA003001BF /* ConversationViewController.swift in Sources */,
				75A9184B2C942E15006ED4CA /* CacheManager.swift in Sources */,
				75DD0AED2B17D3D0005DBADE /* PhoneCodeVerificationViewController.swift in Sources */,
				75F608842BEC2F560065DA83 /* ConversationTextViewDelegate.swift in Sources */,
				754439552B4134150044A84B /* ProfileEditingViewModel.swift in Sources */,
				75D7C5CC2ADAD40600F6D4B9 /* CGFloat+Extension.swift in Sources */,
				75B5C4BE2A49AB0A00F63A5A /* LoginViewController.swift in Sources */,
				759BBFC62AFD5C3A00D7E9A0 /* ResultsTableCell.swift in Sources */,
				75B48B592AFB2C4000A5FBFC /* ResultsTableController.swift in Sources */,
				7587CE1E2C781425002D60CE /* RealmDBManager.swift in Sources */,
				75B5C4BA2A49AB0A00F63A5A /* AppDelegate.swift in Sources */,
				7533D9BB2B167ED80057EBC7 /* PhoneSigninViewModel.swift in Sources */,
				7543BE302ACC86AE003001BF /* MessageModel.swift in Sources */,
				7573E5C32B5BD4500096B4E6 /* ProfileDeletionViewController.swift in Sources */,
				75FB79012AC318D600C2743A /* UIView+Extensions.swift in Sources */,
				75FB78F02AC2F40A00C2743A /* SignInGoogleHelper.swift in Sources */,
				75FB78F62AC3113700C2743A /* UsernameRegistrationViewModel.swift in Sources */,
				756525D72AB65427005DC594 /* UsernameRegistrationViewController.swift in Sources */,
				754439532B3FCFF30044A84B /* ProfileEditingViewController.swift in Sources */,
				757033A52BC2D8C4002732B5 /* TextViewShadowConfigurable.swift in Sources */,
				75D7C5D02ADD9C3300F6D4B9 /* Date+Extensions.swift in Sources */,
				75D6DC352B128A4100D2CD26 /* UIImage+Extension.swift in Sources */,
				755A3FA02AD2F2C100739861 /* Coordinator.swift in Sources */,
				75DD0AF02B22175D005DBADE /* MailSignInViewController.swift in Sources */,
				75CB52182B0BF064007F3AB6 /* FirebaseStorageManager.swift in Sources */,
				7544392E2B3D2B620044A84B /* SettingsItemModel.swift in Sources */,
				7533D9B82B1659210057EBC7 /* PhoneSignInViewController.swift in Sources */,
				7563F8C22AE8D26F006FA374 /* UILabel+Extensions.swift in Sources */,
				7573E5C52B5E898C0096B4E6 /* ProfileDeletionViewModel.swift in Sources */,
				7541615C2ABDDABC007CF0FA /* EmailCredentialsValidator.swift in Sources */,
				756525D22AAA147A005DC594 /* ChatsCell.swift in Sources */,
				75D7C5952AD72DBC00F6D4B9 /* ConversationTableViewCell.swift in Sources */,
				7563F8C42AE8D2D1006FA374 /* String+Extensions.swift in Sources */,
				75B5C4BC2A49AB0A00F63A5A /* SceneDelegate.swift in Sources */,
				75FB78FB2AC3164000C2743A /* SettingsViewModel.swift in Sources */,
				753185E92C22123300C4F9F4 /* UIButton + extensions.swift in Sources */,
				75C7B29F2A4DBF8000C41E69 /* EmailSignUpViewController.swift in Sources */,
				756525CC2A9E8EBD005DC594 /* SettingsViewController.swift in Sources */,
				7563F87C2ADE25E6006FA374 /* ConversationViewDataSource.swift in Sources */,
				754439302B3D2BDC0044A84B /* CollectionViewListHeader.swift in Sources */,
			);
			runOnlyForDeploymentPostprocessing = 0;
		};
/* End PBXSourcesBuildPhase section */

/* Begin PBXVariantGroup section */
		75B5C4C42A49AB0B00F63A5A /* LaunchScreen.storyboard */ = {
			isa = PBXVariantGroup;
			children = (
				75B5C4C52A49AB0B00F63A5A /* Base */,
			);
			name = LaunchScreen.storyboard;
			sourceTree = "<group>";
		};
/* End PBXVariantGroup section */

/* Begin XCBuildConfiguration section */
		75B5C4C82A49AB0B00F63A5A /* Debug */ = {
			isa = XCBuildConfiguration;
			buildSettings = {
				ALWAYS_SEARCH_USER_PATHS = NO;
				CLANG_ANALYZER_NONNULL = YES;
				CLANG_ANALYZER_NUMBER_OBJECT_CONVERSION = YES_AGGRESSIVE;
				CLANG_CXX_LANGUAGE_STANDARD = "gnu++20";
				CLANG_ENABLE_MODULES = YES;
				CLANG_ENABLE_OBJC_ARC = YES;
				CLANG_ENABLE_OBJC_WEAK = YES;
				CLANG_WARN_BLOCK_CAPTURE_AUTORELEASING = YES;
				CLANG_WARN_BOOL_CONVERSION = YES;
				CLANG_WARN_COMMA = YES;
				CLANG_WARN_CONSTANT_CONVERSION = YES;
				CLANG_WARN_DEPRECATED_OBJC_IMPLEMENTATIONS = YES;
				CLANG_WARN_DIRECT_OBJC_ISA_USAGE = YES_ERROR;
				CLANG_WARN_DOCUMENTATION_COMMENTS = YES;
				CLANG_WARN_EMPTY_BODY = YES;
				CLANG_WARN_ENUM_CONVERSION = YES;
				CLANG_WARN_INFINITE_RECURSION = YES;
				CLANG_WARN_INT_CONVERSION = YES;
				CLANG_WARN_NON_LITERAL_NULL_CONVERSION = YES;
				CLANG_WARN_OBJC_IMPLICIT_RETAIN_SELF = YES;
				CLANG_WARN_OBJC_LITERAL_CONVERSION = YES;
				CLANG_WARN_OBJC_ROOT_CLASS = YES_ERROR;
				CLANG_WARN_QUOTED_INCLUDE_IN_FRAMEWORK_HEADER = YES;
				CLANG_WARN_RANGE_LOOP_ANALYSIS = YES;
				CLANG_WARN_STRICT_PROTOTYPES = YES;
				CLANG_WARN_SUSPICIOUS_MOVE = YES;
				CLANG_WARN_UNGUARDED_AVAILABILITY = YES_AGGRESSIVE;
				CLANG_WARN_UNREACHABLE_CODE = YES;
				CLANG_WARN__DUPLICATE_METHOD_MATCH = YES;
				COPY_PHASE_STRIP = NO;
				DEBUG_INFORMATION_FORMAT = dwarf;
				ENABLE_STRICT_OBJC_MSGSEND = YES;
				ENABLE_TESTABILITY = YES;
				GCC_C_LANGUAGE_STANDARD = gnu11;
				GCC_DYNAMIC_NO_PIC = NO;
				GCC_NO_COMMON_BLOCKS = YES;
				GCC_OPTIMIZATION_LEVEL = 0;
				GCC_PREPROCESSOR_DEFINITIONS = (
					"DEBUG=1",
					"$(inherited)",
				);
				GCC_WARN_64_TO_32_BIT_CONVERSION = YES;
				GCC_WARN_ABOUT_RETURN_TYPE = YES_ERROR;
				GCC_WARN_UNDECLARED_SELECTOR = YES;
				GCC_WARN_UNINITIALIZED_AUTOS = YES_AGGRESSIVE;
				GCC_WARN_UNUSED_FUNCTION = YES;
				GCC_WARN_UNUSED_VARIABLE = YES;
				IPHONEOS_DEPLOYMENT_TARGET = 16.2;
				MTL_ENABLE_DEBUG_INFO = INCLUDE_SOURCE;
				MTL_FAST_MATH = YES;
				ONLY_ACTIVE_ARCH = YES;
				SDKROOT = iphoneos;
				SWIFT_ACTIVE_COMPILATION_CONDITIONS = DEBUG;
				SWIFT_OPTIMIZATION_LEVEL = "-Onone";
			};
			name = Debug;
		};
		75B5C4C92A49AB0B00F63A5A /* Release */ = {
			isa = XCBuildConfiguration;
			buildSettings = {
				ALWAYS_SEARCH_USER_PATHS = NO;
				CLANG_ANALYZER_NONNULL = YES;
				CLANG_ANALYZER_NUMBER_OBJECT_CONVERSION = YES_AGGRESSIVE;
				CLANG_CXX_LANGUAGE_STANDARD = "gnu++20";
				CLANG_ENABLE_MODULES = YES;
				CLANG_ENABLE_OBJC_ARC = YES;
				CLANG_ENABLE_OBJC_WEAK = YES;
				CLANG_WARN_BLOCK_CAPTURE_AUTORELEASING = YES;
				CLANG_WARN_BOOL_CONVERSION = YES;
				CLANG_WARN_COMMA = YES;
				CLANG_WARN_CONSTANT_CONVERSION = YES;
				CLANG_WARN_DEPRECATED_OBJC_IMPLEMENTATIONS = YES;
				CLANG_WARN_DIRECT_OBJC_ISA_USAGE = YES_ERROR;
				CLANG_WARN_DOCUMENTATION_COMMENTS = YES;
				CLANG_WARN_EMPTY_BODY = YES;
				CLANG_WARN_ENUM_CONVERSION = YES;
				CLANG_WARN_INFINITE_RECURSION = YES;
				CLANG_WARN_INT_CONVERSION = YES;
				CLANG_WARN_NON_LITERAL_NULL_CONVERSION = YES;
				CLANG_WARN_OBJC_IMPLICIT_RETAIN_SELF = YES;
				CLANG_WARN_OBJC_LITERAL_CONVERSION = YES;
				CLANG_WARN_OBJC_ROOT_CLASS = YES_ERROR;
				CLANG_WARN_QUOTED_INCLUDE_IN_FRAMEWORK_HEADER = YES;
				CLANG_WARN_RANGE_LOOP_ANALYSIS = YES;
				CLANG_WARN_STRICT_PROTOTYPES = YES;
				CLANG_WARN_SUSPICIOUS_MOVE = YES;
				CLANG_WARN_UNGUARDED_AVAILABILITY = YES_AGGRESSIVE;
				CLANG_WARN_UNREACHABLE_CODE = YES;
				CLANG_WARN__DUPLICATE_METHOD_MATCH = YES;
				COPY_PHASE_STRIP = NO;
				DEBUG_INFORMATION_FORMAT = "dwarf-with-dsym";
				ENABLE_NS_ASSERTIONS = NO;
				ENABLE_STRICT_OBJC_MSGSEND = YES;
				GCC_C_LANGUAGE_STANDARD = gnu11;
				GCC_NO_COMMON_BLOCKS = YES;
				GCC_WARN_64_TO_32_BIT_CONVERSION = YES;
				GCC_WARN_ABOUT_RETURN_TYPE = YES_ERROR;
				GCC_WARN_UNDECLARED_SELECTOR = YES;
				GCC_WARN_UNINITIALIZED_AUTOS = YES_AGGRESSIVE;
				GCC_WARN_UNUSED_FUNCTION = YES;
				GCC_WARN_UNUSED_VARIABLE = YES;
				IPHONEOS_DEPLOYMENT_TARGET = 16.2;
				MTL_ENABLE_DEBUG_INFO = NO;
				MTL_FAST_MATH = YES;
				SDKROOT = iphoneos;
				SWIFT_COMPILATION_MODE = wholemodule;
				SWIFT_OPTIMIZATION_LEVEL = "-O";
				VALIDATE_PRODUCT = YES;
			};
			name = Release;
		};
		75B5C4CB2A49AB0B00F63A5A /* Debug */ = {
			isa = XCBuildConfiguration;
			buildSettings = {
				ASSETCATALOG_COMPILER_APPICON_NAME = AppIcon;
				ASSETCATALOG_COMPILER_GLOBAL_ACCENT_COLOR_NAME = AccentColor;
				CODE_SIGN_STYLE = Automatic;
				CURRENT_PROJECT_VERSION = 1;
				DEVELOPMENT_TEAM = 8NY5358LMK;
				GENERATE_INFOPLIST_FILE = YES;
				INFOPLIST_FILE = ChatUpp/Info.plist;
				INFOPLIST_KEY_UIApplicationSupportsIndirectInputEvents = YES;
				INFOPLIST_KEY_UILaunchStoryboardName = LaunchScreen;
				INFOPLIST_KEY_UISupportedInterfaceOrientations = UIInterfaceOrientationPortrait;
				INFOPLIST_KEY_UISupportedInterfaceOrientations_iPad = "UIInterfaceOrientationPortrait UIInterfaceOrientationPortraitUpsideDown";
				LD_RUNPATH_SEARCH_PATHS = (
					"$(inherited)",
					"@executable_path/Frameworks",
				);
				MARKETING_VERSION = 1.0;
				PRODUCT_BUNDLE_IDENTIFIER = com.pripandreika.com.ChatUpp;
				PRODUCT_NAME = "$(TARGET_NAME)";
				SWIFT_EMIT_LOC_STRINGS = YES;
				SWIFT_VERSION = 5.0;
				TARGETED_DEVICE_FAMILY = "1,2";
			};
			name = Debug;
		};
		75B5C4CC2A49AB0B00F63A5A /* Release */ = {
			isa = XCBuildConfiguration;
			buildSettings = {
				ASSETCATALOG_COMPILER_APPICON_NAME = AppIcon;
				ASSETCATALOG_COMPILER_GLOBAL_ACCENT_COLOR_NAME = AccentColor;
				CODE_SIGN_STYLE = Automatic;
				CURRENT_PROJECT_VERSION = 1;
				DEVELOPMENT_TEAM = 8NY5358LMK;
				GENERATE_INFOPLIST_FILE = YES;
				INFOPLIST_FILE = ChatUpp/Info.plist;
				INFOPLIST_KEY_UIApplicationSupportsIndirectInputEvents = YES;
				INFOPLIST_KEY_UILaunchStoryboardName = LaunchScreen;
				INFOPLIST_KEY_UISupportedInterfaceOrientations = UIInterfaceOrientationPortrait;
				INFOPLIST_KEY_UISupportedInterfaceOrientations_iPad = "UIInterfaceOrientationPortrait UIInterfaceOrientationPortraitUpsideDown";
				LD_RUNPATH_SEARCH_PATHS = (
					"$(inherited)",
					"@executable_path/Frameworks",
				);
				MARKETING_VERSION = 1.0;
				PRODUCT_BUNDLE_IDENTIFIER = com.pripandreika.com.ChatUpp;
				PRODUCT_NAME = "$(TARGET_NAME)";
				SWIFT_EMIT_LOC_STRINGS = YES;
				SWIFT_VERSION = 5.0;
				TARGETED_DEVICE_FAMILY = "1,2";
			};
			name = Release;
		};
/* End XCBuildConfiguration section */

/* Begin XCConfigurationList section */
		75B5C4B12A49AB0A00F63A5A /* Build configuration list for PBXProject "ChatUpp" */ = {
			isa = XCConfigurationList;
			buildConfigurations = (
				75B5C4C82A49AB0B00F63A5A /* Debug */,
				75B5C4C92A49AB0B00F63A5A /* Release */,
			);
			defaultConfigurationIsVisible = 0;
			defaultConfigurationName = Release;
		};
		75B5C4CA2A49AB0B00F63A5A /* Build configuration list for PBXNativeTarget "ChatUpp" */ = {
			isa = XCConfigurationList;
			buildConfigurations = (
				75B5C4CB2A49AB0B00F63A5A /* Debug */,
				75B5C4CC2A49AB0B00F63A5A /* Release */,
			);
			defaultConfigurationIsVisible = 0;
			defaultConfigurationName = Release;
		};
/* End XCConfigurationList section */

/* Begin XCRemoteSwiftPackageReference section */
		750F26742C38922500378BC7 /* XCRemoteSwiftPackageReference "Alamofire" */ = {
			isa = XCRemoteSwiftPackageReference;
			repositoryURL = "https://github.com/Alamofire/Alamofire.git";
			requirement = {
				kind = exactVersion;
				version = 5.9.1;
			};
		};
		757AB0DE2BB9D70C00A64DA4 /* XCRemoteSwiftPackageReference "firebase-ios-sdk" */ = {
			isa = XCRemoteSwiftPackageReference;
			repositoryURL = "https://github.com/firebase/firebase-ios-sdk.git";
			requirement = {
				kind = exactVersion;
				version = 10.23.0;
			};
		};
		757AB0F72BB9D7DD00A64DA4 /* XCRemoteSwiftPackageReference "algoliasearch-client-swift" */ = {
			isa = XCRemoteSwiftPackageReference;
			repositoryURL = "https://github.com/algolia/algoliasearch-client-swift.git";
			requirement = {
				kind = exactVersion;
				version = 8.20.1;
			};
		};
		757AB0FA2BB9D81B00A64DA4 /* XCRemoteSwiftPackageReference "GoogleSignIn-iOS" */ = {
			isa = XCRemoteSwiftPackageReference;
			repositoryURL = "https://github.com/google/GoogleSignIn-iOS.git";
			requirement = {
				kind = exactVersion;
				version = 7.1.0;
			};
		};
		757AB0FF2BB9D85100A64DA4 /* XCRemoteSwiftPackageReference "SkeletonView" */ = {
			isa = XCRemoteSwiftPackageReference;
			repositoryURL = "https://github.com/Juanpe/SkeletonView.git";
			requirement = {
				kind = exactVersion;
				version = 1.30.4;
			};
		};
		7587CE202C7CC403002D60CE /* XCRemoteSwiftPackageReference "realm-swift" */ = {
			isa = XCRemoteSwiftPackageReference;
			repositoryURL = "https://github.com/realm/realm-swift.git";
			requirement = {
				branch = master;
				kind = branch;
			};
		};
/* End XCRemoteSwiftPackageReference section */

/* Begin XCSwiftPackageProductDependency section */
		750F26752C38922500378BC7 /* Alamofire */ = {
			isa = XCSwiftPackageProductDependency;
			package = 750F26742C38922500378BC7 /* XCRemoteSwiftPackageReference "Alamofire" */;
			productName = Alamofire;
		};
		757AB0DF2BB9D70C00A64DA4 /* FirebaseAuth */ = {
			isa = XCSwiftPackageProductDependency;
			package = 757AB0DE2BB9D70C00A64DA4 /* XCRemoteSwiftPackageReference "firebase-ios-sdk" */;
			productName = FirebaseAuth;
		};
		757AB0E12BB9D70C00A64DA4 /* FirebaseAuthCombine-Community */ = {
			isa = XCSwiftPackageProductDependency;
			package = 757AB0DE2BB9D70C00A64DA4 /* XCRemoteSwiftPackageReference "firebase-ios-sdk" */;
			productName = "FirebaseAuthCombine-Community";
		};
		757AB0E32BB9D70D00A64DA4 /* FirebaseDatabase */ = {
			isa = XCSwiftPackageProductDependency;
			package = 757AB0DE2BB9D70C00A64DA4 /* XCRemoteSwiftPackageReference "firebase-ios-sdk" */;
			productName = FirebaseDatabase;
		};
		757AB0E52BB9D70D00A64DA4 /* FirebaseDatabaseSwift */ = {
			isa = XCSwiftPackageProductDependency;
			package = 757AB0DE2BB9D70C00A64DA4 /* XCRemoteSwiftPackageReference "firebase-ios-sdk" */;
			productName = FirebaseDatabaseSwift;
		};
		757AB0E72BB9D70D00A64DA4 /* FirebaseDynamicLinks */ = {
			isa = XCSwiftPackageProductDependency;
			package = 757AB0DE2BB9D70C00A64DA4 /* XCRemoteSwiftPackageReference "firebase-ios-sdk" */;
			productName = FirebaseDynamicLinks;
		};
		757AB0E92BB9D70D00A64DA4 /* FirebaseFirestore */ = {
			isa = XCSwiftPackageProductDependency;
			package = 757AB0DE2BB9D70C00A64DA4 /* XCRemoteSwiftPackageReference "firebase-ios-sdk" */;
			productName = FirebaseFirestore;
		};
		757AB0EB2BB9D70D00A64DA4 /* FirebaseFirestoreCombine-Community */ = {
			isa = XCSwiftPackageProductDependency;
			package = 757AB0DE2BB9D70C00A64DA4 /* XCRemoteSwiftPackageReference "firebase-ios-sdk" */;
			productName = "FirebaseFirestoreCombine-Community";
		};
		757AB0ED2BB9D70D00A64DA4 /* FirebaseFirestoreSwift */ = {
			isa = XCSwiftPackageProductDependency;
			package = 757AB0DE2BB9D70C00A64DA4 /* XCRemoteSwiftPackageReference "firebase-ios-sdk" */;
			productName = FirebaseFirestoreSwift;
		};
		757AB0EF2BB9D70D00A64DA4 /* FirebaseFunctions */ = {
			isa = XCSwiftPackageProductDependency;
			package = 757AB0DE2BB9D70C00A64DA4 /* XCRemoteSwiftPackageReference "firebase-ios-sdk" */;
			productName = FirebaseFunctions;
		};
		757AB0F12BB9D70D00A64DA4 /* FirebaseInstallations */ = {
			isa = XCSwiftPackageProductDependency;
			package = 757AB0DE2BB9D70C00A64DA4 /* XCRemoteSwiftPackageReference "firebase-ios-sdk" */;
			productName = FirebaseInstallations;
		};
		757AB0F32BB9D70D00A64DA4 /* FirebaseStorage */ = {
			isa = XCSwiftPackageProductDependency;
			package = 757AB0DE2BB9D70C00A64DA4 /* XCRemoteSwiftPackageReference "firebase-ios-sdk" */;
			productName = FirebaseStorage;
		};
		757AB0F52BB9D70D00A64DA4 /* FirebaseStorageCombine-Community */ = {
			isa = XCSwiftPackageProductDependency;
			package = 757AB0DE2BB9D70C00A64DA4 /* XCRemoteSwiftPackageReference "firebase-ios-sdk" */;
			productName = "FirebaseStorageCombine-Community";
		};
		757AB0F82BB9D7DD00A64DA4 /* AlgoliaSearchClient */ = {
			isa = XCSwiftPackageProductDependency;
			package = 757AB0F72BB9D7DD00A64DA4 /* XCRemoteSwiftPackageReference "algoliasearch-client-swift" */;
			productName = AlgoliaSearchClient;
		};
		757AB0FB2BB9D81B00A64DA4 /* GoogleSignIn */ = {
			isa = XCSwiftPackageProductDependency;
			package = 757AB0FA2BB9D81B00A64DA4 /* XCRemoteSwiftPackageReference "GoogleSignIn-iOS" */;
			productName = GoogleSignIn;
		};
		757AB0FD2BB9D81B00A64DA4 /* GoogleSignInSwift */ = {
			isa = XCSwiftPackageProductDependency;
			package = 757AB0FA2BB9D81B00A64DA4 /* XCRemoteSwiftPackageReference "GoogleSignIn-iOS" */;
			productName = GoogleSignInSwift;
		};
		757AB1002BB9D85100A64DA4 /* SkeletonView */ = {
			isa = XCSwiftPackageProductDependency;
			package = 757AB0FF2BB9D85100A64DA4 /* XCRemoteSwiftPackageReference "SkeletonView" */;
			productName = SkeletonView;
		};
		7587CE212C7CC403002D60CE /* RealmSwift */ = {
			isa = XCSwiftPackageProductDependency;
			package = 7587CE202C7CC403002D60CE /* XCRemoteSwiftPackageReference "realm-swift" */;
			productName = RealmSwift;
		};
/* End XCSwiftPackageProductDependency section */
	};
	rootObject = 75B5C4AE2A49AB0A00F63A5A /* Project object */;
}
